<?xml version="1.0" encoding="utf-8"?>
<Project ToolsVersion="4.0" xmlns="http://schemas.microsoft.com/developer/msbuild/2003">
  <ItemGroup>
    <Filter Include="Archivos de origen">
      <UniqueIdentifier>{4FC737F1-C7A5-4376-A066-2A32D752A2FF}</UniqueIdentifier>
      <Extensions>cpp;c;cc;cxx;def;odl;idl;hpj;bat;asm;asmx</Extensions>
    </Filter>
    <Filter Include="Archivos de encabezado">
      <UniqueIdentifier>{93995380-89BD-4b04-88EB-625FBE52EBFB}</UniqueIdentifier>
      <Extensions>h;hh;hpp;hxx;hm;inl;inc;ipp;xsd</Extensions>
    </Filter>
    <Filter Include="Archivos de recursos">
      <UniqueIdentifier>{67DA6AB6-F800-4c08-8B7A-83BB121AAD01}</UniqueIdentifier>
      <Extensions>rc;ico;cur;bmp;dlg;rc2;rct;bin;rgs;gif;jpg;jpeg;jpe;resx;tiff;tif;png;wav;mfcribbon-ms</Extensions>
    </Filter>
    <Filter Include="Archivos de encabezado\OSKengine">
      <UniqueIdentifier>{e34fb8e6-0f98-47de-a2c3-7d1a6c50020d}</UniqueIdentifier>
    </Filter>
    <Filter Include="Archivos de encabezado\OSKengine\TP">
      <UniqueIdentifier>{af478f25-28ef-4ec1-bce1-740df7b6e4aa}</UniqueIdentifier>
    </Filter>
    <Filter Include="Archivos de encabezado\OSKengine\Util">
      <UniqueIdentifier>{4b2e2d8c-1f21-4940-a06b-6b4fe6a89351}</UniqueIdentifier>
    </Filter>
    <Filter Include="Archivos de encabezado\OSKengine\WindowAPI">
      <UniqueIdentifier>{f01300ef-1d16-41d3-ae83-424b308c44b2}</UniqueIdentifier>
    </Filter>
    <Filter Include="Archivos de encabezado\OSKengine\GameAPI">
      <UniqueIdentifier>{e5097ee5-b53a-4a4c-b229-bf0a4dd4c58a}</UniqueIdentifier>
    </Filter>
    <Filter Include="Archivos de encabezado\OSKengine\AudioAPI">
      <UniqueIdentifier>{5bfbcd96-822d-48b2-9480-ef8292bf4c3c}</UniqueIdentifier>
    </Filter>
    <Filter Include="Archivos de encabezado\OSKengine\ContentAPI">
      <UniqueIdentifier>{5c4ee935-5da8-466c-9b9c-5c37f6438ef2}</UniqueIdentifier>
    </Filter>
    <Filter Include="Archivos de encabezado\OSKengine\Enums">
      <UniqueIdentifier>{24b6b6fc-3f80-4b3b-a4b3-dee90d02709c}</UniqueIdentifier>
    </Filter>
    <Filter Include="Archivos de encabezado\Game">
      <UniqueIdentifier>{ec6b06f9-05bb-47ae-992f-29aa393b4b0e}</UniqueIdentifier>
    </Filter>
    <Filter Include="Archivos de origen\OSKengine">
      <UniqueIdentifier>{e4054336-90a8-4d4d-bc5b-ce844b21090f}</UniqueIdentifier>
    </Filter>
    <Filter Include="Archivos de origen\OSKengine\WindowAPI">
      <UniqueIdentifier>{f2c71e99-1fd8-4770-a427-09ebaab64631}</UniqueIdentifier>
    </Filter>
    <Filter Include="Archivos de origen\OSKengine\TP">
      <UniqueIdentifier>{1d953185-2f9b-458c-a7d1-a0828881f705}</UniqueIdentifier>
    </Filter>
    <Filter Include="Archivos de origen\OSKengine\Util">
      <UniqueIdentifier>{4d4935f2-634c-4e04-891a-c98d1760d6d9}</UniqueIdentifier>
    </Filter>
    <Filter Include="Archivos de origen\OSKengine\GameAPI">
      <UniqueIdentifier>{49556dca-5a66-4dda-a960-b3d5893b3ba7}</UniqueIdentifier>
    </Filter>
    <Filter Include="Archivos de origen\OSKengine\AudioAPI">
      <UniqueIdentifier>{134c860b-e08b-4c92-ab3a-5547f4e6c596}</UniqueIdentifier>
    </Filter>
    <Filter Include="Archivos de origen\OSKengine\ContentAPI">
      <UniqueIdentifier>{544346b8-5d50-4eff-9aea-cbbb9a4893ea}</UniqueIdentifier>
    </Filter>
    <Filter Include="Archivos de encabezado\OSKengine\GameAPI\Collision">
      <UniqueIdentifier>{9713196e-dd58-45e7-b736-d30a9d54a375}</UniqueIdentifier>
    </Filter>
    <Filter Include="Archivos de origen\OSKengine\GameAPI\Collision">
      <UniqueIdentifier>{9836cbcb-0d38-42ee-973e-171c2b10c89e}</UniqueIdentifier>
    </Filter>
    <Filter Include="Archivos de encabezado\OSKengine\Types">
      <UniqueIdentifier>{545ad141-7588-4c39-ac0b-05f1b89dd9da}</UniqueIdentifier>
    </Filter>
    <Filter Include="Archivos de origen\OSKengine\Types">
      <UniqueIdentifier>{dd35476c-fc05-4790-b431-017ddd9bd200}</UniqueIdentifier>
    </Filter>
    <Filter Include="Archivos de encabezado\OSKengine\UI">
      <UniqueIdentifier>{c6f8a8b1-8fac-4acb-a954-d28bfbcb129d}</UniqueIdentifier>
    </Filter>
    <Filter Include="Archivos de origen\OSKengine\UI">
      <UniqueIdentifier>{5639788c-e215-4de7-b727-be03af3ab882}</UniqueIdentifier>
    </Filter>
    <Filter Include="Archivos de encabezado\OSKengine\Interfaces">
      <UniqueIdentifier>{04da55f0-8365-4953-a77e-c006a1a27014}</UniqueIdentifier>
    </Filter>
    <Filter Include="Archivos de encabezado\OSKengine\LegacyRenderAPI">
      <UniqueIdentifier>{98f19c8c-15e5-4b22-804b-e9e121214133}</UniqueIdentifier>
    </Filter>
    <Filter Include="Archivos de encabezado\OSKengine\LegacyRenderAPI\Lights">
      <UniqueIdentifier>{39442691-43c4-4e10-9909-40149cdd4cde}</UniqueIdentifier>
    </Filter>
    <Filter Include="Archivos de encabezado\OSKengine\LegacyRenderAPI\Materials">
      <UniqueIdentifier>{3789e923-d7d0-47dd-852c-5e6e7cc9399e}</UniqueIdentifier>
    </Filter>
    <Filter Include="Archivos de encabezado\OSKengine\LegacyRenderAPI\Fonts">
      <UniqueIdentifier>{7698b838-f9ef-402d-a217-7178f406a6d3}</UniqueIdentifier>
    </Filter>
    <Filter Include="Archivos de encabezado\OSKengine\LegacyRenderAPI\Animation">
      <UniqueIdentifier>{4a44f44e-e465-4160-a4a2-c35327d0ac66}</UniqueIdentifier>
    </Filter>
    <Filter Include="Archivos de encabezado\OSKengine\LegacyRenderAPI\Animation\EXp">
      <UniqueIdentifier>{093becbc-4253-416f-9ce4-f27d61951afa}</UniqueIdentifier>
    </Filter>
    <Filter Include="Archivos de encabezado\OSKengine\VulkanRenderer">
      <UniqueIdentifier>{8d7b5b8e-3a94-454e-ae0b-92a46c2f6f19}</UniqueIdentifier>
    </Filter>
    <Filter Include="Archivos de origen\OSKengine\VulkanRenderer">
      <UniqueIdentifier>{faa6f872-0791-471a-831c-f6de352b4ca9}</UniqueIdentifier>
    </Filter>
    <Filter Include="Archivos de encabezado\OSKengine\VulkanRenderer\Vulkan">
      <UniqueIdentifier>{59d7b366-d2c7-49ca-b396-a421703042d3}</UniqueIdentifier>
    </Filter>
    <Filter Include="Archivos de origen\OSKengine\VulkanRenderer\Vulkan">
      <UniqueIdentifier>{51d0d968-e38d-4406-9dd5-db1d7abf8f59}</UniqueIdentifier>
    </Filter>
    <Filter Include="Archivos de encabezado\OSKengine\VulkanRenderer\Font">
      <UniqueIdentifier>{67fa0a63-71d4-43cc-b48f-101ccc9026e5}</UniqueIdentifier>
    </Filter>
    <Filter Include="Archivos de origen\OSKengine\VulkanRenderer\Font">
      <UniqueIdentifier>{90071103-2952-4a73-b6b2-27fb13990705}</UniqueIdentifier>
    </Filter>
    <Filter Include="Archivos de origen\OSKengine\OpenGLRenderer">
      <UniqueIdentifier>{dbb302c3-36d5-4430-991b-4c39b1ad8469}</UniqueIdentifier>
    </Filter>
    <Filter Include="Archivos de origen\OSKengine\OpenGLRenderer\Animation">
      <UniqueIdentifier>{bf6cf0ed-6f4c-4ab0-8eb1-760c42f88870}</UniqueIdentifier>
    </Filter>
    <Filter Include="Archivos de encabezado\OSKengine\VulkanRenderer\Terrain">
      <UniqueIdentifier>{49b23290-011f-4172-99b6-a43320cad0dc}</UniqueIdentifier>
    </Filter>
    <Filter Include="Archivos de origen\OSKengine\VulkanRenderer\Terrain">
      <UniqueIdentifier>{a4506cf0-5f68-483b-b7fb-3be8ec827547}</UniqueIdentifier>
    </Filter>
    <Filter Include="Archivos de encabezado\OSKengine\Collision">
      <UniqueIdentifier>{181fb2d0-79c7-48f2-a547-2f892c8be69c}</UniqueIdentifier>
    </Filter>
    <Filter Include="Archivos de origen\OSKengine\Collision">
      <UniqueIdentifier>{5878de30-6c2d-43f1-ab2e-4f64ac65d1b6}</UniqueIdentifier>
    </Filter>
    <Filter Include="Archivos de encabezado\OSKengine\Physics">
      <UniqueIdentifier>{f268862f-d7ef-4e05-aaa7-194891f84173}</UniqueIdentifier>
    </Filter>
    <Filter Include="Archivos de origen\OSKengine\Physics">
      <UniqueIdentifier>{08502ebb-da6e-4cf3-b4f3-3a96033eafc7}</UniqueIdentifier>
    </Filter>
    <Filter Include="Archivos de encabezado\OSKengine\Collision\SAT">
      <UniqueIdentifier>{acc0ab00-5a32-4f09-8cfb-12f7c8367df1}</UniqueIdentifier>
    </Filter>
    <Filter Include="Archivos de origen\OSKengine\Collision\SAT">
      <UniqueIdentifier>{e3d458f7-5052-4e81-a601-7ef68aeacac8}</UniqueIdentifier>
    </Filter>
    <Filter Include="Archivos de encabezado\OSKengine\Collections">
      <UniqueIdentifier>{59222c19-129b-47c1-8583-882a62e7579b}</UniqueIdentifier>
    </Filter>
  </ItemGroup>
  <ItemGroup>
    <ClCompile Include="main.cpp">
      <Filter>Archivos de origen</Filter>
    </ClCompile>
    <ClCompile Include="D:\Dev\GLAD\src\glad.c">
      <Filter>Archivos de origen\OSKengine\TP</Filter>
    </ClCompile>
    <ClCompile Include="WindowAPI.cpp">
      <Filter>Archivos de origen\OSKengine\WindowAPI</Filter>
    </ClCompile>
    <ClCompile Include="KeyboardState.cpp">
      <Filter>Archivos de origen\OSKengine\WindowAPI</Filter>
    </ClCompile>
    <ClCompile Include="RenderAPI.cpp">
      <Filter>Archivos de origen\OSKengine\OpenGLRenderer</Filter>
    </ClCompile>
    <ClCompile Include="Shader.cpp">
      <Filter>Archivos de origen\OSKengine\OpenGLRenderer</Filter>
    </ClCompile>
    <ClCompile Include="Mesh.cpp">
      <Filter>Archivos de origen\OSKengine\OpenGLRenderer</Filter>
    </ClCompile>
    <ClCompile Include="MouseState.cpp">
      <Filter>Archivos de origen\OSKengine\WindowAPI</Filter>
    </ClCompile>
    <ClCompile Include="ContentAPI.cpp">
      <Filter>Archivos de origen\OSKengine\ContentAPI</Filter>
    </ClCompile>
    <ClCompile Include="AudioAPI.cpp">
      <Filter>Archivos de origen\OSKengine\AudioAPI</Filter>
    </ClCompile>
    <ClCompile Include="SoundEntity.cpp">
      <Filter>Archivos de origen\OSKengine\AudioAPI</Filter>
    </ClCompile>
    <ClCompile Include="Transform.cpp">
      <Filter>Archivos de origen\OSKengine\GameAPI</Filter>
    </ClCompile>
    <ClCompile Include="Log.cpp">
      <Filter>Archivos de origen\OSKengine\Util</Filter>
    </ClCompile>
    <ClCompile Include="ToString.cpp">
      <Filter>Archivos de origen\OSKengine\Util</Filter>
    </ClCompile>
    <ClCompile Include="Bone.cpp">
      <Filter>Archivos de origen\OSKengine\OpenGLRenderer\Animation</Filter>
    </ClCompile>
    <ClCompile Include="Animation.cpp">
      <Filter>Archivos de origen\OSKengine\OpenGLRenderer\Animation</Filter>
    </ClCompile>
    <ClCompile Include="Skeleton.cpp">
      <Filter>Archivos de origen\OSKengine\OpenGLRenderer\Animation</Filter>
    </ClCompile>
    <ClCompile Include="Collision2D.cpp">
      <Filter>Archivos de origen\OSKengine\GameAPI\Collision</Filter>
    </ClCompile>
    <ClCompile Include="Color.cpp">
      <Filter>Archivos de origen\OSKengine\Types</Filter>
    </ClCompile>
    <ClCompile Include="BaseUIElement.cpp">
      <Filter>Archivos de origen\OSKengine\UI</Filter>
    </ClCompile>
    <ClCompile Include="Button.cpp">
      <Filter>Archivos de origen\OSKengine\UI</Filter>
    </ClCompile>
    <ClCompile Include="FileIO.cpp">
      <Filter>Archivos de origen\OSKengine\Util</Filter>
    </ClCompile>
    <ClCompile Include="IUserInterfaceText.cpp">
      <Filter>Archivos de origen\OSKengine\UI</Filter>
    </ClCompile>
    <ClCompile Include="IUserInterfaceImage.cpp">
      <Filter>Archivos de origen\OSKengine\UI</Filter>
    </ClCompile>
    <ClCompile Include="ImageUI.cpp">
      <Filter>Archivos de origen\OSKengine\UI</Filter>
    </ClCompile>
    <ClCompile Include="TextUI.cpp">
      <Filter>Archivos de origen\OSKengine\UI</Filter>
    </ClCompile>
    <ClCompile Include="Panel.cpp">
      <Filter>Archivos de origen\OSKengine\UI</Filter>
    </ClCompile>
    <ClCompile Include="IUserInterfaceHasChildren.cpp">
      <Filter>Archivos de origen\OSKengine\UI</Filter>
    </ClCompile>
    <ClCompile Include="IUserInterfaceMouseInput.cpp">
      <Filter>Archivos de origen\OSKengine\UI</Filter>
    </ClCompile>
    <ClCompile Include="Checkbox.cpp">
      <Filter>Archivos de origen\OSKengine\UI</Filter>
    </ClCompile>
    <ClCompile Include="VulkanRenderer.cpp">
      <Filter>Archivos de origen\OSKengine\VulkanRenderer</Filter>
    </ClCompile>
    <ClCompile Include="QueueFamilyIndices.cpp">
      <Filter>Archivos de origen\OSKengine\VulkanRenderer\Vulkan</Filter>
    </ClCompile>
    <ClCompile Include="OldVertex.cpp">
      <Filter>Archivos de origen\OSKengine\OpenGLRenderer</Filter>
    </ClCompile>
    <ClCompile Include="Sprite.cpp">
      <Filter>Archivos de origen\OSKengine\VulkanRenderer</Filter>
    </ClCompile>
    <ClCompile Include="Camera2D.cpp">
      <Filter>Archivos de origen\OSKengine\VulkanRenderer</Filter>
    </ClCompile>
    <ClCompile Include="SpriteBatch.cpp">
      <Filter>Archivos de origen\OSKengine\VulkanRenderer</Filter>
    </ClCompile>
    <ClCompile Include="Font.cpp">
      <Filter>Archivos de origen\OSKengine\VulkanRenderer\Font</Filter>
    </ClCompile>
    <ClCompile Include="Transform2D.cpp">
      <Filter>Archivos de origen\OSKengine\GameAPI</Filter>
    </ClCompile>
    <ClCompile Include="OldCamera3D.cpp">
      <Filter>Archivos de origen\OSKengine\OpenGLRenderer</Filter>
    </ClCompile>
    <ClCompile Include="Camera3D.cpp">
      <Filter>Archivos de origen\OSKengine\VulkanRenderer</Filter>
    </ClCompile>
    <ClCompile Include="OldModel.cpp">
      <Filter>Archivos de origen\OSKengine\OpenGLRenderer</Filter>
    </ClCompile>
    <ClCompile Include="Model.cpp">
      <Filter>Archivos de origen\OSKengine\VulkanRenderer</Filter>
    </ClCompile>
    <ClCompile Include="AnimatedModel.cpp">
      <Filter>Archivos de origen\OSKengine\VulkanRenderer</Filter>
    </ClCompile>
    <ClCompile Include="VulkanBuffer.cpp">
      <Filter>Archivos de origen\OSKengine\VulkanRenderer\Vulkan</Filter>
    </ClCompile>
    <ClCompile Include="DescriptorLayout.cpp">
      <Filter>Archivos de origen\OSKengine\VulkanRenderer\Vulkan</Filter>
    </ClCompile>
    <ClCompile Include="DescriptorSet.cpp">
      <Filter>Archivos de origen\OSKengine\VulkanRenderer\Vulkan</Filter>
    </ClCompile>
    <ClCompile Include="GraphicsPipeline.cpp">
      <Filter>Archivos de origen\OSKengine\VulkanRenderer\Vulkan</Filter>
    </ClCompile>
    <ClCompile Include="Vertex.cpp">
      <Filter>Archivos de origen\OSKengine\VulkanRenderer\Vulkan</Filter>
    </ClCompile>
    <ClCompile Include="LightsUBO.cpp">
      <Filter>Archivos de origen\OSKengine\VulkanRenderer</Filter>
    </ClCompile>
    <ClCompile Include="VulkanImage.cpp">
      <Filter>Archivos de origen\OSKengine\VulkanRenderer\Vulkan</Filter>
    </ClCompile>
    <ClCompile Include="Texture.cpp">
      <Filter>Archivos de origen\OSKengine\VulkanRenderer</Filter>
    </ClCompile>
    <ClCompile Include="Renderpass.cpp">
      <Filter>Archivos de origen\OSKengine\VulkanRenderer\Vulkan</Filter>
    </ClCompile>
    <ClCompile Include="Skybox.cpp">
      <Filter>Archivos de origen\OSKengine\VulkanRenderer</Filter>
    </ClCompile>
    <ClCompile Include="RenderizableScene.cpp">
      <Filter>Archivos de origen\OSKengine\VulkanRenderer</Filter>
    </ClCompile>
    <ClCompile Include="Terrain.cpp">
      <Filter>Archivos de origen\OSKengine\VulkanRenderer\Terrain</Filter>
    </ClCompile>
    <ClCompile Include="CollisionSphere.cpp">
      <Filter>Archivos de origen\OSKengine\Collision</Filter>
    </ClCompile>
    <ClCompile Include="CollisionBox.cpp">
      <Filter>Archivos de origen\OSKengine\Collision</Filter>
    </ClCompile>
    <ClCompile Include="VulkanImageGen.cpp">
      <Filter>Archivos de origen\OSKengine\VulkanRenderer\Vulkan</Filter>
    </ClCompile>
    <ClCompile Include="ContentManager.cpp">
      <Filter>Archivos de origen\OSKengine\ContentAPI</Filter>
    </ClCompile>
    <ClCompile Include="ProfilingUnit.cpp">
      <Filter>Archivos de origen\OSKengine\Util</Filter>
    </ClCompile>
    <ClCompile Include="Profiler.cpp">
      <Filter>Archivos de origen\OSKengine\Util</Filter>
    </ClCompile>
    <ClCompile Include="Collider.cpp">
      <Filter>Archivos de origen\OSKengine\Collision</Filter>
    </ClCompile>
    <ClCompile Include="SAT_Collider.cpp">
      <Filter>Archivos de origen\OSKengine\Collision\SAT</Filter>
    </ClCompile>
  </ItemGroup>
  <ItemGroup>
    <ClInclude Include="WindowAPI.h">
      <Filter>Archivos de encabezado\OSKengine\WindowAPI</Filter>
    </ClInclude>
    <ClInclude Include="KeyboardState.h">
      <Filter>Archivos de encabezado\OSKengine\WindowAPI</Filter>
    </ClInclude>
    <ClInclude Include="RenderAPI.h">
      <Filter>Archivos de encabezado\OSKengine\LegacyRenderAPI</Filter>
    </ClInclude>
    <ClInclude Include="Shader.h">
      <Filter>Archivos de encabezado\OSKengine\LegacyRenderAPI</Filter>
    </ClInclude>
    <ClInclude Include="ContentAPI.h">
      <Filter>Archivos de encabezado\OSKengine\ContentAPI</Filter>
    </ClInclude>
    <ClInclude Include="Mesh.h">
      <Filter>Archivos de encabezado\OSKengine\LegacyRenderAPI</Filter>
    </ClInclude>
    <ClInclude Include="MouseState.h">
      <Filter>Archivos de encabezado\OSKengine\WindowAPI</Filter>
    </ClInclude>
    <ClInclude Include="stbi_image.h">
      <Filter>Archivos de encabezado\OSKengine\TP</Filter>
    </ClInclude>
    <ClInclude Include="DirectionalLight.h">
      <Filter>Archivos de encabezado\OSKengine\LegacyRenderAPI\Lights</Filter>
    </ClInclude>
    <ClInclude Include="AudioAPI.h">
      <Filter>Archivos de encabezado\OSKengine\AudioAPI</Filter>
    </ClInclude>
    <ClInclude Include="SoundEntity.h">
      <Filter>Archivos de encabezado\OSKengine\AudioAPI</Filter>
    </ClInclude>
    <ClInclude Include="Material.h">
      <Filter>Archivos de encabezado\OSKengine\LegacyRenderAPI\Materials</Filter>
    </ClInclude>
    <ClInclude Include="PointLight.h">
      <Filter>Archivos de encabezado\OSKengine\LegacyRenderAPI\Lights</Filter>
    </ClInclude>
    <ClInclude Include="Transform.h">
      <Filter>Archivos de encabezado\OSKengine\GameAPI</Filter>
    </ClInclude>
    <ClInclude Include="Log.h">
      <Filter>Archivos de encabezado\OSKengine\Util</Filter>
    </ClInclude>
    <ClInclude Include="ToString.h">
      <Filter>Archivos de encabezado\OSKengine\Util</Filter>
    </ClInclude>
    <ClInclude Include="DirectionsEnum.h">
      <Filter>Archivos de encabezado\OSKengine\Enums</Filter>
    </ClInclude>
    <ClInclude Include="RenderModeEnum.h">
      <Filter>Archivos de encabezado\OSKengine\Enums</Filter>
    </ClInclude>
    <ClInclude Include="RenderOutputImageEnum.h">
      <Filter>Archivos de encabezado\OSKengine\Enums</Filter>
    </ClInclude>
    <ClInclude Include="KeysEnum.h">
      <Filter>Archivos de encabezado\OSKengine\Enums</Filter>
    </ClInclude>
    <ClInclude Include="KeyStatesEnum.h">
      <Filter>Archivos de encabezado\OSKengine\Enums</Filter>
    </ClInclude>
    <ClInclude Include="ButtonStatesEnum.h">
      <Filter>Archivos de encabezado\OSKengine\Enums</Filter>
    </ClInclude>
    <ClInclude Include="OverallMouseInputModeEnum.h">
      <Filter>Archivos de encabezado\OSKengine\Enums</Filter>
    </ClInclude>
    <ClInclude Include="MouseVisibilityEnum.h">
      <Filter>Archivos de encabezado\OSKengine\Enums</Filter>
    </ClInclude>
    <ClInclude Include="MouseMovementInputModeEnum.h">
      <Filter>Archivos de encabezado\OSKengine\Enums</Filter>
    </ClInclude>
    <ClInclude Include="TextRenderingLimitActionsEnum.h">
      <Filter>Archivos de encabezado\OSKengine\Enums</Filter>
    </ClInclude>
    <ClInclude Include="AnchorEnum.h">
      <Filter>Archivos de encabezado\OSKengine\Enums</Filter>
    </ClInclude>
    <ClInclude Include="OSKtypes.h">
      <Filter>Archivos de encabezado\OSKengine</Filter>
    </ClInclude>
    <ClInclude Include="OSKmacros.h">
      <Filter>Archivos de encabezado\OSKengine</Filter>
    </ClInclude>
    <ClInclude Include="OSKsettings.h">
      <Filter>Archivos de encabezado\OSKengine</Filter>
    </ClInclude>
    <ClInclude Include="ModelFormat.h">
      <Filter>Archivos de encabezado\OSKengine\Enums</Filter>
    </ClInclude>
    <ClInclude Include="RenderSettingsEnum.h">
      <Filter>Archivos de encabezado\OSKengine\Enums</Filter>
    </ClInclude>
    <ClInclude Include="Bone.h">
      <Filter>Archivos de encabezado\OSKengine\LegacyRenderAPI\Animation</Filter>
    </ClInclude>
    <ClInclude Include="Skeleton.h">
      <Filter>Archivos de encabezado\OSKengine\LegacyRenderAPI\Animation</Filter>
    </ClInclude>
    <ClInclude Include="Animation.h">
      <Filter>Archivos de encabezado\OSKengine\LegacyRenderAPI\Animation</Filter>
    </ClInclude>
    <ClInclude Include="Collision2D.h">
      <Filter>Archivos de encabezado\OSKengine\GameAPI\Collision</Filter>
    </ClInclude>
    <ClInclude Include="Color.h">
      <Filter>Archivos de encabezado\OSKengine\Types</Filter>
    </ClInclude>
    <ClInclude Include="BaseUIElement.h">
      <Filter>Archivos de encabezado\OSKengine\UI</Filter>
    </ClInclude>
    <ClInclude Include="UIAnchorTypeEnum.h">
      <Filter>Archivos de encabezado\OSKengine\Enums</Filter>
    </ClInclude>
    <ClInclude Include="Button.h">
      <Filter>Archivos de encabezado\OSKengine\UI</Filter>
    </ClInclude>
    <ClInclude Include="ButtonCodeEnum.h">
      <Filter>Archivos de encabezado\OSKengine\Enums</Filter>
    </ClInclude>
    <ClInclude Include="UIInterfacesBitFlags.h">
      <Filter>Archivos de encabezado\OSKengine\Enums</Filter>
    </ClInclude>
    <ClInclude Include="Panel.h">
      <Filter>Archivos de encabezado\OSKengine\UI</Filter>
    </ClInclude>
    <ClInclude Include="RenderSettingsBitFlags.h">
      <Filter>Archivos de encabezado\OSKengine\Enums</Filter>
    </ClInclude>
    <ClInclude Include="AnchorTextToEnum.h">
      <Filter>Archivos de encabezado\OSKengine\Enums</Filter>
    </ClInclude>
    <ClInclude Include="FileIO.h">
      <Filter>Archivos de encabezado\OSKengine\Util</Filter>
    </ClInclude>
    <ClInclude Include="LogMessageLevelsEnum.h">
      <Filter>Archivos de encabezado\OSKengine\Enums</Filter>
    </ClInclude>
    <ClInclude Include="IUserInterfaceText.h">
      <Filter>Archivos de encabezado\OSKengine\UI</Filter>
    </ClInclude>
    <ClInclude Include="IUserInterfaceImage.h">
      <Filter>Archivos de encabezado\OSKengine\UI</Filter>
    </ClInclude>
    <ClInclude Include="ImageUI.h">
      <Filter>Archivos de encabezado\OSKengine\UI</Filter>
    </ClInclude>
    <ClInclude Include="TextUI.h">
      <Filter>Archivos de encabezado\OSKengine\UI</Filter>
    </ClInclude>
    <ClInclude Include="IUserInterfaceHasChildren.h">
      <Filter>Archivos de encabezado\OSKengine\UI</Filter>
    </ClInclude>
    <ClInclude Include="IUserInterfaceMouseInput.h">
      <Filter>Archivos de encabezado\OSKengine\UI</Filter>
    </ClInclude>
    <ClInclude Include="Checkbox.h">
      <Filter>Archivos de encabezado\OSKengine\UI</Filter>
    </ClInclude>
    <ClInclude Include="GraphicsAPIenum.h">
      <Filter>Archivos de encabezado\OSKengine\Enums</Filter>
    </ClInclude>
    <ClInclude Include="EXP_MeshBone.hpp">
      <Filter>Archivos de encabezado\OSKengine\LegacyRenderAPI\Animation\EXp</Filter>
    </ClInclude>
    <ClInclude Include="VulkanRenderer.h">
      <Filter>Archivos de encabezado\OSKengine\VulkanRenderer</Filter>
    </ClInclude>
    <ClInclude Include="RenderMode.h">
      <Filter>Archivos de encabezado\OSKengine\VulkanRenderer</Filter>
    </ClInclude>
    <ClInclude Include="Version.h">
      <Filter>Archivos de encabezado\OSKengine\Util</Filter>
    </ClInclude>
    <ClInclude Include="GPUinfo.h">
      <Filter>Archivos de encabezado\OSKengine\VulkanRenderer\Vulkan</Filter>
    </ClInclude>
    <ClInclude Include="QueueFamilyIndices.h">
      <Filter>Archivos de encabezado\OSKengine\VulkanRenderer\Vulkan</Filter>
    </ClInclude>
    <ClInclude Include="SwapchainSupportDetails.h">
      <Filter>Archivos de encabezado\OSKengine\VulkanRenderer\Vulkan</Filter>
    </ClInclude>
    <ClInclude Include="PresentMode.h">
      <Filter>Archivos de encabezado\OSKengine\VulkanRenderer</Filter>
    </ClInclude>
    <ClInclude Include="OldVertex.h">
      <Filter>Archivos de encabezado\OSKengine\LegacyRenderAPI</Filter>
    </ClInclude>
    <ClInclude Include="VulkanImage.h">
      <Filter>Archivos de encabezado\OSKengine\VulkanRenderer\Vulkan</Filter>
    </ClInclude>
    <ClInclude Include="VulkanBuffer.h">
      <Filter>Archivos de encabezado\OSKengine\VulkanRenderer\Vulkan</Filter>
    </ClInclude>
    <ClInclude Include="OldTexture.h">
      <Filter>Archivos de encabezado\OSKengine\LegacyRenderAPI</Filter>
    </ClInclude>
    <ClInclude Include="Texture.h">
      <Filter>Archivos de encabezado\OSKengine\VulkanRenderer</Filter>
    </ClInclude>
    <ClInclude Include="VulkanRenderizableObject.h">
      <Filter>Archivos de encabezado\OSKengine\VulkanRenderer\Vulkan</Filter>
    </ClInclude>
    <ClInclude Include="DrawCommand.h">
      <Filter>Archivos de encabezado\OSKengine\VulkanRenderer\Vulkan</Filter>
    </ClInclude>
    <ClInclude Include="Sprite.h">
      <Filter>Archivos de encabezado\OSKengine\VulkanRenderer</Filter>
    </ClInclude>
    <ClInclude Include="Camera2D.h">
      <Filter>Archivos de encabezado\OSKengine\VulkanRenderer</Filter>
    </ClInclude>
    <ClInclude Include="SpriteBatch.h">
      <Filter>Archivos de encabezado\OSKengine\VulkanRenderer</Filter>
    </ClInclude>
    <ClInclude Include="OldFont.h">
      <Filter>Archivos de encabezado\OSKengine\LegacyRenderAPI\Fonts</Filter>
    </ClInclude>
    <ClInclude Include="OldFontChar.h">
      <Filter>Archivos de encabezado\OSKengine\LegacyRenderAPI\Fonts</Filter>
    </ClInclude>
    <ClInclude Include="Font.h">
      <Filter>Archivos de encabezado\OSKengine\VulkanRenderer\Font</Filter>
    </ClInclude>
    <ClInclude Include="FontChar.h">
      <Filter>Archivos de encabezado\OSKengine\VulkanRenderer\Font</Filter>
    </ClInclude>
    <ClInclude Include="Transform2D.h">
      <Filter>Archivos de encabezado\OSKengine\GameAPI</Filter>
    </ClInclude>
    <ClInclude Include="resource.h">
      <Filter>Archivos de encabezado</Filter>
    </ClInclude>
    <ClInclude Include="OldCamera3D.h">
      <Filter>Archivos de encabezado\OSKengine\LegacyRenderAPI</Filter>
    </ClInclude>
    <ClInclude Include="Camera3D.h">
      <Filter>Archivos de encabezado\OSKengine\VulkanRenderer</Filter>
    </ClInclude>
    <ClInclude Include="OldModel.h">
      <Filter>Archivos de encabezado\OSKengine\LegacyRenderAPI</Filter>
    </ClInclude>
    <ClInclude Include="Model.h">
      <Filter>Archivos de encabezado\OSKengine\VulkanRenderer</Filter>
    </ClInclude>
    <ClInclude Include="UBO.h">
      <Filter>Archivos de encabezado\OSKengine\VulkanRenderer</Filter>
    </ClInclude>
    <ClInclude Include="PushConst3D.h">
      <Filter>Archivos de encabezado\OSKengine\VulkanRenderer</Filter>
    </ClInclude>
    <ClInclude Include="AnimatedModel.h">
      <Filter>Archivos de encabezado\OSKengine\VulkanRenderer</Filter>
    </ClInclude>
    <ClInclude Include="Vertex.h">
      <Filter>Archivos de encabezado\OSKengine\VulkanRenderer\Vulkan</Filter>
    </ClInclude>
    <ClInclude Include="DescriptorLayout.h">
      <Filter>Archivos de encabezado\OSKengine\VulkanRenderer\Vulkan</Filter>
    </ClInclude>
    <ClInclude Include="DescriptorSet.h">
      <Filter>Archivos de encabezado\OSKengine\VulkanRenderer\Vulkan</Filter>
    </ClInclude>
    <ClInclude Include="GraphicsPipeline.h">
      <Filter>Archivos de encabezado\OSKengine\VulkanRenderer\Vulkan</Filter>
    </ClInclude>
    <ClInclude Include="Renderpass.h">
      <Filter>Archivos de encabezado\OSKengine\VulkanRenderer\Vulkan</Filter>
    </ClInclude>
    <ClInclude Include="LightsUBO.h">
      <Filter>Archivos de encabezado\OSKengine\VulkanRenderer</Filter>
    </ClInclude>
    <ClInclude Include="OldSkybox.h">
      <Filter>Archivos de encabezado\OSKengine\LegacyRenderAPI</Filter>
    </ClInclude>
    <ClInclude Include="Skybox.h">
      <Filter>Archivos de encabezado\OSKengine\VulkanRenderer</Filter>
    </ClInclude>
    <ClInclude Include="RenderizableScene.h">
      <Filter>Archivos de encabezado\OSKengine\VulkanRenderer</Filter>
    </ClInclude>
    <ClInclude Include="Terrain.h">
      <Filter>Archivos de encabezado\OSKengine\VulkanRenderer\Terrain</Filter>
    </ClInclude>
    <ClInclude Include="Heightmap.h">
      <Filter>Archivos de encabezado\OSKengine\VulkanRenderer\Terrain</Filter>
    </ClInclude>
    <ClInclude Include="CollisionBox.h">
      <Filter>Archivos de encabezado\OSKengine\Collision</Filter>
    </ClInclude>
    <ClInclude Include="CollisionSphere.h">
      <Filter>Archivos de encabezado\OSKengine\Collision</Filter>
    </ClInclude>
    <ClInclude Include="VulkanImageGen.h">
      <Filter>Archivos de encabezado\OSKengine\VulkanRenderer\Vulkan</Filter>
    </ClInclude>
    <ClInclude Include="ContentManager.h">
      <Filter>Archivos de encabezado\OSKengine\ContentAPI</Filter>
    </ClInclude>
    <ClInclude Include="PhysicsEntity.h">
      <Filter>Archivos de encabezado\OSKengine\Physics</Filter>
    </ClInclude>
    <ClInclude Include="PhysicsScene.h">
      <Filter>Archivos de encabezado\OSKengine\Physics</Filter>
    </ClInclude>
    <ClInclude Include="Collider.h">
      <Filter>Archivos de encabezado\OSKengine\Collision</Filter>
    </ClInclude>
    <ClInclude Include="PhysicalEntityType.h">
      <Filter>Archivos de encabezado\OSKengine\Enums</Filter>
    </ClInclude>
    <ClInclude Include="CollisionInfo.h">
      <Filter>Archivos de encabezado\OSKengine\Collision</Filter>
    </ClInclude>
    <ClInclude Include="CollisionPlane.h">
      <Filter>Archivos de encabezado\OSKengine\Collision</Filter>
    </ClInclude>
    <ClInclude Include="Profiler.h">
      <Filter>Archivos de encabezado\OSKengine\Util</Filter>
    </ClInclude>
    <ClInclude Include="ProfilingUnit.h">
      <Filter>Archivos de encabezado\OSKengine\Util</Filter>
    </ClInclude>
    <ClInclude Include="SAT_Collider.h">
      <Filter>Archivos de encabezado\OSKengine\Collision\SAT</Filter>
    </ClInclude>
    <ClInclude Include="SAT_CollisionInfo.h">
      <Filter>Archivos de encabezado\OSKengine\Collision\SAT</Filter>
    </ClInclude>
    <ClInclude Include="SAT_Projection.hpp">
      <Filter>Archivos de encabezado\OSKengine\Collision\SAT</Filter>
    </ClInclude>
    <ClInclude Include="VectorUtil.h">
      <Filter>Archivos de encabezado\OSKengine\Util</Filter>
    </ClInclude>
    <ClInclude Include="DynamicArray.h">
      <Filter>Archivos de encabezado\OSKengine\Collections</Filter>
    </ClInclude>
    <ClInclude Include="Vector2.hpp">
      <Filter>Archivos de encabezado\OSKengine\Types</Filter>
    </ClInclude>
    <ClInclude Include="Vector3.hpp">
      <Filter>Archivos de encabezado\OSKengine\Types</Filter>
    </ClInclude>
    <ClInclude Include="Vector4.hpp">
      <Filter>Archivos de encabezado\OSKengine\Types</Filter>
    </ClInclude>
  </ItemGroup>
  <ItemGroup>
    <Text Include="TODO.txt" />
  </ItemGroup>
  <ItemGroup>
    <None Include="cpp.hint" />
    <None Include="ClassDiagram.cd" />
  </ItemGroup>
  <ItemGroup>
    <ResourceCompile Include="OSKengine.rc">
      <Filter>Archivos de recursos</Filter>
    </ResourceCompile>
  </ItemGroup>
</Project>