<?xml version="1.0" encoding="utf-8"?>
<Project ToolsVersion="4.0" xmlns="http://schemas.microsoft.com/developer/msbuild/2003">
  <ItemGroup>
    <Filter Include="Archivos de origen">
      <UniqueIdentifier>{4FC737F1-C7A5-4376-A066-2A32D752A2FF}</UniqueIdentifier>
      <Extensions>cpp;c;cc;cxx;def;odl;idl;hpj;bat;asm;asmx</Extensions>
    </Filter>
    <Filter Include="Archivos de encabezado">
      <UniqueIdentifier>{93995380-89BD-4b04-88EB-625FBE52EBFB}</UniqueIdentifier>
      <Extensions>h;hh;hpp;hxx;hm;inl;inc;ipp;xsd</Extensions>
    </Filter>
    <Filter Include="Archivos de recursos">
      <UniqueIdentifier>{67DA6AB6-F800-4c08-8B7A-83BB121AAD01}</UniqueIdentifier>
      <Extensions>rc;ico;cur;bmp;dlg;rc2;rct;bin;rgs;gif;jpg;jpeg;jpe;resx;tiff;tif;png;wav;mfcribbon-ms</Extensions>
    </Filter>
    <Filter Include="Archivos de encabezado\OSKengine">
      <UniqueIdentifier>{e34fb8e6-0f98-47de-a2c3-7d1a6c50020d}</UniqueIdentifier>
    </Filter>
    <Filter Include="Archivos de encabezado\OSKengine\TP">
      <UniqueIdentifier>{af478f25-28ef-4ec1-bce1-740df7b6e4aa}</UniqueIdentifier>
    </Filter>
    <Filter Include="Archivos de encabezado\OSKengine\Util">
      <UniqueIdentifier>{4b2e2d8c-1f21-4940-a06b-6b4fe6a89351}</UniqueIdentifier>
    </Filter>
    <Filter Include="Archivos de encabezado\OSKengine\WindowAPI">
      <UniqueIdentifier>{f01300ef-1d16-41d3-ae83-424b308c44b2}</UniqueIdentifier>
    </Filter>
    <Filter Include="Archivos de encabezado\OSKengine\GameAPI">
      <UniqueIdentifier>{e5097ee5-b53a-4a4c-b229-bf0a4dd4c58a}</UniqueIdentifier>
    </Filter>
    <Filter Include="Archivos de encabezado\OSKengine\AudioAPI">
      <UniqueIdentifier>{5bfbcd96-822d-48b2-9480-ef8292bf4c3c}</UniqueIdentifier>
    </Filter>
    <Filter Include="Archivos de encabezado\OSKengine\ContentAPI">
      <UniqueIdentifier>{5c4ee935-5da8-466c-9b9c-5c37f6438ef2}</UniqueIdentifier>
    </Filter>
    <Filter Include="Archivos de encabezado\OSKengine\Enums">
      <UniqueIdentifier>{24b6b6fc-3f80-4b3b-a4b3-dee90d02709c}</UniqueIdentifier>
    </Filter>
    <Filter Include="Archivos de origen\OSKengine">
      <UniqueIdentifier>{e4054336-90a8-4d4d-bc5b-ce844b21090f}</UniqueIdentifier>
    </Filter>
    <Filter Include="Archivos de origen\OSKengine\WindowAPI">
      <UniqueIdentifier>{f2c71e99-1fd8-4770-a427-09ebaab64631}</UniqueIdentifier>
    </Filter>
    <Filter Include="Archivos de origen\OSKengine\TP">
      <UniqueIdentifier>{1d953185-2f9b-458c-a7d1-a0828881f705}</UniqueIdentifier>
    </Filter>
    <Filter Include="Archivos de origen\OSKengine\Util">
      <UniqueIdentifier>{4d4935f2-634c-4e04-891a-c98d1760d6d9}</UniqueIdentifier>
    </Filter>
    <Filter Include="Archivos de origen\OSKengine\GameAPI">
      <UniqueIdentifier>{49556dca-5a66-4dda-a960-b3d5893b3ba7}</UniqueIdentifier>
    </Filter>
    <Filter Include="Archivos de origen\OSKengine\AudioAPI">
      <UniqueIdentifier>{134c860b-e08b-4c92-ab3a-5547f4e6c596}</UniqueIdentifier>
    </Filter>
    <Filter Include="Archivos de origen\OSKengine\ContentAPI">
      <UniqueIdentifier>{544346b8-5d50-4eff-9aea-cbbb9a4893ea}</UniqueIdentifier>
    </Filter>
    <Filter Include="Archivos de encabezado\OSKengine\Types">
      <UniqueIdentifier>{545ad141-7588-4c39-ac0b-05f1b89dd9da}</UniqueIdentifier>
    </Filter>
    <Filter Include="Archivos de origen\OSKengine\Types">
      <UniqueIdentifier>{dd35476c-fc05-4790-b431-017ddd9bd200}</UniqueIdentifier>
    </Filter>
    <Filter Include="Archivos de encabezado\OSKengine\UI">
      <UniqueIdentifier>{c6f8a8b1-8fac-4acb-a954-d28bfbcb129d}</UniqueIdentifier>
    </Filter>
    <Filter Include="Archivos de origen\OSKengine\UI">
      <UniqueIdentifier>{5639788c-e215-4de7-b727-be03af3ab882}</UniqueIdentifier>
    </Filter>
    <Filter Include="Archivos de encabezado\OSKengine\Interfaces">
      <UniqueIdentifier>{04da55f0-8365-4953-a77e-c006a1a27014}</UniqueIdentifier>
    </Filter>
    <Filter Include="Archivos de encabezado\OSKengine\Collision">
      <UniqueIdentifier>{181fb2d0-79c7-48f2-a547-2f892c8be69c}</UniqueIdentifier>
    </Filter>
    <Filter Include="Archivos de origen\OSKengine\Collision">
      <UniqueIdentifier>{5878de30-6c2d-43f1-ab2e-4f64ac65d1b6}</UniqueIdentifier>
    </Filter>
    <Filter Include="Archivos de encabezado\OSKengine\Physics">
      <UniqueIdentifier>{f268862f-d7ef-4e05-aaa7-194891f84173}</UniqueIdentifier>
    </Filter>
    <Filter Include="Archivos de origen\OSKengine\Physics">
      <UniqueIdentifier>{08502ebb-da6e-4cf3-b4f3-3a96033eafc7}</UniqueIdentifier>
    </Filter>
    <Filter Include="Archivos de encabezado\OSKengine\Collision\SAT">
      <UniqueIdentifier>{acc0ab00-5a32-4f09-8cfb-12f7c8367df1}</UniqueIdentifier>
    </Filter>
    <Filter Include="Archivos de origen\OSKengine\Collision\SAT">
      <UniqueIdentifier>{e3d458f7-5052-4e81-a601-7ef68aeacac8}</UniqueIdentifier>
    </Filter>
    <Filter Include="Archivos de encabezado\OSKengine\RenderAPI">
      <UniqueIdentifier>{8d7b5b8e-3a94-454e-ae0b-92a46c2f6f19}</UniqueIdentifier>
    </Filter>
    <Filter Include="Archivos de encabezado\OSKengine\RenderAPI\Vulkan">
      <UniqueIdentifier>{59d7b366-d2c7-49ca-b396-a421703042d3}</UniqueIdentifier>
    </Filter>
    <Filter Include="Archivos de encabezado\OSKengine\RenderAPI\Font">
      <UniqueIdentifier>{67fa0a63-71d4-43cc-b48f-101ccc9026e5}</UniqueIdentifier>
    </Filter>
    <Filter Include="Archivos de encabezado\OSKengine\RenderAPI\SpriteRendering">
      <UniqueIdentifier>{fd8b8838-6121-458b-8e69-d1c456857d82}</UniqueIdentifier>
    </Filter>
    <Filter Include="Archivos de encabezado\OSKengine\RenderAPI\Lights">
      <UniqueIdentifier>{39442691-43c4-4e10-9909-40149cdd4cde}</UniqueIdentifier>
    </Filter>
    <Filter Include="Archivos de origen\OSKengine\RenderAPI">
      <UniqueIdentifier>{faa6f872-0791-471a-831c-f6de352b4ca9}</UniqueIdentifier>
    </Filter>
    <Filter Include="Archivos de origen\OSKengine\RenderAPI\Vulkan">
      <UniqueIdentifier>{51d0d968-e38d-4406-9dd5-db1d7abf8f59}</UniqueIdentifier>
    </Filter>
    <Filter Include="Archivos de origen\OSKengine\RenderAPI\Font">
      <UniqueIdentifier>{90071103-2952-4a73-b6b2-27fb13990705}</UniqueIdentifier>
    </Filter>
    <Filter Include="Archivos de origen\OSKengine\RenderAPI\Terrain">
      <UniqueIdentifier>{a4506cf0-5f68-483b-b7fb-3be8ec827547}</UniqueIdentifier>
    </Filter>
    <Filter Include="Archivos de encabezado\OSKengine\RenderAPI\Shadows">
      <UniqueIdentifier>{738bfe36-d8b5-4c65-b870-defb8ee95059}</UniqueIdentifier>
    </Filter>
    <Filter Include="Archivos de origen\OSKengine\RenderAPI\Shadows">
      <UniqueIdentifier>{497b47eb-a57a-4d38-80e0-70c5fdfbf08e}</UniqueIdentifier>
    </Filter>
    <Filter Include="Archivos de encabezado\OSKengine\Engine">
      <UniqueIdentifier>{a56c1eaf-4985-486a-926c-bdae0af48a93}</UniqueIdentifier>
    </Filter>
    <Filter Include="Archivos de encabezado\OSKengine\Engine\ECS">
      <UniqueIdentifier>{2bd80faf-aa4c-47b8-a972-ad5a9b0d5b0b}</UniqueIdentifier>
    </Filter>
    <Filter Include="Archivos de encabezado\OSKengine\Engine\Systems">
      <UniqueIdentifier>{5d405dd1-431b-40d0-a073-337518911624}</UniqueIdentifier>
    </Filter>
    <Filter Include="Archivos de encabezado\OSKengine\Engine\Components">
      <UniqueIdentifier>{9e5e58f1-a963-4c92-b69f-9ee524e07d7b}</UniqueIdentifier>
    </Filter>
    <Filter Include="Archivos de encabezado\Game">
      <UniqueIdentifier>{97621307-1509-4d13-9895-ae95b57786a9}</UniqueIdentifier>
    </Filter>
    <Filter Include="Archivos de origen\OSKengine\Engine">
      <UniqueIdentifier>{067f2077-2e22-40dd-8bdd-42c67cae4911}</UniqueIdentifier>
    </Filter>
    <Filter Include="Archivos de origen\OSKengine\Engine\Systems">
      <UniqueIdentifier>{ddb0b7c4-519c-4786-9200-a4df77444163}</UniqueIdentifier>
    </Filter>
    <Filter Include="Archivos de origen\Game">
      <UniqueIdentifier>{2df74433-d93c-4915-8d86-102c156ee0ca}</UniqueIdentifier>
    </Filter>
    <Filter Include="Archivos de encabezado\OSKengine\TP\ImGUI">
      <UniqueIdentifier>{d74cf9bf-c6cc-4868-a0d0-c68aeb20c54f}</UniqueIdentifier>
    </Filter>
    <Filter Include="Archivos de origen\OSKengine\TP\ImGUI">
      <UniqueIdentifier>{e47edb5c-b7f1-4389-9993-c55cda6e6ea1}</UniqueIdentifier>
    </Filter>
    <Filter Include="Archivos de encabezado\OSKengine\RenderAPI\Animation">
      <UniqueIdentifier>{9c2c9747-0b80-466b-9b32-264f8c7ad40d}</UniqueIdentifier>
    </Filter>
    <Filter Include="Archivos de encabezado\OSKengine\Collections">
      <UniqueIdentifier>{94d4a808-155a-427e-9ee1-afad04d1ee26}</UniqueIdentifier>
    </Filter>
    <Filter Include="Archivos de encabezado\OSKengine\Memory">
      <UniqueIdentifier>{310ec2ab-d684-4479-9104-b05caa43caec}</UniqueIdentifier>
    </Filter>
    <Filter Include="Archivos de origen\OSKengine\Memory">
      <UniqueIdentifier>{852ea362-438e-4d13-adb2-2a4720cdf953}</UniqueIdentifier>
    </Filter>
    <Filter Include="Archivos de encabezado\OSKengine\Engine\Systems\Input">
      <UniqueIdentifier>{b152ecdc-dd5f-4fe1-b97e-ff70ccb351cd}</UniqueIdentifier>
    </Filter>
    <Filter Include="Archivos de origen\OSKengine\Engine\Components">
      <UniqueIdentifier>{f36db967-7b01-47b8-8809-62bb84fefb4e}</UniqueIdentifier>
    </Filter>
    <Filter Include="Archivos de origen\OSKengine\Engine\ECS">
      <UniqueIdentifier>{de8264f7-26d2-4c05-a4e7-398a800ee472}</UniqueIdentifier>
    </Filter>
    <Filter Include="Archivos de origen\OSKengine\RenderAPI\Animation">
      <UniqueIdentifier>{95c1292f-8b86-4def-b0e4-7e9ad928c301}</UniqueIdentifier>
    </Filter>
    <Filter Include="Archivos de encabezado\OSKengine\RenderAPI\Terrain">
      <UniqueIdentifier>{49b23290-011f-4172-99b6-a43320cad0dc}</UniqueIdentifier>
    </Filter>
    <Filter Include="Archivos de origen\OSKengine\RenderAPI\SpriteRendering">
      <UniqueIdentifier>{9f7d1334-6497-4261-81c1-e40fd50cb68e}</UniqueIdentifier>
    </Filter>
    <Filter Include="Archivos de encabezado\OSKengine\RenderAPI\Vulkan\Renderpass">
      <UniqueIdentifier>{b33a0cc7-c4ca-4abc-8026-61cf79c081b1}</UniqueIdentifier>
    </Filter>
    <Filter Include="Archivos de origen\OSKengine\RenderAPI\Vulkan\Renderpass">
      <UniqueIdentifier>{0c27290d-9185-4082-b56b-8be97ebbcf75}</UniqueIdentifier>
    </Filter>
    <Filter Include="Archivos de encabezado\OSKengine\RenderAPI\Model">
      <UniqueIdentifier>{14c123d9-2b0b-4587-8eac-3d5d9cd987da}</UniqueIdentifier>
    </Filter>
    <Filter Include="Archivos de origen\OSKengine\RenderAPI\Model">
      <UniqueIdentifier>{e5612d88-c3c2-4d9c-a79a-b6da47eb856d}</UniqueIdentifier>
    </Filter>
    <Filter Include="Doc">
      <UniqueIdentifier>{1772d354-59ad-48dd-8ff1-8f3f7c16449a}</UniqueIdentifier>
    </Filter>
    <Filter Include="Archivos de encabezado\OSKengine\Engine\SceneSystem">
      <UniqueIdentifier>{b4a58e4d-8d76-4c36-b70f-757aac1aa3af}</UniqueIdentifier>
    </Filter>
    <Filter Include="Archivos de encabezado\OSKengine\Engine\SceneSystem\Loader">
      <UniqueIdentifier>{6419c174-8317-406d-8490-02f36b846686}</UniqueIdentifier>
    </Filter>
    <Filter Include="Archivos de encabezado\OSKengine\Engine\SceneSystem\Loader\Tokens">
      <UniqueIdentifier>{42691ab2-a368-4787-8cf2-6b25329b6fcb}</UniqueIdentifier>
    </Filter>
    <Filter Include="Archivos de origen\OSKengine\Engine\SceneSystem">
      <UniqueIdentifier>{ad27be8f-7d82-47bb-9448-0d4d1923dc1c}</UniqueIdentifier>
    </Filter>
    <Filter Include="Archivos de origen\OSKengine\Engine\SceneSystem\Tokens">
      <UniqueIdentifier>{aca84489-7c18-4af1-8232-3ec0a3be622c}</UniqueIdentifier>
    </Filter>
    <Filter Include="Archivos de encabezado\OSKengine\RenderAPI\Vulkan\Allocator">
      <UniqueIdentifier>{e5e80f26-1044-4b4c-b926-7747c9fa6a00}</UniqueIdentifier>
    </Filter>
    <Filter Include="Archivos de origen\OSKengine\RenderAPI\Vulkan\Allocator">
      <UniqueIdentifier>{012aad6e-525d-4d0c-8f1b-913c5b8ea853}</UniqueIdentifier>
    </Filter>
    <Filter Include="Archivos de encabezado\OSKengine\RenderAPI\Material">
      <UniqueIdentifier>{acd370cf-101b-4ab5-8ce6-1875853005b6}</UniqueIdentifier>
    </Filter>
    <Filter Include="Archivos de origen\OSKengine\RenderAPI\Material">
      <UniqueIdentifier>{cc2caafc-77d5-4490-a469-77a214f9ce74}</UniqueIdentifier>
    </Filter>
  </ItemGroup>
  <ItemGroup>
    <ClCompile Include="main.cpp">
      <Filter>Archivos de origen</Filter>
    </ClCompile>
    <ClCompile Include="WindowAPI.cpp">
      <Filter>Archivos de origen\OSKengine\WindowAPI</Filter>
    </ClCompile>
    <ClCompile Include="KeyboardState.cpp">
      <Filter>Archivos de origen\OSKengine\WindowAPI</Filter>
    </ClCompile>
    <ClCompile Include="MouseState.cpp">
      <Filter>Archivos de origen\OSKengine\WindowAPI</Filter>
    </ClCompile>
    <ClCompile Include="AudioAPI.cpp">
      <Filter>Archivos de origen\OSKengine\AudioAPI</Filter>
    </ClCompile>
    <ClCompile Include="SoundEntity.cpp">
      <Filter>Archivos de origen\OSKengine\AudioAPI</Filter>
    </ClCompile>
    <ClCompile Include="Transform.cpp">
      <Filter>Archivos de origen\OSKengine\GameAPI</Filter>
    </ClCompile>
    <ClCompile Include="Log.cpp">
      <Filter>Archivos de origen\OSKengine\Util</Filter>
    </ClCompile>
    <ClCompile Include="ToString.cpp">
      <Filter>Archivos de origen\OSKengine\Util</Filter>
    </ClCompile>
    <ClCompile Include="Color.cpp">
      <Filter>Archivos de origen\OSKengine\Types</Filter>
    </ClCompile>
    <ClCompile Include="FileIO.cpp">
      <Filter>Archivos de origen\OSKengine\Util</Filter>
    </ClCompile>
    <ClCompile Include="VulkanRenderer.cpp">
      <Filter>Archivos de origen\OSKengine\RenderAPI</Filter>
    </ClCompile>
    <ClCompile Include="QueueFamilyIndices.cpp">
      <Filter>Archivos de origen\OSKengine\RenderAPI\Vulkan</Filter>
    </ClCompile>
    <ClCompile Include="Sprite.cpp">
      <Filter>Archivos de origen\OSKengine\RenderAPI</Filter>
    </ClCompile>
    <ClCompile Include="Camera2D.cpp">
      <Filter>Archivos de origen\OSKengine\RenderAPI</Filter>
    </ClCompile>
    <ClCompile Include="SpriteBatch.cpp">
      <Filter>Archivos de origen\OSKengine\RenderAPI</Filter>
    </ClCompile>
    <ClCompile Include="Font.cpp">
      <Filter>Archivos de origen\OSKengine\RenderAPI\Font</Filter>
    </ClCompile>
    <ClCompile Include="Transform2D.cpp">
      <Filter>Archivos de origen\OSKengine\GameAPI</Filter>
    </ClCompile>
    <ClCompile Include="Camera3D.cpp">
      <Filter>Archivos de origen\OSKengine\RenderAPI</Filter>
    </ClCompile>
    <ClCompile Include="Model.cpp">
      <Filter>Archivos de origen\OSKengine\RenderAPI</Filter>
    </ClCompile>
    <ClCompile Include="AnimatedModel.cpp">
      <Filter>Archivos de origen\OSKengine\RenderAPI</Filter>
    </ClCompile>
    <ClCompile Include="GpuBuffer.cpp">
      <Filter>Archivos de origen\OSKengine\RenderAPI\Vulkan</Filter>
    </ClCompile>
    <ClCompile Include="DescriptorLayout.cpp">
      <Filter>Archivos de origen\OSKengine\RenderAPI\Vulkan</Filter>
    </ClCompile>
    <ClCompile Include="DescriptorSet.cpp">
      <Filter>Archivos de origen\OSKengine\RenderAPI\Vulkan</Filter>
    </ClCompile>
    <ClCompile Include="GraphicsPipeline.cpp">
      <Filter>Archivos de origen\OSKengine\RenderAPI\Vulkan</Filter>
    </ClCompile>
    <ClCompile Include="Vertex.cpp">
      <Filter>Archivos de origen\OSKengine\RenderAPI\Vulkan</Filter>
    </ClCompile>
    <ClCompile Include="LightsUBO.cpp">
      <Filter>Archivos de origen\OSKengine\RenderAPI</Filter>
    </ClCompile>
    <ClCompile Include="GpuImage.cpp">
      <Filter>Archivos de origen\OSKengine\RenderAPI\Vulkan</Filter>
    </ClCompile>
    <ClCompile Include="Texture.cpp">
      <Filter>Archivos de origen\OSKengine\RenderAPI</Filter>
    </ClCompile>
    <ClCompile Include="Skybox.cpp">
      <Filter>Archivos de origen\OSKengine\RenderAPI</Filter>
    </ClCompile>
    <ClCompile Include="RenderizableScene.cpp">
      <Filter>Archivos de origen\OSKengine\RenderAPI</Filter>
    </ClCompile>
    <ClCompile Include="Terrain.cpp">
      <Filter>Archivos de origen\OSKengine\RenderAPI\Terrain</Filter>
    </ClCompile>
    <ClCompile Include="CollisionSphere.cpp">
      <Filter>Archivos de origen\OSKengine\Collision</Filter>
    </ClCompile>
    <ClCompile Include="CollisionBox.cpp">
      <Filter>Archivos de origen\OSKengine\Collision</Filter>
    </ClCompile>
    <ClCompile Include="VulkanImageGen.cpp">
      <Filter>Archivos de origen\OSKengine\RenderAPI\Vulkan</Filter>
    </ClCompile>
    <ClCompile Include="ContentManager.cpp">
      <Filter>Archivos de origen\OSKengine\ContentAPI</Filter>
    </ClCompile>
    <ClCompile Include="ProfilingUnit.cpp">
      <Filter>Archivos de origen\OSKengine\Util</Filter>
    </ClCompile>
    <ClCompile Include="Profiler.cpp">
      <Filter>Archivos de origen\OSKengine\Util</Filter>
    </ClCompile>
    <ClCompile Include="Collider.cpp">
      <Filter>Archivos de origen\OSKengine\Collision</Filter>
    </ClCompile>
    <ClCompile Include="SAT_Collider.cpp">
      <Filter>Archivos de origen\OSKengine\Collision\SAT</Filter>
    </ClCompile>
    <ClCompile Include="RayCast.cpp">
      <Filter>Archivos de origen\OSKengine\Collision</Filter>
    </ClCompile>
    <ClCompile Include="PhysicsScene.cpp">
      <Filter>Archivos de origen\OSKengine\Physics</Filter>
    </ClCompile>
    <ClCompile Include="Quaternion.cpp">
      <Filter>Archivos de origen\OSKengine\Types</Filter>
    </ClCompile>
    <ClCompile Include="Framebuffer.cpp">
      <Filter>Archivos de origen\OSKengine\RenderAPI\Vulkan</Filter>
    </ClCompile>
    <ClCompile Include="RenderTarget.cpp">
      <Filter>Archivos de origen\OSKengine\RenderAPI</Filter>
    </ClCompile>
    <ClCompile Include="RenderStage.cpp">
      <Filter>Archivos de origen\OSKengine\RenderAPI</Filter>
    </ClCompile>
    <ClCompile Include="ShadowMap.cpp">
      <Filter>Archivos de origen\OSKengine\RenderAPI\Shadows</Filter>
    </ClCompile>
    <ClCompile Include="CubeShadowMap.cpp">
      <Filter>Archivos de origen\OSKengine\RenderAPI\Shadows</Filter>
    </ClCompile>
    <ClCompile Include="RenderSystem3D.cpp">
      <Filter>Archivos de origen\OSKengine\Engine\Systems</Filter>
    </ClCompile>
    <ClCompile Include="InputSystem.cpp">
      <Filter>Archivos de origen\OSKengine\Engine\Systems</Filter>
    </ClCompile>
    <ClCompile Include="Game.cpp">
      <Filter>Archivos de origen\Game</Filter>
    </ClCompile>
    <ClCompile Include="OnTickSystem.cpp">
      <Filter>Archivos de origen\OSKengine\Engine\Systems</Filter>
    </ClCompile>
    <ClCompile Include="DescriptorPool.cpp">
      <Filter>Archivos de origen\OSKengine\RenderAPI\Vulkan</Filter>
    </ClCompile>
    <ClCompile Include="OSKsettings.cpp">
      <Filter>Archivos de origen\OSKengine</Filter>
    </ClCompile>
    <ClCompile Include="Memory.cpp">
      <Filter>Archivos de origen\OSKengine\Memory</Filter>
    </ClCompile>
    <ClCompile Include="SAT_Projection.cpp">
      <Filter>Archivos de origen\OSKengine\Collision\SAT</Filter>
    </ClCompile>
    <ClCompile Include="InputComponent.cpp">
      <Filter>Archivos de origen\OSKengine\Engine\Components</Filter>
    </ClCompile>
    <ClCompile Include="ModelComponent.cpp">
      <Filter>Archivos de origen\OSKengine\Engine\Components</Filter>
    </ClCompile>
    <ClCompile Include="ComponentManager.cpp">
      <Filter>Archivos de origen\OSKengine\Engine\ECS</Filter>
    </ClCompile>
    <ClCompile Include="ECS.cpp">
      <Filter>Archivos de origen\OSKengine\Engine\ECS</Filter>
    </ClCompile>
    <ClCompile Include="GameObject.cpp">
      <Filter>Archivos de origen\OSKengine\Engine\ECS</Filter>
    </ClCompile>
    <ClCompile Include="GameObjectManager.cpp">
      <Filter>Archivos de origen\OSKengine\Engine\ECS</Filter>
    </ClCompile>
    <ClCompile Include="System.cpp">
      <Filter>Archivos de origen\OSKengine\Engine\ECS</Filter>
    </ClCompile>
    <ClCompile Include="SystemManager.cpp">
      <Filter>Archivos de origen\OSKengine\Engine\ECS</Filter>
    </ClCompile>
    <ClCompile Include="SAnimation.cpp">
      <Filter>Archivos de origen\OSKengine\RenderAPI\Animation</Filter>
    </ClCompile>
    <ClCompile Include="SNodeAnim.cpp">
      <Filter>Archivos de origen\OSKengine\RenderAPI\Animation</Filter>
    </ClCompile>
    <ClCompile Include="SNode.cpp">
      <Filter>Archivos de origen\OSKengine\RenderAPI\Animation</Filter>
    </ClCompile>
    <ClCompile Include="SpriteContainer.cpp">
      <Filter>Archivos de origen\OSKengine\RenderAPI\SpriteRendering</Filter>
    </ClCompile>
    <ClCompile Include="Heightmap.cpp">
      <Filter>Archivos de origen\OSKengine\RenderAPI\Terrain</Filter>
    </ClCompile>
    <ClCompile Include="Renderpass.cpp">
      <Filter>Archivos de origen\OSKengine\RenderAPI\Vulkan\Renderpass</Filter>
    </ClCompile>
    <ClCompile Include="RenderpassSubpass.cpp">
      <Filter>Archivos de origen\OSKengine\RenderAPI\Vulkan\Renderpass</Filter>
    </ClCompile>
    <ClCompile Include="RenderpassAttachment.cpp">
      <Filter>Archivos de origen\OSKengine\RenderAPI\Vulkan\Renderpass</Filter>
    </ClCompile>
    <ClCompile Include="VertexBoneData.cpp">
      <Filter>Archivos de origen\OSKengine\RenderAPI\Animation</Filter>
    </ClCompile>
    <ClCompile Include="AnimUBO.cpp">
      <Filter>Archivos de origen\OSKengine\RenderAPI\Animation</Filter>
    </ClCompile>
    <ClCompile Include="ModelData.cpp">
      <Filter>Archivos de origen\OSKengine\RenderAPI\Model</Filter>
    </ClCompile>
    <ClCompile Include="Scanner.cpp">
      <Filter>Archivos de origen\OSKengine\Engine\SceneSystem</Filter>
    </ClCompile>
    <ClCompile Include="Scene.cpp">
      <Filter>Archivos de origen\OSKengine\Engine\SceneSystem</Filter>
    </ClCompile>
    <ClCompile Include="PlaceToken.cpp">
      <Filter>Archivos de origen\OSKengine\Engine\SceneSystem\Tokens</Filter>
    </ClCompile>
    <ClCompile Include="SkyboxToken.cpp">
      <Filter>Archivos de origen\OSKengine\Engine\SceneSystem\Tokens</Filter>
    </ClCompile>
    <ClCompile Include="TerrainToken.cpp">
      <Filter>Archivos de origen\OSKengine\Engine\SceneSystem\Tokens</Filter>
    </ClCompile>
    <ClCompile Include="VersionToken.cpp">
      <Filter>Archivos de origen\OSKengine\Engine\SceneSystem\Tokens</Filter>
    </ClCompile>
    <ClCompile Include="Vector3TokenConverter.cpp">
      <Filter>Archivos de origen\OSKengine\Engine\SceneSystem\Tokens</Filter>
    </ClCompile>
    <ClCompile Include="GamepadState.cpp">
      <Filter>Archivos de origen\OSKengine\WindowAPI</Filter>
    </ClCompile>
    <ClCompile Include="UiElement.cpp">
      <Filter>Archivos de origen\OSKengine\UI</Filter>
    </ClCompile>
    <ClCompile Include="UiFunctionality.cpp">
      <Filter>Archivos de origen\OSKengine\UI</Filter>
    </ClCompile>
    <ClCompile Include="VulkanMemorySubblock.cpp">
      <Filter>Archivos de origen\OSKengine\RenderAPI\Vulkan\Allocator</Filter>
    </ClCompile>
    <ClCompile Include="VulkanMemoryBlock.cpp">
      <Filter>Archivos de origen\OSKengine\RenderAPI\Vulkan\Allocator</Filter>
    </ClCompile>
    <ClCompile Include="VulkanAllocator.cpp">
      <Filter>Archivos de origen\OSKengine\RenderAPI\Vulkan\Allocator</Filter>
    </ClCompile>
    <ClCompile Include="Assert.cpp">
      <Filter>Archivos de origen\OSKengine\Util</Filter>
    </ClCompile>
    <ClCompile Include="GpuInfo.cpp">
      <Filter>Archivos de origen\OSKengine\RenderAPI\Vulkan</Filter>
    </ClCompile>
    <ClCompile Include="Swapchain.cpp">
      <Filter>Archivos de origen\OSKengine\RenderAPI\Vulkan</Filter>
    </ClCompile>
    <ClCompile Include="PropertiesFile.cpp">
      <Filter>Archivos de origen\OSKengine\Util</Filter>
    </ClCompile>
    <ClCompile Include="MaterialSlot.cpp">
      <Filter>Archivos de origen\OSKengine\RenderAPI\Material</Filter>
    </ClCompile>
    <ClCompile Include="MaterialSlotPool.cpp">
      <Filter>Archivos de origen\OSKengine\RenderAPI\Material</Filter>
    </ClCompile>
    <ClCompile Include="MaterialInstance.cpp">
      <Filter>Archivos de origen\OSKengine\RenderAPI\Material</Filter>
    </ClCompile>
    <ClCompile Include="Material.cpp">
      <Filter>Archivos de origen\OSKengine\RenderAPI\Material</Filter>
    </ClCompile>
    <ClCompile Include="MaterialSystem.cpp">
      <Filter>Archivos de origen\OSKengine\RenderAPI\Material</Filter>
    </ClCompile>
    <ClCompile Include="MaterialBinding.cpp">
      <Filter>Archivos de origen\OSKengine\RenderAPI\Material</Filter>
    </ClCompile>
    <ClCompile Include="MaterialPipelineInfo.cpp">
      <Filter>Archivos de origen\OSKengine\RenderAPI\Material</Filter>
    </ClCompile>
    <ClCompile Include="UniformBuffer.cpp">
      <Filter>Archivos de origen\OSKengine\RenderAPI</Filter>
    </ClCompile>
  </ItemGroup>
  <ItemGroup>
    <ClInclude Include="WindowAPI.h">
      <Filter>Archivos de encabezado\OSKengine\WindowAPI</Filter>
    </ClInclude>
    <ClInclude Include="KeyboardState.h">
      <Filter>Archivos de encabezado\OSKengine\WindowAPI</Filter>
    </ClInclude>
    <ClInclude Include="MouseState.h">
      <Filter>Archivos de encabezado\OSKengine\WindowAPI</Filter>
    </ClInclude>
    <ClInclude Include="stbi_image.h">
      <Filter>Archivos de encabezado\OSKengine\TP</Filter>
    </ClInclude>
    <ClInclude Include="DirectionalLight.h">
      <Filter>Archivos de encabezado\OSKengine\RenderAPI\Lights</Filter>
    </ClInclude>
    <ClInclude Include="AudioAPI.h">
      <Filter>Archivos de encabezado\OSKengine\AudioAPI</Filter>
    </ClInclude>
    <ClInclude Include="SoundEntity.h">
      <Filter>Archivos de encabezado\OSKengine\AudioAPI</Filter>
    </ClInclude>
    <ClInclude Include="PointLight.h">
      <Filter>Archivos de encabezado\OSKengine\RenderAPI\Lights</Filter>
    </ClInclude>
    <ClInclude Include="Transform.h">
      <Filter>Archivos de encabezado\OSKengine\GameAPI</Filter>
    </ClInclude>
    <ClInclude Include="Log.h">
      <Filter>Archivos de encabezado\OSKengine\Util</Filter>
    </ClInclude>
    <ClInclude Include="ToString.h">
      <Filter>Archivos de encabezado\OSKengine\Util</Filter>
    </ClInclude>
    <ClInclude Include="KeysEnum.h">
      <Filter>Archivos de encabezado\OSKengine\Enums</Filter>
    </ClInclude>
    <ClInclude Include="KeyStatesEnum.h">
      <Filter>Archivos de encabezado\OSKengine\Enums</Filter>
    </ClInclude>
    <ClInclude Include="ButtonStatesEnum.h">
      <Filter>Archivos de encabezado\OSKengine\Enums</Filter>
    </ClInclude>
    <ClInclude Include="OverallMouseInputModeEnum.h">
      <Filter>Archivos de encabezado\OSKengine\Enums</Filter>
    </ClInclude>
    <ClInclude Include="MouseVisibilityEnum.h">
      <Filter>Archivos de encabezado\OSKengine\Enums</Filter>
    </ClInclude>
    <ClInclude Include="MouseAccelerationModeEnum.h">
      <Filter>Archivos de encabezado\OSKengine\Enums</Filter>
    </ClInclude>
    <ClInclude Include="TextRenderingLimitActionsEnum.h">
      <Filter>Archivos de encabezado\OSKengine\Enums</Filter>
    </ClInclude>
    <ClInclude Include="AnchorEnum.h">
      <Filter>Archivos de encabezado\OSKengine\Enums</Filter>
    </ClInclude>
    <ClInclude Include="OSKtypes.h">
      <Filter>Archivos de encabezado\OSKengine</Filter>
    </ClInclude>
    <ClInclude Include="OSKmacros.h">
      <Filter>Archivos de encabezado\OSKengine</Filter>
    </ClInclude>
    <ClInclude Include="OSKsettings.h">
      <Filter>Archivos de encabezado\OSKengine</Filter>
    </ClInclude>
    <ClInclude Include="Color.h">
      <Filter>Archivos de encabezado\OSKengine\Types</Filter>
    </ClInclude>
    <ClInclude Include="ButtonCodeEnum.h">
      <Filter>Archivos de encabezado\OSKengine\Enums</Filter>
    </ClInclude>
    <ClInclude Include="RenderSettingsBitFlags.h">
      <Filter>Archivos de encabezado\OSKengine\Enums</Filter>
    </ClInclude>
    <ClInclude Include="AnchorTextToEnum.h">
      <Filter>Archivos de encabezado\OSKengine\Enums</Filter>
    </ClInclude>
    <ClInclude Include="FileIO.h">
      <Filter>Archivos de encabezado\OSKengine\Util</Filter>
    </ClInclude>
    <ClInclude Include="LogMessageLevelsEnum.h">
      <Filter>Archivos de encabezado\OSKengine\Enums</Filter>
    </ClInclude>
    <ClInclude Include="VulkanRenderer.h">
      <Filter>Archivos de encabezado\OSKengine\RenderAPI</Filter>
    </ClInclude>
    <ClInclude Include="Version.h">
      <Filter>Archivos de encabezado\OSKengine\Util</Filter>
    </ClInclude>
    <ClInclude Include="GpuInfo.h">
      <Filter>Archivos de encabezado\OSKengine\RenderAPI\Vulkan</Filter>
    </ClInclude>
    <ClInclude Include="QueueFamilyIndices.h">
      <Filter>Archivos de encabezado\OSKengine\RenderAPI\Vulkan</Filter>
    </ClInclude>
    <ClInclude Include="SwapchainSupportDetails.h">
      <Filter>Archivos de encabezado\OSKengine\RenderAPI\Vulkan</Filter>
    </ClInclude>
    <ClInclude Include="PresentMode.h">
      <Filter>Archivos de encabezado\OSKengine\RenderAPI</Filter>
    </ClInclude>
    <ClInclude Include="GpuImage.h">
      <Filter>Archivos de encabezado\OSKengine\RenderAPI\Vulkan</Filter>
    </ClInclude>
    <ClInclude Include="GpuDataBuffer.h">
      <Filter>Archivos de encabezado\OSKengine\RenderAPI\Vulkan</Filter>
    </ClInclude>
    <ClInclude Include="Texture.h">
      <Filter>Archivos de encabezado\OSKengine\RenderAPI</Filter>
    </ClInclude>
    <ClInclude Include="Sprite.h">
      <Filter>Archivos de encabezado\OSKengine\RenderAPI</Filter>
    </ClInclude>
    <ClInclude Include="Camera2D.h">
      <Filter>Archivos de encabezado\OSKengine\RenderAPI</Filter>
    </ClInclude>
    <ClInclude Include="SpriteBatch.h">
      <Filter>Archivos de encabezado\OSKengine\RenderAPI</Filter>
    </ClInclude>
    <ClInclude Include="Font.h">
      <Filter>Archivos de encabezado\OSKengine\RenderAPI\Font</Filter>
    </ClInclude>
    <ClInclude Include="FontChar.h">
      <Filter>Archivos de encabezado\OSKengine\RenderAPI\Font</Filter>
    </ClInclude>
    <ClInclude Include="Transform2D.h">
      <Filter>Archivos de encabezado\OSKengine\GameAPI</Filter>
    </ClInclude>
    <ClInclude Include="resource.h">
      <Filter>Archivos de encabezado</Filter>
    </ClInclude>
    <ClInclude Include="Camera3D.h">
      <Filter>Archivos de encabezado\OSKengine\RenderAPI</Filter>
    </ClInclude>
    <ClInclude Include="Model.h">
      <Filter>Archivos de encabezado\OSKengine\RenderAPI</Filter>
    </ClInclude>
    <ClInclude Include="UBO.h">
      <Filter>Archivos de encabezado\OSKengine\RenderAPI</Filter>
    </ClInclude>
    <ClInclude Include="PushConst3D.h">
      <Filter>Archivos de encabezado\OSKengine\RenderAPI</Filter>
    </ClInclude>
    <ClInclude Include="AnimatedModel.h">
      <Filter>Archivos de encabezado\OSKengine\RenderAPI</Filter>
    </ClInclude>
    <ClInclude Include="Vertex.h">
      <Filter>Archivos de encabezado\OSKengine\RenderAPI\Vulkan</Filter>
    </ClInclude>
    <ClInclude Include="DescriptorLayout.h">
      <Filter>Archivos de encabezado\OSKengine\RenderAPI\Vulkan</Filter>
    </ClInclude>
    <ClInclude Include="DescriptorSet.h">
      <Filter>Archivos de encabezado\OSKengine\RenderAPI\Vulkan</Filter>
    </ClInclude>
    <ClInclude Include="GraphicsPipeline.h">
      <Filter>Archivos de encabezado\OSKengine\RenderAPI\Vulkan</Filter>
    </ClInclude>
    <ClInclude Include="LightsUBO.h">
      <Filter>Archivos de encabezado\OSKengine\RenderAPI</Filter>
    </ClInclude>
    <ClInclude Include="Skybox.h">
      <Filter>Archivos de encabezado\OSKengine\RenderAPI</Filter>
    </ClInclude>
    <ClInclude Include="RenderizableScene.h">
      <Filter>Archivos de encabezado\OSKengine\RenderAPI</Filter>
    </ClInclude>
    <ClInclude Include="Terrain.h">
      <Filter>Archivos de encabezado\OSKengine\RenderAPI\Terrain</Filter>
    </ClInclude>
    <ClInclude Include="Heightmap.h">
      <Filter>Archivos de encabezado\OSKengine\RenderAPI\Terrain</Filter>
    </ClInclude>
    <ClInclude Include="CollisionBox.h">
      <Filter>Archivos de encabezado\OSKengine\Collision</Filter>
    </ClInclude>
    <ClInclude Include="CollisionSphere.h">
      <Filter>Archivos de encabezado\OSKengine\Collision</Filter>
    </ClInclude>
    <ClInclude Include="VulkanImageGen.h">
      <Filter>Archivos de encabezado\OSKengine\RenderAPI\Vulkan</Filter>
    </ClInclude>
    <ClInclude Include="ContentManager.h">
      <Filter>Archivos de encabezado\OSKengine\ContentAPI</Filter>
    </ClInclude>
    <ClInclude Include="PhysicsEntity.h">
      <Filter>Archivos de encabezado\OSKengine\Physics</Filter>
    </ClInclude>
    <ClInclude Include="PhysicsSystem.h">
      <Filter>Archivos de encabezado\OSKengine\Physics</Filter>
    </ClInclude>
    <ClInclude Include="Collider.h">
      <Filter>Archivos de encabezado\OSKengine\Collision</Filter>
    </ClInclude>
    <ClInclude Include="PhysicalEntityType.h">
      <Filter>Archivos de encabezado\OSKengine\Enums</Filter>
    </ClInclude>
    <ClInclude Include="Profiler.h">
      <Filter>Archivos de encabezado\OSKengine\Util</Filter>
    </ClInclude>
    <ClInclude Include="ProfilingUnit.h">
      <Filter>Archivos de encabezado\OSKengine\Util</Filter>
    </ClInclude>
    <ClInclude Include="SAT_Collider.h">
      <Filter>Archivos de encabezado\OSKengine\Collision\SAT</Filter>
    </ClInclude>
    <ClInclude Include="SAT_CollisionInfo.h">
      <Filter>Archivos de encabezado\OSKengine\Collision\SAT</Filter>
    </ClInclude>
    <ClInclude Include="SAT_Projection.hpp">
      <Filter>Archivos de encabezado\OSKengine\Collision\SAT</Filter>
    </ClInclude>
    <ClInclude Include="Vector2.hpp">
      <Filter>Archivos de encabezado\OSKengine\Types</Filter>
    </ClInclude>
    <ClInclude Include="Vector3.hpp">
      <Filter>Archivos de encabezado\OSKengine\Types</Filter>
    </ClInclude>
    <ClInclude Include="Vector4.hpp">
      <Filter>Archivos de encabezado\OSKengine\Types</Filter>
    </ClInclude>
    <ClInclude Include="RayCast.h">
      <Filter>Archivos de encabezado\OSKengine\Collision</Filter>
    </ClInclude>
    <ClInclude Include="Math.h">
      <Filter>Archivos de encabezado\OSKengine\Util</Filter>
    </ClInclude>
    <ClInclude Include="Quaternion.h">
      <Filter>Archivos de encabezado\OSKengine\Types</Filter>
    </ClInclude>
    <ClInclude Include="stbi_image_write.h">
      <Filter>Archivos de encabezado\OSKengine\TP</Filter>
    </ClInclude>
    <ClInclude Include="SpriteContainer.h">
      <Filter>Archivos de encabezado\OSKengine\RenderAPI\SpriteRendering</Filter>
    </ClInclude>
    <ClInclude Include="Framebuffer.h">
      <Filter>Archivos de encabezado\OSKengine\RenderAPI\Vulkan</Filter>
    </ClInclude>
    <ClInclude Include="RenderTarget.h">
      <Filter>Archivos de encabezado\OSKengine\RenderAPI</Filter>
    </ClInclude>
    <ClInclude Include="RenderStage.h">
      <Filter>Archivos de encabezado\OSKengine\RenderAPI</Filter>
    </ClInclude>
    <ClInclude Include="ShadowMap.h">
      <Filter>Archivos de encabezado\OSKengine\RenderAPI\Shadows</Filter>
    </ClInclude>
    <ClInclude Include="CubeShadowMap.h">
      <Filter>Archivos de encabezado\OSKengine\RenderAPI\Shadows</Filter>
    </ClInclude>
    <ClInclude Include="GameObject.h">
      <Filter>Archivos de encabezado\OSKengine\Engine\ECS</Filter>
    </ClInclude>
    <ClInclude Include="Component.h">
      <Filter>Archivos de encabezado\OSKengine\Engine\ECS</Filter>
    </ClInclude>
    <ClInclude Include="ComponentArray.h">
      <Filter>Archivos de encabezado\OSKengine\Engine\ECS</Filter>
    </ClInclude>
    <ClInclude Include="ComponentManager.h">
      <Filter>Archivos de encabezado\OSKengine\Engine\ECS</Filter>
    </ClInclude>
    <ClInclude Include="System.h">
      <Filter>Archivos de encabezado\OSKengine\Engine\ECS</Filter>
    </ClInclude>
    <ClInclude Include="ECS.h">
      <Filter>Archivos de encabezado\OSKengine\Engine\ECS</Filter>
    </ClInclude>
    <ClInclude Include="RenderSystem3D.h">
      <Filter>Archivos de encabezado\OSKengine\Engine\Systems</Filter>
    </ClInclude>
    <ClInclude Include="CollisionComponent.h">
      <Filter>Archivos de encabezado\OSKengine\Engine\Components</Filter>
    </ClInclude>
    <ClInclude Include="GameObjectManager.h">
      <Filter>Archivos de encabezado\OSKengine\Engine\ECS</Filter>
    </ClInclude>
    <ClInclude Include="InputComponent.h">
      <Filter>Archivos de encabezado\OSKengine\Engine\Components</Filter>
    </ClInclude>
    <ClInclude Include="InputSystem.h">
      <Filter>Archivos de encabezado\OSKengine\Engine\Systems</Filter>
    </ClInclude>
    <ClInclude Include="Cube.h">
      <Filter>Archivos de encabezado\Game</Filter>
    </ClInclude>
    <ClInclude Include="ModelComponent.h">
      <Filter>Archivos de encabezado\OSKengine\Engine\Components</Filter>
    </ClInclude>
    <ClInclude Include="OnTickComponent.h">
      <Filter>Archivos de encabezado\OSKengine\Engine\Components</Filter>
    </ClInclude>
    <ClInclude Include="Game.h">
      <Filter>Archivos de encabezado\Game</Filter>
    </ClInclude>
    <ClInclude Include="Components.h">
      <Filter>Archivos de encabezado\OSKengine\Engine\Components</Filter>
    </ClInclude>
    <ClInclude Include="OnTickSystem.h">
      <Filter>Archivos de encabezado\OSKengine\Engine\Systems</Filter>
    </ClInclude>
    <ClInclude Include="Game1.hpp">
      <Filter>Archivos de encabezado\Game</Filter>
    </ClInclude>
    <ClInclude Include="SAnimation.h">
      <Filter>Archivos de encabezado\OSKengine\RenderAPI\Animation</Filter>
    </ClInclude>
    <ClInclude Include="SNodeAnim.h">
      <Filter>Archivos de encabezado\OSKengine\RenderAPI\Animation</Filter>
    </ClInclude>
    <ClInclude Include="PostProcessingSettings.h">
      <Filter>Archivos de encabezado\OSKengine\RenderAPI</Filter>
    </ClInclude>
    <ClInclude Include="DynamicArray.hpp">
      <Filter>Archivos de encabezado\OSKengine\Collections</Filter>
    </ClInclude>
    <ClInclude Include="Stack.hpp">
      <Filter>Archivos de encabezado\OSKengine\Collections</Filter>
    </ClInclude>
    <ClInclude Include="LinkedList.hpp">
      <Filter>Archivos de encabezado\OSKengine\Collections</Filter>
    </ClInclude>
    <ClInclude Include="DescriptorPool.h">
      <Filter>Archivos de encabezado\OSKengine\RenderAPI\Vulkan</Filter>
    </ClInclude>
    <ClInclude Include="SharedPtr.hpp">
      <Filter>Archivos de encabezado\OSKengine\Memory</Filter>
    </ClInclude>
    <ClInclude Include="UniquePtr.hpp">
      <Filter>Archivos de encabezado\OSKengine\Memory</Filter>
    </ClInclude>
    <ClInclude Include="GrowthFactorType.h">
      <Filter>Archivos de encabezado\OSKengine\Collections</Filter>
    </ClInclude>
    <ClInclude Include="ArrayQueue.hpp">
      <Filter>Archivos de encabezado\OSKengine\Collections</Filter>
    </ClInclude>
    <ClInclude Include="Memory.h">
      <Filter>Archivos de encabezado\OSKengine\Memory</Filter>
    </ClInclude>
    <ClInclude Include="ColliderCollisionInfo.h">
      <Filter>Archivos de encabezado\OSKengine\Collision</Filter>
    </ClInclude>
    <ClInclude Include="BroadColliderType.h">
      <Filter>Archivos de encabezado\OSKengine\Collision</Filter>
    </ClInclude>
    <ClInclude Include="RayCastCollisionInfo.h">
      <Filter>Archivos de encabezado\OSKengine\Collision</Filter>
    </ClInclude>
    <ClInclude Include="InputEvent.h">
      <Filter>Archivos de encabezado\OSKengine\Engine\Systems\Input</Filter>
    </ClInclude>
    <ClInclude Include="OneTimeInputEvent.h">
      <Filter>Archivos de encabezado\OSKengine\Engine\Systems\Input</Filter>
    </ClInclude>
    <ClInclude Include="IComponentArray.h">
      <Filter>Archivos de encabezado\OSKengine\Engine\ECS</Filter>
    </ClInclude>
    <ClInclude Include="SystemManager.h">
      <Filter>Archivos de encabezado\OSKengine\Engine\ECS</Filter>
    </ClInclude>
    <ClInclude Include="SVectorKey.h">
      <Filter>Archivos de encabezado\OSKengine\RenderAPI\Animation</Filter>
    </ClInclude>
    <ClInclude Include="SQuaternionKey.h">
      <Filter>Archivos de encabezado\OSKengine\RenderAPI\Animation</Filter>
    </ClInclude>
    <ClInclude Include="SNode.h">
      <Filter>Archivos de encabezado\OSKengine\RenderAPI\Animation</Filter>
    </ClInclude>
    <ClInclude Include="Renderpass.h">
      <Filter>Archivos de encabezado\OSKengine\RenderAPI\Vulkan\Renderpass</Filter>
    </ClInclude>
    <ClInclude Include="RenderpassAttachment.h">
      <Filter>Archivos de encabezado\OSKengine\RenderAPI\Vulkan\Renderpass</Filter>
    </ClInclude>
    <ClInclude Include="SubpassDependency.h">
      <Filter>Archivos de encabezado\OSKengine\RenderAPI\Vulkan\Renderpass</Filter>
    </ClInclude>
    <ClInclude Include="RenderpassSubpass.h">
      <Filter>Archivos de encabezado\OSKengine\RenderAPI\Vulkan\Renderpass</Filter>
    </ClInclude>
    <ClInclude Include="VertexBoneData.h">
      <Filter>Archivos de encabezado\OSKengine\RenderAPI\Animation</Filter>
    </ClInclude>
    <ClInclude Include="BoneInfo.h">
      <Filter>Archivos de encabezado\OSKengine\RenderAPI\Animation</Filter>
    </ClInclude>
    <ClInclude Include="AnimUBO.h">
      <Filter>Archivos de encabezado\OSKengine\RenderAPI\Animation</Filter>
    </ClInclude>
    <ClInclude Include="TempModelData.h">
      <Filter>Archivos de encabezado\OSKengine\RenderAPI\Model</Filter>
    </ClInclude>
    <ClInclude Include="ModelData.h">
      <Filter>Archivos de encabezado\OSKengine\RenderAPI\Model</Filter>
    </ClInclude>
    <ClInclude Include="PushConst2D.h">
      <Filter>Archivos de encabezado\OSKengine\RenderAPI\Vulkan</Filter>
    </ClInclude>
    <ClInclude Include="Scanner.h">
      <Filter>Archivos de encabezado\OSKengine\Engine\SceneSystem\Loader</Filter>
    </ClInclude>
    <ClInclude Include="IToken.h">
      <Filter>Archivos de encabezado\OSKengine\Engine\SceneSystem\Loader\Tokens</Filter>
    </ClInclude>
    <ClInclude Include="PlaceToken.h">
      <Filter>Archivos de encabezado\OSKengine\Engine\SceneSystem\Loader\Tokens</Filter>
    </ClInclude>
    <ClInclude Include="Vector3TokenConverter.h">
      <Filter>Archivos de encabezado\OSKengine\Engine\SceneSystem\Loader\Tokens</Filter>
    </ClInclude>
    <ClInclude Include="VersionToken.h">
      <Filter>Archivos de encabezado\OSKengine\Engine\SceneSystem\Loader\Tokens</Filter>
    </ClInclude>
    <ClInclude Include="SkyboxToken.h">
      <Filter>Archivos de encabezado\OSKengine\Engine\SceneSystem\Loader\Tokens</Filter>
    </ClInclude>
    <ClInclude Include="TerrainToken.h">
      <Filter>Archivos de encabezado\OSKengine\Engine\SceneSystem\Loader\Tokens</Filter>
    </ClInclude>
    <ClInclude Include="Scene.h">
      <Filter>Archivos de encabezado\OSKengine\Engine\SceneSystem</Filter>
    </ClInclude>
    <ClInclude Include="GamepadState.h">
      <Filter>Archivos de encabezado\OSKengine\WindowAPI</Filter>
    </ClInclude>
    <ClInclude Include="AxisInputEvent.h">
      <Filter>Archivos de encabezado\OSKengine\Engine\Systems\Input</Filter>
    </ClInclude>
    <ClInclude Include="UiAnchor.h">
      <Filter>Archivos de encabezado\OSKengine\UI</Filter>
    </ClInclude>
    <ClInclude Include="UiLayout.h">
      <Filter>Archivos de encabezado\OSKengine\UI</Filter>
    </ClInclude>
    <ClInclude Include="UiElement.h">
      <Filter>Archivos de encabezado\OSKengine\UI</Filter>
    </ClInclude>
    <ClInclude Include="UiFunctionality.h">
      <Filter>Archivos de encabezado\OSKengine\UI</Filter>
    </ClInclude>
    <ClInclude Include="VulkanAllocator.h">
      <Filter>Archivos de encabezado\OSKengine\RenderAPI\Vulkan\Allocator</Filter>
    </ClInclude>
    <ClInclude Include="VulkanMemorySubblock.h">
      <Filter>Archivos de encabezado\OSKengine\RenderAPI\Vulkan\Allocator</Filter>
    </ClInclude>
    <ClInclude Include="VulkanMemoryBlock.h">
      <Filter>Archivos de encabezado\OSKengine\RenderAPI\Vulkan\Allocator</Filter>
    </ClInclude>
    <ClInclude Include="Assert.h">
      <Filter>Archivos de encabezado\OSKengine\Util</Filter>
    </ClInclude>
    <ClInclude Include="Swapchain.h">
      <Filter>Archivos de encabezado\OSKengine\RenderAPI\Vulkan</Filter>
    </ClInclude>
    <ClInclude Include="Units.h">
      <Filter>Archivos de encabezado\OSKengine\Util</Filter>
    </ClInclude>
    <ClInclude Include="PropertiesFile.h">
      <Filter>Archivos de encabezado\OSKengine\Util</Filter>
    </ClInclude>
    <ClInclude Include="MaterialSlotType.h">
      <Filter>Archivos de encabezado\OSKengine\RenderAPI\Material</Filter>
    </ClInclude>
    <ClInclude Include="MaterialSlot.h">
      <Filter>Archivos de encabezado\OSKengine\RenderAPI\Material</Filter>
    </ClInclude>
    <ClInclude Include="MaterialSystem.h">
      <Filter>Archivos de encabezado\OSKengine\RenderAPI\Material</Filter>
    </ClInclude>
    <ClInclude Include="Material.h">
      <Filter>Archivos de encabezado\OSKengine\RenderAPI\Material</Filter>
    </ClInclude>
    <ClInclude Include="MaterialInstance.h">
      <Filter>Archivos de encabezado\OSKengine\RenderAPI\Material</Filter>
    </ClInclude>
    <ClInclude Include="MaterialSlotPool.h">
      <Filter>Archivos de encabezado\OSKengine\RenderAPI\Material</Filter>
    </ClInclude>
    <ClInclude Include="MaterialBinding.h">
      <Filter>Archivos de encabezado\OSKengine\RenderAPI\Material</Filter>
    </ClInclude>
    <ClInclude Include="MaterialPipelineInfo.h">
      <Filter>Archivos de encabezado\OSKengine\RenderAPI\Material</Filter>
    </ClInclude>
    <ClInclude Include="OwnedPtr.h">
      <Filter>Archivos de encabezado\OSKengine\Memory</Filter>
    </ClInclude>
    <ClInclude Include="UniformBuffer.h">
      <Filter>Archivos de encabezado\OSKengine\RenderAPI</Filter>
    </ClInclude>
  </ItemGroup>
  <ItemGroup>
    <None Include="cpp.hint" />
    <None Include="VersionHistory.md">
      <Filter>Doc</Filter>
    </None>
    <None Include="ClassDiagram.cd">
      <Filter>Doc</Filter>
    </None>
    <None Include="..\Frameworks\OSKengine\Doc\ScenerySystemSpec.md">
      <Filter>Doc</Filter>
    </None>
    <None Include="ruleset.ruleset" />
  </ItemGroup>
  <ItemGroup>
    <ResourceCompile Include="OSKengine.rc">
      <Filter>Archivos de recursos</Filter>
    </ResourceCompile>
  </ItemGroup>
  <ItemGroup>
    <Image Include="Resources\OSKengine_icon_lowres.ico">
      <Filter>Archivos de recursos</Filter>
    </Image>
    <Image Include="Resources\OSKengine_icon_lowres_64.ico">
      <Filter>Archivos de recursos</Filter>
    </Image>
    <Image Include="Resources\OSKengine_icon_lowres_48.ico">
      <Filter>Archivos de recursos</Filter>
    </Image>
    <Image Include="Resources\OSKengine_icon_lowres_32.ico">
      <Filter>Archivos de recursos</Filter>
    </Image>
    <Image Include="Resources\OSKengine_icon_lowres_16.ico">
      <Filter>Archivos de recursos</Filter>
    </Image>
  </ItemGroup>
  <ItemGroup>
    <Text Include="TODO.txt">
      <Filter>Doc</Filter>
    </Text>
  </ItemGroup>
</Project>