
Microsoft Visual Studio Solution File, Format Version 12.00
# Visual Studio Version 17
VisualStudioVersion = 17.0.31903.59
MinimumVisualStudioVersion = 10.0.40219.1
Project("{8BC9CEB8-8B4A-11D0-8D11-00A0C91BC942}") = "OSKengine", "Source\OSKengine2.vcxproj", "{D11FE06A-327A-4754-8F9A-4789E057725F}"
EndProject
Project("{8BC9CEB8-8B4A-11D0-8D11-00A0C91BC942}") = "UnitTests", "UnitTests\UnitTests.vcxproj", "{B1B6A8FC-5358-4375-99C2-CDE15B81BEB7}"
EndProject
Project("{8BC9CEB8-8B4A-11D0-8D11-00A0C91BC942}") = "Demo", "Demo\Demo.vcxproj", "{74B4639F-A213-48DF-89F1-35123331C24B}"
EndProject
Global
	GlobalSection(SolutionConfigurationPlatforms) = preSolution
		Debug|Any CPU = Debug|Any CPU
		Debug|ARM = Debug|ARM
		Debug|ARM64 = Debug|ARM64
		Debug|x64 = Debug|x64
		Debug|x86 = Debug|x86
		DLL Lib|Any CPU = DLL Lib|Any CPU
		DLL Lib|ARM = DLL Lib|ARM
		DLL Lib|ARM64 = DLL Lib|ARM64
		DLL Lib|x64 = DLL Lib|x64
		DLL Lib|x86 = DLL Lib|x86
		DLL Release|Any CPU = DLL Release|Any CPU
		DLL Release|ARM = DLL Release|ARM
		DLL Release|ARM64 = DLL Release|ARM64
		DLL Release|x64 = DLL Release|x64
		DLL Release|x86 = DLL Release|x86
		DLL RVL|Any CPU = DLL RVL|Any CPU
		DLL RVL|ARM = DLL RVL|ARM
		DLL RVL|ARM64 = DLL RVL|ARM64
		DLL RVL|x64 = DLL RVL|x64
		DLL RVL|x86 = DLL RVL|x86
		LIB Release|Any CPU = LIB Release|Any CPU
		LIB Release|ARM = LIB Release|ARM
		LIB Release|ARM64 = LIB Release|ARM64
		LIB Release|x64 = LIB Release|x64
		LIB Release|x86 = LIB Release|x86
		Release|Any CPU = Release|Any CPU
		Release|ARM = Release|ARM
		Release|ARM64 = Release|ARM64
		Release|x64 = Release|x64
		Release|x86 = Release|x86
		ReleaseValidationLayers|Any CPU = ReleaseValidationLayers|Any CPU
		ReleaseValidationLayers|ARM = ReleaseValidationLayers|ARM
		ReleaseValidationLayers|ARM64 = ReleaseValidationLayers|ARM64
		ReleaseValidationLayers|x64 = ReleaseValidationLayers|x64
		ReleaseValidationLayers|x86 = ReleaseValidationLayers|x86
	EndGlobalSection
	GlobalSection(ProjectConfigurationPlatforms) = postSolution
		{D11FE06A-327A-4754-8F9A-4789E057725F}.Debug|Any CPU.ActiveCfg = Debug|x64
		{D11FE06A-327A-4754-8F9A-4789E057725F}.Debug|Any CPU.Build.0 = Debug|x64
		{D11FE06A-327A-4754-8F9A-4789E057725F}.Debug|ARM.ActiveCfg = Debug|x64
		{D11FE06A-327A-4754-8F9A-4789E057725F}.Debug|ARM.Build.0 = Debug|x64
		{D11FE06A-327A-4754-8F9A-4789E057725F}.Debug|ARM64.ActiveCfg = Debug|x64
		{D11FE06A-327A-4754-8F9A-4789E057725F}.Debug|ARM64.Build.0 = Debug|x64
		{D11FE06A-327A-4754-8F9A-4789E057725F}.Debug|x64.ActiveCfg = Debug|x64
		{D11FE06A-327A-4754-8F9A-4789E057725F}.Debug|x64.Build.0 = Debug|x64
		{D11FE06A-327A-4754-8F9A-4789E057725F}.Debug|x86.ActiveCfg = Debug|Win32
		{D11FE06A-327A-4754-8F9A-4789E057725F}.Debug|x86.Build.0 = Debug|Win32
		{D11FE06A-327A-4754-8F9A-4789E057725F}.DLL Lib|Any CPU.ActiveCfg = DLL Lib|x64
		{D11FE06A-327A-4754-8F9A-4789E057725F}.DLL Lib|Any CPU.Build.0 = DLL Lib|x64
		{D11FE06A-327A-4754-8F9A-4789E057725F}.DLL Lib|ARM.ActiveCfg = DLL Lib|x64
		{D11FE06A-327A-4754-8F9A-4789E057725F}.DLL Lib|ARM.Build.0 = DLL Lib|x64
		{D11FE06A-327A-4754-8F9A-4789E057725F}.DLL Lib|ARM64.ActiveCfg = DLL Lib|x64
		{D11FE06A-327A-4754-8F9A-4789E057725F}.DLL Lib|ARM64.Build.0 = DLL Lib|x64
		{D11FE06A-327A-4754-8F9A-4789E057725F}.DLL Lib|x64.ActiveCfg = DLL Lib|x64
		{D11FE06A-327A-4754-8F9A-4789E057725F}.DLL Lib|x64.Build.0 = DLL Lib|x64
		{D11FE06A-327A-4754-8F9A-4789E057725F}.DLL Lib|x86.ActiveCfg = DLL Lib|Win32
		{D11FE06A-327A-4754-8F9A-4789E057725F}.DLL Lib|x86.Build.0 = DLL Lib|Win32
		{D11FE06A-327A-4754-8F9A-4789E057725F}.DLL Release|Any CPU.ActiveCfg = DLL Release|x64
		{D11FE06A-327A-4754-8F9A-4789E057725F}.DLL Release|Any CPU.Build.0 = DLL Release|x64
		{D11FE06A-327A-4754-8F9A-4789E057725F}.DLL Release|ARM.ActiveCfg = DLL Release|x64
		{D11FE06A-327A-4754-8F9A-4789E057725F}.DLL Release|ARM.Build.0 = DLL Release|x64
		{D11FE06A-327A-4754-8F9A-4789E057725F}.DLL Release|ARM64.ActiveCfg = DLL Release|x64
		{D11FE06A-327A-4754-8F9A-4789E057725F}.DLL Release|ARM64.Build.0 = DLL Release|x64
		{D11FE06A-327A-4754-8F9A-4789E057725F}.DLL Release|x64.ActiveCfg = DLL Release|x64
		{D11FE06A-327A-4754-8F9A-4789E057725F}.DLL Release|x64.Build.0 = DLL Release|x64
		{D11FE06A-327A-4754-8F9A-4789E057725F}.DLL Release|x86.ActiveCfg = DLL Release|Win32
		{D11FE06A-327A-4754-8F9A-4789E057725F}.DLL Release|x86.Build.0 = DLL Release|Win32
		{D11FE06A-327A-4754-8F9A-4789E057725F}.DLL RVL|Any CPU.ActiveCfg = DLL RVL|x64
		{D11FE06A-327A-4754-8F9A-4789E057725F}.DLL RVL|Any CPU.Build.0 = DLL RVL|x64
		{D11FE06A-327A-4754-8F9A-4789E057725F}.DLL RVL|ARM.ActiveCfg = DLL RVL|x64
		{D11FE06A-327A-4754-8F9A-4789E057725F}.DLL RVL|ARM.Build.0 = DLL RVL|x64
		{D11FE06A-327A-4754-8F9A-4789E057725F}.DLL RVL|ARM64.ActiveCfg = DLL RVL|x64
		{D11FE06A-327A-4754-8F9A-4789E057725F}.DLL RVL|ARM64.Build.0 = DLL RVL|x64
		{D11FE06A-327A-4754-8F9A-4789E057725F}.DLL RVL|x64.ActiveCfg = DLL RVL|x64
		{D11FE06A-327A-4754-8F9A-4789E057725F}.DLL RVL|x64.Build.0 = DLL RVL|x64
		{D11FE06A-327A-4754-8F9A-4789E057725F}.DLL RVL|x86.ActiveCfg = DLL RVL|Win32
		{D11FE06A-327A-4754-8F9A-4789E057725F}.DLL RVL|x86.Build.0 = DLL RVL|Win32
		{D11FE06A-327A-4754-8F9A-4789E057725F}.LIB Release|Any CPU.ActiveCfg = Release|x64
		{D11FE06A-327A-4754-8F9A-4789E057725F}.LIB Release|Any CPU.Build.0 = Release|x64
		{D11FE06A-327A-4754-8F9A-4789E057725F}.LIB Release|ARM.ActiveCfg = Release|x64
		{D11FE06A-327A-4754-8F9A-4789E057725F}.LIB Release|ARM.Build.0 = Release|x64
		{D11FE06A-327A-4754-8F9A-4789E057725F}.LIB Release|ARM64.ActiveCfg = Release|x64
		{D11FE06A-327A-4754-8F9A-4789E057725F}.LIB Release|ARM64.Build.0 = Release|x64
		{D11FE06A-327A-4754-8F9A-4789E057725F}.LIB Release|x64.ActiveCfg = DLL Lib|x64
		{D11FE06A-327A-4754-8F9A-4789E057725F}.LIB Release|x64.Build.0 = DLL Lib|x64
		{D11FE06A-327A-4754-8F9A-4789E057725F}.LIB Release|x86.ActiveCfg = DLL Lib|Win32
		{D11FE06A-327A-4754-8F9A-4789E057725F}.LIB Release|x86.Build.0 = DLL Lib|Win32
		{D11FE06A-327A-4754-8F9A-4789E057725F}.Release|Any CPU.ActiveCfg = Release|x64
		{D11FE06A-327A-4754-8F9A-4789E057725F}.Release|Any CPU.Build.0 = Release|x64
		{D11FE06A-327A-4754-8F9A-4789E057725F}.Release|ARM.ActiveCfg = Release|x64
		{D11FE06A-327A-4754-8F9A-4789E057725F}.Release|ARM.Build.0 = Release|x64
		{D11FE06A-327A-4754-8F9A-4789E057725F}.Release|ARM64.ActiveCfg = Release|x64
		{D11FE06A-327A-4754-8F9A-4789E057725F}.Release|ARM64.Build.0 = Release|x64
		{D11FE06A-327A-4754-8F9A-4789E057725F}.Release|x64.ActiveCfg = Release|x64
		{D11FE06A-327A-4754-8F9A-4789E057725F}.Release|x64.Build.0 = Release|x64
		{D11FE06A-327A-4754-8F9A-4789E057725F}.Release|x86.ActiveCfg = Release|Win32
		{D11FE06A-327A-4754-8F9A-4789E057725F}.Release|x86.Build.0 = Release|Win32
		{D11FE06A-327A-4754-8F9A-4789E057725F}.ReleaseValidationLayers|Any CPU.ActiveCfg = ReleaseValidationLayers|x64
		{D11FE06A-327A-4754-8F9A-4789E057725F}.ReleaseValidationLayers|Any CPU.Build.0 = ReleaseValidationLayers|x64
		{D11FE06A-327A-4754-8F9A-4789E057725F}.ReleaseValidationLayers|ARM.ActiveCfg = ReleaseValidationLayers|x64
		{D11FE06A-327A-4754-8F9A-4789E057725F}.ReleaseValidationLayers|ARM.Build.0 = ReleaseValidationLayers|x64
		{D11FE06A-327A-4754-8F9A-4789E057725F}.ReleaseValidationLayers|ARM64.ActiveCfg = ReleaseValidationLayers|x64
		{D11FE06A-327A-4754-8F9A-4789E057725F}.ReleaseValidationLayers|ARM64.Build.0 = ReleaseValidationLayers|x64
		{D11FE06A-327A-4754-8F9A-4789E057725F}.ReleaseValidationLayers|x64.ActiveCfg = ReleaseValidationLayers|x64
		{D11FE06A-327A-4754-8F9A-4789E057725F}.ReleaseValidationLayers|x64.Build.0 = ReleaseValidationLayers|x64
		{D11FE06A-327A-4754-8F9A-4789E057725F}.ReleaseValidationLayers|x86.ActiveCfg = ReleaseValidationLayers|Win32
		{D11FE06A-327A-4754-8F9A-4789E057725F}.ReleaseValidationLayers|x86.Build.0 = ReleaseValidationLayers|Win32
		{B1B6A8FC-5358-4375-99C2-CDE15B81BEB7}.Debug|Any CPU.ActiveCfg = Debug|x64
		{B1B6A8FC-5358-4375-99C2-CDE15B81BEB7}.Debug|Any CPU.Build.0 = Debug|x64
		{B1B6A8FC-5358-4375-99C2-CDE15B81BEB7}.Debug|ARM.ActiveCfg = Debug|x64
		{B1B6A8FC-5358-4375-99C2-CDE15B81BEB7}.Debug|ARM.Build.0 = Debug|x64
		{B1B6A8FC-5358-4375-99C2-CDE15B81BEB7}.Debug|ARM64.ActiveCfg = Debug|x64
		{B1B6A8FC-5358-4375-99C2-CDE15B81BEB7}.Debug|ARM64.Build.0 = Debug|x64
		{B1B6A8FC-5358-4375-99C2-CDE15B81BEB7}.Debug|x64.ActiveCfg = Debug|x64
		{B1B6A8FC-5358-4375-99C2-CDE15B81BEB7}.Debug|x64.Build.0 = Debug|x64
		{B1B6A8FC-5358-4375-99C2-CDE15B81BEB7}.Debug|x86.ActiveCfg = Debug|Win32
		{B1B6A8FC-5358-4375-99C2-CDE15B81BEB7}.Debug|x86.Build.0 = Debug|Win32
		{B1B6A8FC-5358-4375-99C2-CDE15B81BEB7}.DLL Lib|Any CPU.ActiveCfg = DLL Lib|x64
		{B1B6A8FC-5358-4375-99C2-CDE15B81BEB7}.DLL Lib|Any CPU.Build.0 = DLL Lib|x64
		{B1B6A8FC-5358-4375-99C2-CDE15B81BEB7}.DLL Lib|ARM.ActiveCfg = DLL Lib|x64
		{B1B6A8FC-5358-4375-99C2-CDE15B81BEB7}.DLL Lib|ARM.Build.0 = DLL Lib|x64
		{B1B6A8FC-5358-4375-99C2-CDE15B81BEB7}.DLL Lib|ARM64.ActiveCfg = DLL Lib|x64
		{B1B6A8FC-5358-4375-99C2-CDE15B81BEB7}.DLL Lib|ARM64.Build.0 = DLL Lib|x64
		{B1B6A8FC-5358-4375-99C2-CDE15B81BEB7}.DLL Lib|x64.ActiveCfg = DLL Lib|x64
		{B1B6A8FC-5358-4375-99C2-CDE15B81BEB7}.DLL Lib|x64.Build.0 = DLL Lib|x64
		{B1B6A8FC-5358-4375-99C2-CDE15B81BEB7}.DLL Lib|x86.ActiveCfg = DLL Lib|Win32
		{B1B6A8FC-5358-4375-99C2-CDE15B81BEB7}.DLL Lib|x86.Build.0 = DLL Lib|Win32
		{B1B6A8FC-5358-4375-99C2-CDE15B81BEB7}.DLL Release|Any CPU.ActiveCfg = Release|x64
		{B1B6A8FC-5358-4375-99C2-CDE15B81BEB7}.DLL Release|Any CPU.Build.0 = Release|x64
		{B1B6A8FC-5358-4375-99C2-CDE15B81BEB7}.DLL Release|ARM.ActiveCfg = Release|x64
		{B1B6A8FC-5358-4375-99C2-CDE15B81BEB7}.DLL Release|ARM.Build.0 = Release|x64
		{B1B6A8FC-5358-4375-99C2-CDE15B81BEB7}.DLL Release|ARM64.ActiveCfg = Release|x64
		{B1B6A8FC-5358-4375-99C2-CDE15B81BEB7}.DLL Release|ARM64.Build.0 = Release|x64
		{B1B6A8FC-5358-4375-99C2-CDE15B81BEB7}.DLL Release|x64.ActiveCfg = Release|x64
		{B1B6A8FC-5358-4375-99C2-CDE15B81BEB7}.DLL Release|x64.Build.0 = Release|x64
		{B1B6A8FC-5358-4375-99C2-CDE15B81BEB7}.DLL Release|x86.ActiveCfg = Release|Win32
		{B1B6A8FC-5358-4375-99C2-CDE15B81BEB7}.DLL Release|x86.Build.0 = Release|Win32
		{B1B6A8FC-5358-4375-99C2-CDE15B81BEB7}.DLL RVL|Any CPU.ActiveCfg = Debug|x64
		{B1B6A8FC-5358-4375-99C2-CDE15B81BEB7}.DLL RVL|Any CPU.Build.0 = Debug|x64
		{B1B6A8FC-5358-4375-99C2-CDE15B81BEB7}.DLL RVL|ARM.ActiveCfg = Debug|x64
		{B1B6A8FC-5358-4375-99C2-CDE15B81BEB7}.DLL RVL|ARM.Build.0 = Debug|x64
		{B1B6A8FC-5358-4375-99C2-CDE15B81BEB7}.DLL RVL|ARM64.ActiveCfg = Debug|x64
		{B1B6A8FC-5358-4375-99C2-CDE15B81BEB7}.DLL RVL|ARM64.Build.0 = Debug|x64
		{B1B6A8FC-5358-4375-99C2-CDE15B81BEB7}.DLL RVL|x64.ActiveCfg = Debug|x64
		{B1B6A8FC-5358-4375-99C2-CDE15B81BEB7}.DLL RVL|x64.Build.0 = Debug|x64
		{B1B6A8FC-5358-4375-99C2-CDE15B81BEB7}.DLL RVL|x86.ActiveCfg = Debug|Win32
		{B1B6A8FC-5358-4375-99C2-CDE15B81BEB7}.DLL RVL|x86.Build.0 = Debug|Win32
		{B1B6A8FC-5358-4375-99C2-CDE15B81BEB7}.LIB Release|Any CPU.ActiveCfg = Release|x64
		{B1B6A8FC-5358-4375-99C2-CDE15B81BEB7}.LIB Release|Any CPU.Build.0 = Release|x64
		{B1B6A8FC-5358-4375-99C2-CDE15B81BEB7}.LIB Release|ARM.ActiveCfg = Release|x64
		{B1B6A8FC-5358-4375-99C2-CDE15B81BEB7}.LIB Release|ARM.Build.0 = Release|x64
		{B1B6A8FC-5358-4375-99C2-CDE15B81BEB7}.LIB Release|ARM64.ActiveCfg = Release|x64
		{B1B6A8FC-5358-4375-99C2-CDE15B81BEB7}.LIB Release|ARM64.Build.0 = Release|x64
		{B1B6A8FC-5358-4375-99C2-CDE15B81BEB7}.LIB Release|x64.ActiveCfg = DLL Lib|x64
		{B1B6A8FC-5358-4375-99C2-CDE15B81BEB7}.LIB Release|x64.Build.0 = DLL Lib|x64
		{B1B6A8FC-5358-4375-99C2-CDE15B81BEB7}.LIB Release|x86.ActiveCfg = DLL Lib|Win32
		{B1B6A8FC-5358-4375-99C2-CDE15B81BEB7}.LIB Release|x86.Build.0 = DLL Lib|Win32
		{B1B6A8FC-5358-4375-99C2-CDE15B81BEB7}.Release|Any CPU.ActiveCfg = Release|x64
		{B1B6A8FC-5358-4375-99C2-CDE15B81BEB7}.Release|Any CPU.Build.0 = Release|x64
		{B1B6A8FC-5358-4375-99C2-CDE15B81BEB7}.Release|ARM.ActiveCfg = Release|x64
		{B1B6A8FC-5358-4375-99C2-CDE15B81BEB7}.Release|ARM.Build.0 = Release|x64
		{B1B6A8FC-5358-4375-99C2-CDE15B81BEB7}.Release|ARM64.ActiveCfg = Release|x64
		{B1B6A8FC-5358-4375-99C2-CDE15B81BEB7}.Release|ARM64.Build.0 = Release|x64
		{B1B6A8FC-5358-4375-99C2-CDE15B81BEB7}.Release|x64.ActiveCfg = Release|x64
		{B1B6A8FC-5358-4375-99C2-CDE15B81BEB7}.Release|x64.Build.0 = Release|x64
		{B1B6A8FC-5358-4375-99C2-CDE15B81BEB7}.Release|x86.ActiveCfg = Release|Win32
		{B1B6A8FC-5358-4375-99C2-CDE15B81BEB7}.Release|x86.Build.0 = Release|Win32
		{B1B6A8FC-5358-4375-99C2-CDE15B81BEB7}.ReleaseValidationLayers|Any CPU.ActiveCfg = Release|x64
		{B1B6A8FC-5358-4375-99C2-CDE15B81BEB7}.ReleaseValidationLayers|Any CPU.Build.0 = Release|x64
		{B1B6A8FC-5358-4375-99C2-CDE15B81BEB7}.ReleaseValidationLayers|ARM.ActiveCfg = Release|x64
		{B1B6A8FC-5358-4375-99C2-CDE15B81BEB7}.ReleaseValidationLayers|ARM.Build.0 = Release|x64
		{B1B6A8FC-5358-4375-99C2-CDE15B81BEB7}.ReleaseValidationLayers|ARM64.ActiveCfg = Release|x64
		{B1B6A8FC-5358-4375-99C2-CDE15B81BEB7}.ReleaseValidationLayers|ARM64.Build.0 = Release|x64
		{B1B6A8FC-5358-4375-99C2-CDE15B81BEB7}.ReleaseValidationLayers|x64.ActiveCfg = Release|x64
		{B1B6A8FC-5358-4375-99C2-CDE15B81BEB7}.ReleaseValidationLayers|x64.Build.0 = Release|x64
		{B1B6A8FC-5358-4375-99C2-CDE15B81BEB7}.ReleaseValidationLayers|x86.ActiveCfg = Release|Win32
		{B1B6A8FC-5358-4375-99C2-CDE15B81BEB7}.ReleaseValidationLayers|x86.Build.0 = Release|Win32
		{74B4639F-A213-48DF-89F1-35123331C24B}.Debug|Any CPU.ActiveCfg = Debug|x64
		{74B4639F-A213-48DF-89F1-35123331C24B}.Debug|Any CPU.Build.0 = Debug|x64
		{74B4639F-A213-48DF-89F1-35123331C24B}.Debug|ARM.ActiveCfg = Debug|x64
		{74B4639F-A213-48DF-89F1-35123331C24B}.Debug|ARM.Build.0 = Debug|x64
		{74B4639F-A213-48DF-89F1-35123331C24B}.Debug|ARM64.ActiveCfg = Debug|x64
		{74B4639F-A213-48DF-89F1-35123331C24B}.Debug|ARM64.Build.0 = Debug|x64
		{74B4639F-A213-48DF-89F1-35123331C24B}.Debug|x64.ActiveCfg = Debug|x64
		{74B4639F-A213-48DF-89F1-35123331C24B}.Debug|x64.Build.0 = Debug|x64
		{74B4639F-A213-48DF-89F1-35123331C24B}.Debug|x86.ActiveCfg = Debug|Win32
		{74B4639F-A213-48DF-89F1-35123331C24B}.Debug|x86.Build.0 = Debug|Win32
		{74B4639F-A213-48DF-89F1-35123331C24B}.DLL Lib|Any CPU.ActiveCfg = Debug|x64
		{74B4639F-A213-48DF-89F1-35123331C24B}.DLL Lib|Any CPU.Build.0 = Debug|x64
		{74B4639F-A213-48DF-89F1-35123331C24B}.DLL Lib|ARM.ActiveCfg = Debug|x64
		{74B4639F-A213-48DF-89F1-35123331C24B}.DLL Lib|ARM.Build.0 = Debug|x64
		{74B4639F-A213-48DF-89F1-35123331C24B}.DLL Lib|ARM64.ActiveCfg = Debug|x64
		{74B4639F-A213-48DF-89F1-35123331C24B}.DLL Lib|ARM64.Build.0 = Debug|x64
		{74B4639F-A213-48DF-89F1-35123331C24B}.DLL Lib|x64.ActiveCfg = Debug|x64
		{74B4639F-A213-48DF-89F1-35123331C24B}.DLL Lib|x64.Build.0 = Debug|x64
		{74B4639F-A213-48DF-89F1-35123331C24B}.DLL Lib|x86.ActiveCfg = Debug|Win32
		{74B4639F-A213-48DF-89F1-35123331C24B}.DLL Lib|x86.Build.0 = Debug|Win32
		{74B4639F-A213-48DF-89F1-35123331C24B}.DLL Release|Any CPU.ActiveCfg = Release|x64
		{74B4639F-A213-48DF-89F1-35123331C24B}.DLL Release|Any CPU.Build.0 = Release|x64
		{74B4639F-A213-48DF-89F1-35123331C24B}.DLL Release|ARM.ActiveCfg = Release|x64
		{74B4639F-A213-48DF-89F1-35123331C24B}.DLL Release|ARM.Build.0 = Release|x64
		{74B4639F-A213-48DF-89F1-35123331C24B}.DLL Release|ARM64.ActiveCfg = Release|x64
		{74B4639F-A213-48DF-89F1-35123331C24B}.DLL Release|ARM64.Build.0 = Release|x64
		{74B4639F-A213-48DF-89F1-35123331C24B}.DLL Release|x64.ActiveCfg = Release|x64
		{74B4639F-A213-48DF-89F1-35123331C24B}.DLL Release|x64.Build.0 = Release|x64
		{74B4639F-A213-48DF-89F1-35123331C24B}.DLL Release|x86.ActiveCfg = Release|Win32
		{74B4639F-A213-48DF-89F1-35123331C24B}.DLL Release|x86.Build.0 = Release|Win32
		{74B4639F-A213-48DF-89F1-35123331C24B}.DLL RVL|Any CPU.ActiveCfg = Debug|x64
		{74B4639F-A213-48DF-89F1-35123331C24B}.DLL RVL|Any CPU.Build.0 = Debug|x64
		{74B4639F-A213-48DF-89F1-35123331C24B}.DLL RVL|ARM.ActiveCfg = Debug|x64
		{74B4639F-A213-48DF-89F1-35123331C24B}.DLL RVL|ARM.Build.0 = Debug|x64
		{74B4639F-A213-48DF-89F1-35123331C24B}.DLL RVL|ARM64.ActiveCfg = Debug|x64
		{74B4639F-A213-48DF-89F1-35123331C24B}.DLL RVL|ARM64.Build.0 = Debug|x64
		{74B4639F-A213-48DF-89F1-35123331C24B}.DLL RVL|x64.ActiveCfg = Debug|x64
		{74B4639F-A213-48DF-89F1-35123331C24B}.DLL RVL|x64.Build.0 = Debug|x64
		{74B4639F-A213-48DF-89F1-35123331C24B}.DLL RVL|x86.ActiveCfg = Debug|Win32
		{74B4639F-A213-48DF-89F1-35123331C24B}.DLL RVL|x86.Build.0 = Debug|Win32
		{74B4639F-A213-48DF-89F1-35123331C24B}.LIB Release|Any CPU.ActiveCfg = Release|x64
		{74B4639F-A213-48DF-89F1-35123331C24B}.LIB Release|Any CPU.Build.0 = Release|x64
		{74B4639F-A213-48DF-89F1-35123331C24B}.LIB Release|ARM.ActiveCfg = Release|x64
		{74B4639F-A213-48DF-89F1-35123331C24B}.LIB Release|ARM.Build.0 = Release|x64
		{74B4639F-A213-48DF-89F1-35123331C24B}.LIB Release|ARM64.ActiveCfg = Release|x64
		{74B4639F-A213-48DF-89F1-35123331C24B}.LIB Release|ARM64.Build.0 = Release|x64
		{74B4639F-A213-48DF-89F1-35123331C24B}.LIB Release|x64.ActiveCfg = Release|x64
		{74B4639F-A213-48DF-89F1-35123331C24B}.LIB Release|x64.Build.0 = Release|x64
		{74B4639F-A213-48DF-89F1-35123331C24B}.LIB Release|x86.ActiveCfg = Release|Win32
		{74B4639F-A213-48DF-89F1-35123331C24B}.LIB Release|x86.Build.0 = Release|Win32
		{74B4639F-A213-48DF-89F1-35123331C24B}.Release|Any CPU.ActiveCfg = Release|x64
		{74B4639F-A213-48DF-89F1-35123331C24B}.Release|Any CPU.Build.0 = Release|x64
		{74B4639F-A213-48DF-89F1-35123331C24B}.Release|ARM.ActiveCfg = Release|x64
		{74B4639F-A213-48DF-89F1-35123331C24B}.Release|ARM.Build.0 = Release|x64
		{74B4639F-A213-48DF-89F1-35123331C24B}.Release|ARM64.ActiveCfg = Release|x64
		{74B4639F-A213-48DF-89F1-35123331C24B}.Release|ARM64.Build.0 = Release|x64
		{74B4639F-A213-48DF-89F1-35123331C24B}.Release|x64.ActiveCfg = Release|x64
		{74B4639F-A213-48DF-89F1-35123331C24B}.Release|x64.Build.0 = Release|x64
		{74B4639F-A213-48DF-89F1-35123331C24B}.Release|x86.ActiveCfg = Release|Win32
		{74B4639F-A213-48DF-89F1-35123331C24B}.Release|x86.Build.0 = Release|Win32
		{74B4639F-A213-48DF-89F1-35123331C24B}.ReleaseValidationLayers|Any CPU.ActiveCfg = Release|x64
		{74B4639F-A213-48DF-89F1-35123331C24B}.ReleaseValidationLayers|Any CPU.Build.0 = Release|x64
		{74B4639F-A213-48DF-89F1-35123331C24B}.ReleaseValidationLayers|ARM.ActiveCfg = Release|x64
		{74B4639F-A213-48DF-89F1-35123331C24B}.ReleaseValidationLayers|ARM.Build.0 = Release|x64
		{74B4639F-A213-48DF-89F1-35123331C24B}.ReleaseValidationLayers|ARM64.ActiveCfg = Release|x64
		{74B4639F-A213-48DF-89F1-35123331C24B}.ReleaseValidationLayers|ARM64.Build.0 = Release|x64
		{74B4639F-A213-48DF-89F1-35123331C24B}.ReleaseValidationLayers|x64.ActiveCfg = Release|x64
		{74B4639F-A213-48DF-89F1-35123331C24B}.ReleaseValidationLayers|x64.Build.0 = Release|x64
		{74B4639F-A213-48DF-89F1-35123331C24B}.ReleaseValidationLayers|x86.ActiveCfg = Release|Win32
		{74B4639F-A213-48DF-89F1-35123331C24B}.ReleaseValidationLayers|x86.Build.0 = Release|Win32
	EndGlobalSection
	GlobalSection(SolutionProperties) = preSolution
		HideSolutionNode = FALSE
	EndGlobalSection
	GlobalSection(ExtensibilityGlobals) = postSolution
		SolutionGuid = {51D3AC17-DCBD-4EF6-9846-759EDE022105}
	EndGlobalSection
EndGlobal
