
Microsoft Visual Studio Solution File, Format Version 12.00
# Visual Studio Version 16
VisualStudioVersion = 16.0.29926.136
MinimumVisualStudioVersion = 10.0.40219.1
Project("{8BC9CEB8-8B4A-11D0-8D11-00A0C91BC942}") = "Lua", "..\..\..\Documents\Visual Studio 2019\Projects\Project1\Lua\Lua.vcxproj", "{4F0962C5-C44C-4F8F-8CE7-630321F36D1B}"
EndProject
Project("{8BC9CEB8-8B4A-11D0-8D11-00A0C91BC942}") = "OSKnet", "enet\enet.vcxproj", "{9AD0E296-E2D3-4F3A-B0E1-43B51B025CC6}"
EndProject
Project("{8BC9CEB8-8B4A-11D0-8D11-00A0C91BC942}") = "OSKengine", "OSKengine\OSKengine.vcxproj", "{339DBEA2-0904-48F0-9573-DCF11B789E30}"
EndProject
Project("{8BC9CEB8-8B4A-11D0-8D11-00A0C91BC942}") = "VulkanLearning", "VulkanLearning\VulkanLearning.vcxproj", "{D8B9A98E-0B37-4169-BB77-DE113C49DDD7}"
EndProject
Project("{8BC9CEB8-8B4A-11D0-8D11-00A0C91BC942}") = "netTest", "netTest\netTest.vcxproj", "{0C774E1F-A7D1-44FD-84EA-A1DF0F8FFA9E}"
EndProject
Project("{2150E333-8FDC-42A3-9474-1A3956D46DE8}") = "Pruebas", "Pruebas", "{100FF18F-174E-4F03-9918-FA97C6AE9B8E}"
EndProject
Project("{2150E333-8FDC-42A3-9474-1A3956D46DE8}") = "CSharp Wrappers", "CSharp Wrappers", "{B77ECF17-5D72-4798-9CA2-1A8EA9F8761E}"
EndProject
Project("{8BC9CEB8-8B4A-11D0-8D11-00A0C91BC942}") = "OSKnet_CSwrapper", "OSKnet_CS\OSKnet_CS.vcxproj", "{36F060E5-A6B3-4174-9F3F-5D3C9D194EBA}"
EndProject
Project("{2150E333-8FDC-42A3-9474-1A3956D46DE8}") = "OSKnet", "OSKnet", "{CA3D2684-B6E2-4E1A-8CA9-F4BBF525AD1A}"
EndProject
Project("{2150E333-8FDC-42A3-9474-1A3956D46DE8}") = "OSKengine", "OSKengine", "{0F88693F-2FE3-4D70-9A82-D38B19153E00}"
EndProject
Project("{8BC9CEB8-8B4A-11D0-8D11-00A0C91BC942}") = "OSKengine_Wrapper", "OSKengine_Wrapper\OSKengine_Wrapper.vcxproj", "{F8760681-D468-4656-9870-9B3530B6E419}"
EndProject
Global
	GlobalSection(SolutionConfigurationPlatforms) = preSolution
		Debug|Any CPU = Debug|Any CPU
		Debug|x64 = Debug|x64
		Debug|x86 = Debug|x86
		Release|Any CPU = Release|Any CPU
		Release|x64 = Release|x64
		Release|x86 = Release|x86
	EndGlobalSection
	GlobalSection(ProjectConfigurationPlatforms) = postSolution
		{4F0962C5-C44C-4F8F-8CE7-630321F36D1B}.Debug|Any CPU.ActiveCfg = Debug|Win32
		{4F0962C5-C44C-4F8F-8CE7-630321F36D1B}.Debug|x64.ActiveCfg = Debug|x64
		{4F0962C5-C44C-4F8F-8CE7-630321F36D1B}.Debug|x64.Build.0 = Debug|x64
		{4F0962C5-C44C-4F8F-8CE7-630321F36D1B}.Debug|x86.ActiveCfg = Debug|Win32
		{4F0962C5-C44C-4F8F-8CE7-630321F36D1B}.Debug|x86.Build.0 = Debug|Win32
		{4F0962C5-C44C-4F8F-8CE7-630321F36D1B}.Release|Any CPU.ActiveCfg = Release|Win32
		{4F0962C5-C44C-4F8F-8CE7-630321F36D1B}.Release|x64.ActiveCfg = Release|x64
		{4F0962C5-C44C-4F8F-8CE7-630321F36D1B}.Release|x64.Build.0 = Release|x64
		{4F0962C5-C44C-4F8F-8CE7-630321F36D1B}.Release|x86.ActiveCfg = Release|Win32
		{4F0962C5-C44C-4F8F-8CE7-630321F36D1B}.Release|x86.Build.0 = Release|Win32
		{9AD0E296-E2D3-4F3A-B0E1-43B51B025CC6}.Debug|Any CPU.ActiveCfg = Debug|Win32
		{9AD0E296-E2D3-4F3A-B0E1-43B51B025CC6}.Debug|x64.ActiveCfg = Debug|x64
		{9AD0E296-E2D3-4F3A-B0E1-43B51B025CC6}.Debug|x64.Build.0 = Debug|x64
		{9AD0E296-E2D3-4F3A-B0E1-43B51B025CC6}.Debug|x86.ActiveCfg = Debug|Win32
		{9AD0E296-E2D3-4F3A-B0E1-43B51B025CC6}.Debug|x86.Build.0 = Debug|Win32
		{9AD0E296-E2D3-4F3A-B0E1-43B51B025CC6}.Release|Any CPU.ActiveCfg = Release|Win32
		{9AD0E296-E2D3-4F3A-B0E1-43B51B025CC6}.Release|x64.ActiveCfg = Release|x64
		{9AD0E296-E2D3-4F3A-B0E1-43B51B025CC6}.Release|x64.Build.0 = Release|x64
		{9AD0E296-E2D3-4F3A-B0E1-43B51B025CC6}.Release|x86.ActiveCfg = Release|Win32
		{9AD0E296-E2D3-4F3A-B0E1-43B51B025CC6}.Release|x86.Build.0 = Release|Win32
		{339DBEA2-0904-48F0-9573-DCF11B789E30}.Debug|Any CPU.ActiveCfg = Debug|Win32
		{339DBEA2-0904-48F0-9573-DCF11B789E30}.Debug|x64.ActiveCfg = Debug|x64
		{339DBEA2-0904-48F0-9573-DCF11B789E30}.Debug|x64.Build.0 = Debug|x64
		{339DBEA2-0904-48F0-9573-DCF11B789E30}.Debug|x86.ActiveCfg = Debug|Win32
		{339DBEA2-0904-48F0-9573-DCF11B789E30}.Debug|x86.Build.0 = Debug|Win32
		{339DBEA2-0904-48F0-9573-DCF11B789E30}.Release|Any CPU.ActiveCfg = Release|Win32
		{339DBEA2-0904-48F0-9573-DCF11B789E30}.Release|x64.ActiveCfg = Release|x64
		{339DBEA2-0904-48F0-9573-DCF11B789E30}.Release|x64.Build.0 = Release|x64
		{339DBEA2-0904-48F0-9573-DCF11B789E30}.Release|x86.ActiveCfg = Release|Win32
		{339DBEA2-0904-48F0-9573-DCF11B789E30}.Release|x86.Build.0 = Release|Win32
		{D8B9A98E-0B37-4169-BB77-DE113C49DDD7}.Debug|Any CPU.ActiveCfg = Debug|Win32
		{D8B9A98E-0B37-4169-BB77-DE113C49DDD7}.Debug|x64.ActiveCfg = Debug|x64
		{D8B9A98E-0B37-4169-BB77-DE113C49DDD7}.Debug|x64.Build.0 = Debug|x64
		{D8B9A98E-0B37-4169-BB77-DE113C49DDD7}.Debug|x86.ActiveCfg = Debug|Win32
		{D8B9A98E-0B37-4169-BB77-DE113C49DDD7}.Debug|x86.Build.0 = Debug|Win32
		{D8B9A98E-0B37-4169-BB77-DE113C49DDD7}.Release|Any CPU.ActiveCfg = Release|Win32
		{D8B9A98E-0B37-4169-BB77-DE113C49DDD7}.Release|x64.ActiveCfg = Release|x64
		{D8B9A98E-0B37-4169-BB77-DE113C49DDD7}.Release|x64.Build.0 = Release|x64
		{D8B9A98E-0B37-4169-BB77-DE113C49DDD7}.Release|x86.ActiveCfg = Release|Win32
		{D8B9A98E-0B37-4169-BB77-DE113C49DDD7}.Release|x86.Build.0 = Release|Win32
		{0C774E1F-A7D1-44FD-84EA-A1DF0F8FFA9E}.Debug|Any CPU.ActiveCfg = Debug|Win32
		{0C774E1F-A7D1-44FD-84EA-A1DF0F8FFA9E}.Debug|x64.ActiveCfg = Debug|x64
		{0C774E1F-A7D1-44FD-84EA-A1DF0F8FFA9E}.Debug|x64.Build.0 = Debug|x64
		{0C774E1F-A7D1-44FD-84EA-A1DF0F8FFA9E}.Debug|x86.ActiveCfg = Debug|Win32
		{0C774E1F-A7D1-44FD-84EA-A1DF0F8FFA9E}.Debug|x86.Build.0 = Debug|Win32
		{0C774E1F-A7D1-44FD-84EA-A1DF0F8FFA9E}.Release|Any CPU.ActiveCfg = Release|Win32
		{0C774E1F-A7D1-44FD-84EA-A1DF0F8FFA9E}.Release|x64.ActiveCfg = Release|x64
		{0C774E1F-A7D1-44FD-84EA-A1DF0F8FFA9E}.Release|x64.Build.0 = Release|x64
		{0C774E1F-A7D1-44FD-84EA-A1DF0F8FFA9E}.Release|x86.ActiveCfg = Release|Win32
		{0C774E1F-A7D1-44FD-84EA-A1DF0F8FFA9E}.Release|x86.Build.0 = Release|Win32
		{36F060E5-A6B3-4174-9F3F-5D3C9D194EBA}.Debug|Any CPU.ActiveCfg = Debug|Win32
		{36F060E5-A6B3-4174-9F3F-5D3C9D194EBA}.Debug|x64.ActiveCfg = Debug|x64
		{36F060E5-A6B3-4174-9F3F-5D3C9D194EBA}.Debug|x64.Build.0 = Debug|x64
		{36F060E5-A6B3-4174-9F3F-5D3C9D194EBA}.Debug|x86.ActiveCfg = Debug|Win32
		{36F060E5-A6B3-4174-9F3F-5D3C9D194EBA}.Debug|x86.Build.0 = Debug|Win32
		{36F060E5-A6B3-4174-9F3F-5D3C9D194EBA}.Release|Any CPU.ActiveCfg = Release|Win32
		{36F060E5-A6B3-4174-9F3F-5D3C9D194EBA}.Release|x64.ActiveCfg = Release|x64
		{36F060E5-A6B3-4174-9F3F-5D3C9D194EBA}.Release|x64.Build.0 = Release|x64
		{36F060E5-A6B3-4174-9F3F-5D3C9D194EBA}.Release|x86.ActiveCfg = Release|Win32
		{36F060E5-A6B3-4174-9F3F-5D3C9D194EBA}.Release|x86.Build.0 = Release|Win32
		{F8760681-D468-4656-9870-9B3530B6E419}.Debug|Any CPU.ActiveCfg = Debug|Win32
		{F8760681-D468-4656-9870-9B3530B6E419}.Debug|x64.ActiveCfg = Debug|x64
		{F8760681-D468-4656-9870-9B3530B6E419}.Debug|x64.Build.0 = Debug|x64
		{F8760681-D468-4656-9870-9B3530B6E419}.Debug|x86.ActiveCfg = Debug|Win32
		{F8760681-D468-4656-9870-9B3530B6E419}.Debug|x86.Build.0 = Debug|Win32
		{F8760681-D468-4656-9870-9B3530B6E419}.Release|Any CPU.ActiveCfg = Release|Win32
		{F8760681-D468-4656-9870-9B3530B6E419}.Release|x64.ActiveCfg = Release|x64
		{F8760681-D468-4656-9870-9B3530B6E419}.Release|x64.Build.0 = Release|x64
		{F8760681-D468-4656-9870-9B3530B6E419}.Release|x86.ActiveCfg = Release|Win32
		{F8760681-D468-4656-9870-9B3530B6E419}.Release|x86.Build.0 = Release|Win32
	EndGlobalSection
	GlobalSection(SolutionProperties) = preSolution
		HideSolutionNode = FALSE
	EndGlobalSection
	GlobalSection(NestedProjects) = preSolution
		{4F0962C5-C44C-4F8F-8CE7-630321F36D1B} = {100FF18F-174E-4F03-9918-FA97C6AE9B8E}
		{D8B9A98E-0B37-4169-BB77-DE113C49DDD7} = {100FF18F-174E-4F03-9918-FA97C6AE9B8E}
		{0C774E1F-A7D1-44FD-84EA-A1DF0F8FFA9E} = {100FF18F-174E-4F03-9918-FA97C6AE9B8E}
		{36F060E5-A6B3-4174-9F3F-5D3C9D194EBA} = {CA3D2684-B6E2-4E1A-8CA9-F4BBF525AD1A}
		{CA3D2684-B6E2-4E1A-8CA9-F4BBF525AD1A} = {B77ECF17-5D72-4798-9CA2-1A8EA9F8761E}
		{0F88693F-2FE3-4D70-9A82-D38B19153E00} = {B77ECF17-5D72-4798-9CA2-1A8EA9F8761E}
		{F8760681-D468-4656-9870-9B3530B6E419} = {0F88693F-2FE3-4D70-9A82-D38B19153E00}
	EndGlobalSection
	GlobalSection(ExtensibilityGlobals) = postSolution
		SolutionGuid = {51D3AC17-DCBD-4EF6-9846-759EDE022105}
	EndGlobalSection
EndGlobal
