<?xml version="1.0" encoding="utf-8"?>
<Project ToolsVersion="4.0" xmlns="http://schemas.microsoft.com/developer/msbuild/2003">
  <ItemGroup>
    <Filter Include="Archivos de origen">
      <UniqueIdentifier>{4FC737F1-C7A5-4376-A066-2A32D752A2FF}</UniqueIdentifier>
      <Extensions>cpp;c;cc;cxx;c++;cppm;ixx;def;odl;idl;hpj;bat;asm;asmx</Extensions>
    </Filter>
    <Filter Include="Archivos de encabezado">
      <UniqueIdentifier>{93995380-89BD-4b04-88EB-625FBE52EBFB}</UniqueIdentifier>
      <Extensions>h;hh;hpp;hxx;h++;hm;inl;inc;ipp;xsd</Extensions>
    </Filter>
    <Filter Include="Archivos de recursos">
      <UniqueIdentifier>{67DA6AB6-F800-4c08-8B7A-83BB121AAD01}</UniqueIdentifier>
      <Extensions>rc;ico;cur;bmp;dlg;rc2;rct;bin;rgs;gif;jpg;jpeg;jpe;resx;tiff;tif;png;wav;mfcribbon-ms</Extensions>
    </Filter>
    <Filter Include="libs">
      <UniqueIdentifier>{e95cf4cc-0404-4e5b-8511-65596c78118e}</UniqueIdentifier>
    </Filter>
    <Filter Include="folders">
      <UniqueIdentifier>{d3ecd5f7-d1d7-4baa-b67b-661772345d7a}</UniqueIdentifier>
    </Filter>
  </ItemGroup>
  <ItemGroup>
    <ClInclude Include="MyGame.h">
      <Filter>Archivos de encabezado</Filter>
    </ClInclude>
  </ItemGroup>
  <ItemGroup>
    <ClCompile Include="MyGame.cpp">
      <Filter>Archivos de origen</Filter>
    </ClCompile>
    <ClCompile Include="main.cpp">
      <Filter>Archivos de origen</Filter>
    </ClCompile>
  </ItemGroup>
  <ItemGroup>
    <None Include="assimp-vc140-mt.dll">
      <Filter>libs</Filter>
    </None>
    <None Include="freetype.dll">
      <Filter>libs</Filter>
    </None>
    <None Include="glfw3.dll">
      <Filter>libs</Filter>
    </None>
    <None Include="OSKengine.dll">
      <Filter>libs</Filter>
    </None>
    <None Include="shaders\compile.bat">
      <Filter>folders</Filter>
    </None>
    <None Include="shaders\frag.spv">
      <Filter>folders</Filter>
    </None>
    <None Include="shaders\shader.frag">
      <Filter>folders</Filter>
    </None>
    <None Include="shaders\shader.vert">
      <Filter>folders</Filter>
    </None>
    <None Include="shaders\vert.spv">
      <Filter>folders</Filter>
    </None>
    <None Include="shaders\VK_Skybox\compile.bat">
      <Filter>folders</Filter>
    </None>
    <None Include="shaders\VK_Skybox\frag.spv">
      <Filter>folders</Filter>
    </None>
    <None Include="shaders\VK_Skybox\shader.frag">
      <Filter>folders</Filter>
    </None>
    <None Include="shaders\VK_Skybox\shader.vert">
      <Filter>folders</Filter>
    </None>
    <None Include="shaders\VK_Skybox\vert.spv">
      <Filter>folders</Filter>
    </None>
    <None Include="shaders\VK_Shadows\compile.bat">
      <Filter>folders</Filter>
    </None>
    <None Include="shaders\VK_Shadows\frag.spv">
      <Filter>folders</Filter>
    </None>
    <None Include="shaders\VK_Shadows\shader.frag">
      <Filter>folders</Filter>
    </None>
    <None Include="shaders\VK_Shadows\shader.vert">
      <Filter>folders</Filter>
    </None>
    <None Include="shaders\VK_Shadows\vert.spv">
      <Filter>folders</Filter>
    </None>
    <None Include="shaders\VK_PShadows\compile.bat">
      <Filter>folders</Filter>
    </None>
    <None Include="shaders\VK_PShadows\frag.spv">
      <Filter>folders</Filter>
    </None>
    <None Include="shaders\VK_PShadows\shader.frag">
      <Filter>folders</Filter>
    </None>
    <None Include="shaders\VK_PShadows\shader.vert">
      <Filter>folders</Filter>
    </None>
    <None Include="shaders\VK_PShadows\vert.spv">
      <Filter>folders</Filter>
    </None>
    <None Include="shaders\VK_Post\compile.bat">
      <Filter>folders</Filter>
    </None>
    <None Include="shaders\VK_Post\frag.spv">
      <Filter>folders</Filter>
    </None>
    <None Include="shaders\VK_Post\shader.frag">
      <Filter>folders</Filter>
    </None>
    <None Include="shaders\VK_Post\shader.vert">
      <Filter>folders</Filter>
    </None>
    <None Include="shaders\VK_Post\vert.spv">
      <Filter>folders</Filter>
    </None>
    <None Include="shaders\Vk\compile.bat">
      <Filter>folders</Filter>
    </None>
    <None Include="shaders\Vk\frag.spv">
      <Filter>folders</Filter>
    </None>
    <None Include="shaders\Vk\shader.frag">
      <Filter>folders</Filter>
    </None>
    <None Include="shaders\Vk\shader.vert">
      <Filter>folders</Filter>
    </None>
    <None Include="shaders\Vk\vert.spv">
      <Filter>folders</Filter>
    </None>
    <None Include="shaders\Common\Frag\FXAA.frag">
      <Filter>folders</Filter>
    </None>
    <None Include="shaders\Common\Frag\phong.frag">
      <Filter>folders</Filter>
    </None>
    <None Include="shaders\Common\Frag\shadows.frag">
      <Filter>folders</Filter>
    </None>
    <None Include="shaders\2D\compile.bat">
      <Filter>folders</Filter>
    </None>
    <None Include="shaders\2D\frag.spv">
      <Filter>folders</Filter>
    </None>
    <None Include="shaders\2D\shader.frag">
      <Filter>folders</Filter>
    </None>
    <None Include="shaders\2D\shader.vert">
      <Filter>folders</Filter>
    </None>
    <None Include="shaders\2D\vert.spv">
      <Filter>folders</Filter>
    </None>
  </ItemGroup>
  <ItemGroup>
    <Image Include="skybox\sky\back.jpg">
      <Filter>folders</Filter>
    </Image>
    <Image Include="skybox\sky\bottom.jpg">
      <Filter>folders</Filter>
    </Image>
    <Image Include="skybox\sky\front.jpg">
      <Filter>folders</Filter>
    </Image>
    <Image Include="skybox\sky\left.jpg">
      <Filter>folders</Filter>
    </Image>
    <Image Include="skybox\sky\right.jpg">
      <Filter>folders</Filter>
    </Image>
    <Image Include="skybox\sky\top.jpg">
      <Filter>folders</Filter>
    </Image>
    <Image Include="Resources\OSK_icon_lowres.png">
      <Filter>folders</Filter>
    </Image>
    <Image Include="Resources\OSKengine_icon_lowres.ico">
      <Filter>folders</Filter>
    </Image>
    <Image Include="Resources\OSKengine_icon_lowres.png">
      <Filter>folders</Filter>
    </Image>
    <Image Include="Resources\OSKengine_icon_lowres_16.ico">
      <Filter>folders</Filter>
    </Image>
    <Image Include="Resources\OSKengine_icon_lowres_16.png">
      <Filter>folders</Filter>
    </Image>
    <Image Include="Resources\OSKengine_icon_lowres_32.ico">
      <Filter>folders</Filter>
    </Image>
    <Image Include="Resources\OSKengine_icon_lowres_32.png">
      <Filter>folders</Filter>
    </Image>
    <Image Include="Resources\OSKengine_icon_lowres_48.ico">
      <Filter>folders</Filter>
    </Image>
    <Image Include="Resources\OSKengine_icon_lowres_48.png">
      <Filter>folders</Filter>
    </Image>
    <Image Include="Resources\OSKengine_icon_lowres_64.ico">
      <Filter>folders</Filter>
    </Image>
    <Image Include="Resources\OSKengine_icon_lowres_64.png">
      <Filter>folders</Filter>
    </Image>
    <Image Include="assets\engine\default_texture\default_texture.png">
      <Filter>folders</Filter>
    </Image>
    <Image Include="assets\editor\play.png">
      <Filter>folders</Filter>
    </Image>
  </ItemGroup>
  <ItemGroup>
    <Object Include="models\Skybox\cube.obj">
      <Filter>folders</Filter>
    </Object>
  </ItemGroup>
  <ItemGroup>
    <Font Include="Fonts\AGENCYB.TTF">
      <Filter>folders</Filter>
    </Font>
    <Font Include="Fonts\AGENCYR.TTF">
      <Filter>folders</Filter>
    </Font>
    <Font Include="Fonts\arial.ttf">
      <Filter>folders</Filter>
    </Font>
    <Font Include="Fonts\arialbd.ttf">
      <Filter>folders</Filter>
    </Font>
    <Font Include="Fonts\arialbi.ttf">
      <Filter>folders</Filter>
    </Font>
    <Font Include="Fonts\ariali.ttf">
      <Filter>folders</Filter>
    </Font>
    <Font Include="Fonts\ARIALN.TTF">
      <Filter>folders</Filter>
    </Font>
    <Font Include="Fonts\ARIALNB.TTF">
      <Filter>folders</Filter>
    </Font>
    <Font Include="Fonts\ARIALNBI.TTF">
      <Filter>folders</Filter>
    </Font>
    <Font Include="Fonts\ARIALNI.TTF">
      <Filter>folders</Filter>
    </Font>
    <Font Include="Fonts\ariblk.ttf">
      <Filter>folders</Filter>
    </Font>
    <Font Include="Fonts\JetBrainsMono-Regular.ttf">
      <Filter>folders</Filter>
    </Font>
  </ItemGroup>
</Project>