<?xml version="1.0" encoding="utf-8"?>
<Project ToolsVersion="4.0" xmlns="http://schemas.microsoft.com/developer/msbuild/2003">
  <ItemGroup>
    <Filter Include="Archivos de origen">
      <UniqueIdentifier>{4FC737F1-C7A5-4376-A066-2A32D752A2FF}</UniqueIdentifier>
      <Extensions>cpp;c;cc;cxx;c++;cppm;ixx;def;odl;idl;hpj;bat;asm;asmx</Extensions>
    </Filter>
    <Filter Include="Archivos de encabezado">
      <UniqueIdentifier>{93995380-89BD-4b04-88EB-625FBE52EBFB}</UniqueIdentifier>
      <Extensions>h;hh;hpp;hxx;h++;hm;inl;inc;ipp;xsd</Extensions>
    </Filter>
    <Filter Include="Archivos de recursos">
      <UniqueIdentifier>{67DA6AB6-F800-4c08-8B7A-83BB121AAD01}</UniqueIdentifier>
      <Extensions>rc;ico;cur;bmp;dlg;rc2;rct;bin;rgs;gif;jpg;jpeg;jpe;resx;tiff;tif;png;wav;mfcribbon-ms</Extensions>
    </Filter>
    <Filter Include="Archivos de origen\ThirdParty">
      <UniqueIdentifier>{283691c5-b145-4be5-ab16-02e2a66fbce2}</UniqueIdentifier>
    </Filter>
    <Filter Include="Archivos de origen\OSKengine">
      <UniqueIdentifier>{0d708705-372d-41b8-8ede-05547485f832}</UniqueIdentifier>
    </Filter>
    <Filter Include="Archivos de origen\OSKengine\RenderAPI">
      <UniqueIdentifier>{01f5680d-5039-431b-90b4-abd5b6698baa}</UniqueIdentifier>
    </Filter>
    <Filter Include="Archivos de origen\OSKengine\Util">
      <UniqueIdentifier>{7c153d42-429c-407d-b325-872615be17f3}</UniqueIdentifier>
    </Filter>
    <Filter Include="Archivos de origen\OSKengine\RenderAPI\LowLevel">
      <UniqueIdentifier>{9f05af95-2413-4d79-9535-f76cd2c20cc3}</UniqueIdentifier>
    </Filter>
    <Filter Include="Archivos de origen\OSKengine\RenderAPI\LowLevel\Renderpass">
      <UniqueIdentifier>{800eebf3-b3d6-4ace-8f1c-509d8af50ad3}</UniqueIdentifier>
    </Filter>
    <Filter Include="Archivos de origen\OSKengine\RenderAPI\LowLevel\Renderer">
      <UniqueIdentifier>{3d7513f7-f14b-4f52-86bf-4b190874d8b0}</UniqueIdentifier>
    </Filter>
    <Filter Include="Archivos de origen\OSKengine\RenderAPI\LowLevel\Resources">
      <UniqueIdentifier>{0c01acaa-4918-4217-9619-dba8fa9ffc15}</UniqueIdentifier>
    </Filter>
    <Filter Include="Archivos de origen\OSKengine\RenderAPI\LowLevel\Resources\Buffer">
      <UniqueIdentifier>{99a98e5b-944a-418a-bb90-6bcd798f302c}</UniqueIdentifier>
    </Filter>
    <Filter Include="Archivos de origen\OSKengine\RenderAPI\LowLevel\Resources\Buffer\Vertex">
      <UniqueIdentifier>{9792cd24-650f-4385-9d74-7c92781e661c}</UniqueIdentifier>
    </Filter>
    <Filter Include="Archivos de origen\OSKengine\RenderAPI\LowLevel\Resources\Buffer\Index">
      <UniqueIdentifier>{37a3dc9a-ccd2-41b7-84e2-528d45aca916}</UniqueIdentifier>
    </Filter>
    <Filter Include="Archivos de origen\OSKengine\RenderAPI\LowLevel\Resources\Image">
      <UniqueIdentifier>{094c6554-7ba0-4a19-b7ff-3a601ba3a626}</UniqueIdentifier>
    </Filter>
    <Filter Include="Archivos de origen\OSKengine\RenderAPI\LowLevel\Swapchain">
      <UniqueIdentifier>{6fce6098-01eb-486b-93f9-a66905a08e36}</UniqueIdentifier>
    </Filter>
    <Filter Include="Archivos de origen\OSKengine\RenderAPI\LowLevel\Sync">
      <UniqueIdentifier>{31c8949e-2de3-4949-9a9d-12bc91f202df}</UniqueIdentifier>
    </Filter>
    <Filter Include="Archivos de origen\OSKengine\RenderAPI\LowLevel\Vertex">
      <UniqueIdentifier>{e0c71e47-f2d0-4804-93a4-cbce52ecd138}</UniqueIdentifier>
    </Filter>
    <Filter Include="Archivos de origen\OSKengine\RenderAPI\LowLevel\Commands">
      <UniqueIdentifier>{703bcaea-ed8c-4704-b274-287ddd66bd5f}</UniqueIdentifier>
    </Filter>
    <Filter Include="Archivos de origen\OSKengine\RenderAPI\LowLevel\Commands\Queues">
      <UniqueIdentifier>{777c0da3-13f3-496b-b0c6-bb3cc7016d58}</UniqueIdentifier>
    </Filter>
    <Filter Include="Archivos de origen\OSKengine\RenderAPI\LowLevel\Commands\Pool">
      <UniqueIdentifier>{5c1af065-2c95-49dd-8db8-f8d806a66ac9}</UniqueIdentifier>
    </Filter>
    <Filter Include="Archivos de origen\OSKengine\RenderAPI\LowLevel\Commands\List">
      <UniqueIdentifier>{615ae9d9-cd2d-497d-afbe-253d5abbc1b6}</UniqueIdentifier>
    </Filter>
    <Filter Include="Archivos de origen\OSKengine\RenderAPI\LowLevel\Gpu">
      <UniqueIdentifier>{4dc80e01-f306-4949-afc8-b2ca315d8aa4}</UniqueIdentifier>
    </Filter>
    <Filter Include="Archivos de origen\OSKengine\RenderAPI\LowLevel\Memory">
      <UniqueIdentifier>{4d22da90-0da6-465f-a384-e2d19aee7732}</UniqueIdentifier>
    </Filter>
    <Filter Include="Archivos de origen\OSKengine\RenderAPI\LowLevel\Memory\Allocator">
      <UniqueIdentifier>{a326600a-b174-4778-8c0c-02ecef490d7f}</UniqueIdentifier>
    </Filter>
    <Filter Include="Archivos de origen\OSKengine\RenderAPI\LowLevel\Memory\Block">
      <UniqueIdentifier>{7bfaf32b-d20a-405d-bcc3-ba5a231d320a}</UniqueIdentifier>
    </Filter>
    <Filter Include="Archivos de origen\OSKengine\RenderAPI\LowLevel\Memory\Subblock">
      <UniqueIdentifier>{eb750b23-9651-431c-a695-22befa8c2e58}</UniqueIdentifier>
    </Filter>
    <Filter Include="Archivos de origen\OSKengine\RenderAPI\LowLevel\Memory\Enums">
      <UniqueIdentifier>{d79ad29a-06e3-412f-8a8a-587c35746d1a}</UniqueIdentifier>
    </Filter>
    <Filter Include="Archivos de origen\OSKengine\RenderAPI\HighLevel">
      <UniqueIdentifier>{5a8f829c-fffd-4b8c-b10f-6954653eac27}</UniqueIdentifier>
    </Filter>
    <Filter Include="Archivos de origen\OSKengine\Types">
      <UniqueIdentifier>{ac15c615-7b03-4c62-bc04-82b0bab69299}</UniqueIdentifier>
    </Filter>
    <Filter Include="Archivos de origen\OSKengine\RenderAPI\LowLevel\Resources\Buffer\Uniform">
      <UniqueIdentifier>{d553da6e-8ede-41b3-a573-8d49c5eba4ce}</UniqueIdentifier>
    </Filter>
    <Filter Include="Archivos de origen\OSKengine\RenderAPI\HighLevel\Material">
      <UniqueIdentifier>{b4dede04-6846-4c59-9849-43c2f3686e39}</UniqueIdentifier>
    </Filter>
    <Filter Include="Archivos de origen\OSKengine\RenderAPI\HighLevel\Material\Layout">
      <UniqueIdentifier>{0fb8ea34-f058-42c8-8f29-6030e3b36d78}</UniqueIdentifier>
    </Filter>
    <Filter Include="Archivos de origen\OSKengine\RenderAPI\LowLevel\Material">
      <UniqueIdentifier>{0e3f0044-ff9a-4c47-a6ce-ebf55be1eea1}</UniqueIdentifier>
    </Filter>
    <Filter Include="Archivos de origen\OSKengine\RenderAPI\LowLevel\Material\Slot">
      <UniqueIdentifier>{6bcb0019-d1c1-441f-9a80-0cfa7ffc6c73}</UniqueIdentifier>
    </Filter>
    <Filter Include="Archivos de origen\OSKengine\RenderAPI\LowLevel\Material\Slot\Desc">
      <UniqueIdentifier>{cf8afb6f-b221-43a6-bcbb-cf8792cd23e9}</UniqueIdentifier>
    </Filter>
    <Filter Include="Archivos de origen\OSKengine\Assets">
      <UniqueIdentifier>{8275e444-85fb-4b83-b17b-c9b05b93b15e}</UniqueIdentifier>
    </Filter>
    <Filter Include="Archivos de origen\OSKengine\Assets\Builtin">
      <UniqueIdentifier>{4e6eb584-9ffa-426e-9976-e01487227120}</UniqueIdentifier>
    </Filter>
    <Filter Include="Archivos de origen\OSKengine\Assets\Loaders">
      <UniqueIdentifier>{e7c30582-cfac-45f0-9235-280ec8f8ddfc}</UniqueIdentifier>
    </Filter>
    <Filter Include="Archivos de origen\OSKengine\ECS">
      <UniqueIdentifier>{a57277ce-475e-4bf5-afda-4cc8da3d4095}</UniqueIdentifier>
    </Filter>
    <Filter Include="Archivos de origen\OSKengine\ECS\GameObject">
      <UniqueIdentifier>{523cb337-ca1f-49a3-913e-d95e723addcd}</UniqueIdentifier>
    </Filter>
    <Filter Include="Archivos de origen\OSKengine\ECS\Component">
      <UniqueIdentifier>{c0ad09ea-088b-4489-81c1-196034f68df8}</UniqueIdentifier>
    </Filter>
    <Filter Include="Archivos de origen\OSKengine\ECS\System">
      <UniqueIdentifier>{4f5369ed-7cf9-4c3a-bc6d-2b3928e1662c}</UniqueIdentifier>
    </Filter>
    <Filter Include="Archivos de origen\OSKengine\IO">
      <UniqueIdentifier>{55054a3b-caae-4f7d-ba1f-c19f20064d9d}</UniqueIdentifier>
    </Filter>
    <Filter Include="Archivos de origen\OSKengine\ECS\Builtin">
      <UniqueIdentifier>{a7198859-d1be-4134-ad00-3bd05f6d57fd}</UniqueIdentifier>
    </Filter>
    <Filter Include="Archivos de origen\OSKengine\ECS\Builtin\Transform3D">
      <UniqueIdentifier>{b8ecdc52-1ff9-4d1f-81cc-a31530031ef9}</UniqueIdentifier>
    </Filter>
    <Filter Include="Archivos de origen\OSKengine\ECS\Builtin\Model3D">
      <UniqueIdentifier>{ba9d9aa6-0f22-4b95-8b56-2ed58e4ed17d}</UniqueIdentifier>
    </Filter>
    <Filter Include="Archivos de encabezado\OSKengine">
      <UniqueIdentifier>{558164c6-1a3a-4be4-8d7c-de16fa4f0484}</UniqueIdentifier>
    </Filter>
    <Filter Include="Archivos de encabezado\OSKengine\RenderAPI">
      <UniqueIdentifier>{83170729-5134-41f5-bd54-8ea9910d5ec0}</UniqueIdentifier>
    </Filter>
    <Filter Include="Archivos de encabezado\OSKengine\RenderAPI\LowLevel">
      <UniqueIdentifier>{99d3bf02-df9b-44a8-9299-7c08bbfcec60}</UniqueIdentifier>
    </Filter>
    <Filter Include="Archivos de encabezado\OSKengine\RenderAPI\LowLevel\Renderpass">
      <UniqueIdentifier>{2db46cc9-b1e1-4b5d-8448-3ed0ad8342d8}</UniqueIdentifier>
    </Filter>
    <Filter Include="Archivos de encabezado\OSKengine\RenderAPI\LowLevel\Renderer">
      <UniqueIdentifier>{72fe62db-9740-435f-b0ff-453c55895781}</UniqueIdentifier>
    </Filter>
    <Filter Include="Archivos de encabezado\OSKengine\RenderAPI\LowLevel\Resources">
      <UniqueIdentifier>{1351832f-7714-425e-b22c-9a0af308174b}</UniqueIdentifier>
    </Filter>
    <Filter Include="Archivos de encabezado\OSKengine\RenderAPI\LowLevel\Resources\Image">
      <UniqueIdentifier>{5ef5e3cc-25a5-4b1c-9e9a-ba84da634676}</UniqueIdentifier>
    </Filter>
    <Filter Include="Archivos de encabezado\OSKengine\RenderAPI\LowLevel\Resources\Image\Format">
      <UniqueIdentifier>{895d923a-5f98-48c9-9e00-d64c87592467}</UniqueIdentifier>
    </Filter>
    <Filter Include="Archivos de encabezado\OSKengine\RenderAPI\LowLevel\Resources\Image\Layout">
      <UniqueIdentifier>{7daad305-aec2-4ecb-a651-fe156ce49713}</UniqueIdentifier>
    </Filter>
    <Filter Include="Archivos de encabezado\OSKengine\RenderAPI\LowLevel\Resources\Image\Image">
      <UniqueIdentifier>{54c173ef-62ec-4665-a729-5870e1dce0f1}</UniqueIdentifier>
    </Filter>
    <Filter Include="Archivos de encabezado\OSKengine\RenderAPI\LowLevel\Resources\Buffer">
      <UniqueIdentifier>{eeebfc32-7821-4d18-a161-27fe5e554067}</UniqueIdentifier>
    </Filter>
    <Filter Include="Archivos de encabezado\OSKengine\RenderAPI\LowLevel\Resources\Buffer\Vertex">
      <UniqueIdentifier>{5415fe05-9f08-4112-8301-d1d4cdc5736a}</UniqueIdentifier>
    </Filter>
    <Filter Include="Archivos de encabezado\OSKengine\RenderAPI\LowLevel\Resources\Buffer\Index">
      <UniqueIdentifier>{ecf50bed-6b5d-4ae8-967d-99fa8440622c}</UniqueIdentifier>
    </Filter>
    <Filter Include="Archivos de encabezado\OSKengine\RenderAPI\LowLevel\Resources\Buffer\Uniform">
      <UniqueIdentifier>{be15d554-c73d-48b8-9626-688c64e629d2}</UniqueIdentifier>
    </Filter>
    <Filter Include="Archivos de encabezado\OSKengine\RenderAPI\LowLevel\Swapchain">
      <UniqueIdentifier>{13d91e0c-c20c-4905-95cd-e419d795f47e}</UniqueIdentifier>
    </Filter>
    <Filter Include="Archivos de encabezado\OSKengine\RenderAPI\LowLevel\Sync">
      <UniqueIdentifier>{d74f7f95-ecb0-452a-aca5-0cd5dbb27805}</UniqueIdentifier>
    </Filter>
    <Filter Include="Archivos de encabezado\OSKengine\RenderAPI\LowLevel\Vertex">
      <UniqueIdentifier>{c13f8272-ce6b-4990-8565-5cd782b778d0}</UniqueIdentifier>
    </Filter>
    <Filter Include="Archivos de encabezado\OSKengine\RenderAPI\LowLevel\Commands">
      <UniqueIdentifier>{bb0f8911-f7ab-48d4-9b70-d004d85b65a2}</UniqueIdentifier>
    </Filter>
    <Filter Include="Archivos de encabezado\OSKengine\RenderAPI\LowLevel\Commands\Queue">
      <UniqueIdentifier>{f95f27df-6b41-4319-af7f-0da4775148c2}</UniqueIdentifier>
    </Filter>
    <Filter Include="Archivos de encabezado\OSKengine\RenderAPI\LowLevel\Commands\Pool">
      <UniqueIdentifier>{9bc4858d-1b8b-4b9e-a315-4c5b6723c221}</UniqueIdentifier>
    </Filter>
    <Filter Include="Archivos de encabezado\OSKengine\RenderAPI\LowLevel\Commands\List">
      <UniqueIdentifier>{6c33079a-2a94-418a-a357-31f78a5c74df}</UniqueIdentifier>
    </Filter>
    <Filter Include="Archivos de encabezado\OSKengine\RenderAPI\LowLevel\Gpu">
      <UniqueIdentifier>{8447f629-d426-4622-b855-fe41042e9478}</UniqueIdentifier>
    </Filter>
    <Filter Include="Archivos de encabezado\OSKengine\RenderAPI\LowLevel\Memory">
      <UniqueIdentifier>{38c20a20-9205-47f6-bd05-f6ae1e9af665}</UniqueIdentifier>
    </Filter>
    <Filter Include="Archivos de encabezado\OSKengine\RenderAPI\LowLevel\Memory\Allocator">
      <UniqueIdentifier>{fec5c9ff-18a6-4cdd-b004-fbb7f9a291b0}</UniqueIdentifier>
    </Filter>
    <Filter Include="Archivos de encabezado\OSKengine\RenderAPI\LowLevel\Memory\Block">
      <UniqueIdentifier>{216e1633-b043-4c17-8943-e0df33bc1ed6}</UniqueIdentifier>
    </Filter>
    <Filter Include="Archivos de encabezado\OSKengine\RenderAPI\LowLevel\Memory\Subblock">
      <UniqueIdentifier>{90fac08e-b8b5-4228-b448-0e5a1f67c228}</UniqueIdentifier>
    </Filter>
    <Filter Include="Archivos de encabezado\OSKengine\RenderAPI\LowLevel\Memory\Enums">
      <UniqueIdentifier>{50a96a1f-69b5-41ce-85d4-5df26e115f26}</UniqueIdentifier>
    </Filter>
    <Filter Include="Archivos de encabezado\OSKengine\RenderAPI\LowLevel\Pipeline">
      <UniqueIdentifier>{7dcb0c62-f988-46b9-b61e-fc5f51441c90}</UniqueIdentifier>
    </Filter>
    <Filter Include="Archivos de encabezado\OSKengine\RenderAPI\LowLevel\Pipeline\Viewport">
      <UniqueIdentifier>{31c35286-2001-4330-9cfd-26b42fee0bbb}</UniqueIdentifier>
    </Filter>
    <Filter Include="Archivos de encabezado\OSKengine\RenderAPI\LowLevel\Pipeline\Layout">
      <UniqueIdentifier>{afd8f43d-91d0-400d-bbf8-d703ee9e9aaa}</UniqueIdentifier>
    </Filter>
    <Filter Include="Archivos de encabezado\OSKengine\RenderAPI\LowLevel\Pipeline\Layout\Shader">
      <UniqueIdentifier>{b113138c-b0b5-46fe-b9c7-c472f8bc8211}</UniqueIdentifier>
    </Filter>
    <Filter Include="Archivos de encabezado\OSKengine\RenderAPI\LowLevel\Pipeline\Layout\Pipeline">
      <UniqueIdentifier>{f8a97e08-c333-4e0e-a4f0-c541224f137b}</UniqueIdentifier>
    </Filter>
    <Filter Include="Archivos de encabezado\OSKengine\RenderAPI\LowLevel\Material">
      <UniqueIdentifier>{ce8289c2-3296-4623-9e27-bd2acf6cbef9}</UniqueIdentifier>
    </Filter>
    <Filter Include="Archivos de encabezado\OSKengine\RenderAPI\LowLevel\Material\Slot">
      <UniqueIdentifier>{3c8c5d73-fc07-4fdf-8953-f740a153de1e}</UniqueIdentifier>
    </Filter>
    <Filter Include="Archivos de encabezado\OSKengine\RenderAPI\LowLevel\Material\Slot\Desc">
      <UniqueIdentifier>{6c06b96c-ebc7-475e-8434-9258ab904fc3}</UniqueIdentifier>
    </Filter>
    <Filter Include="Archivos de encabezado\OSKengine\RenderAPI\HighLevel">
      <UniqueIdentifier>{0f060710-faff-4407-a43c-740bccd2b83d}</UniqueIdentifier>
    </Filter>
    <Filter Include="Archivos de encabezado\OSKengine\RenderAPI\HighLevel\Material">
      <UniqueIdentifier>{0ccaa110-f30e-4d69-80ca-0f39568a0a8e}</UniqueIdentifier>
    </Filter>
    <Filter Include="Archivos de encabezado\OSKengine\RenderAPI\HighLevel\Material\Layout">
      <UniqueIdentifier>{2fcd81c1-58d2-411e-a484-070b14394cd9}</UniqueIdentifier>
    </Filter>
    <Filter Include="Archivos de encabezado\OSKengine\STD">
      <UniqueIdentifier>{e23bcee6-9281-4c75-80c8-a463e93e92f9}</UniqueIdentifier>
    </Filter>
    <Filter Include="Archivos de encabezado\OSKengine\Types">
      <UniqueIdentifier>{7d72a006-1447-4791-95fd-3f480e858144}</UniqueIdentifier>
    </Filter>
    <Filter Include="Archivos de encabezado\OSKengine\Util">
      <UniqueIdentifier>{950412df-0ac9-4b24-abcd-139b23f21ee5}</UniqueIdentifier>
    </Filter>
    <Filter Include="Archivos de encabezado\OSKengine\Memory">
      <UniqueIdentifier>{2f1b2e57-6055-4b41-9585-9edcf089cb51}</UniqueIdentifier>
    </Filter>
    <Filter Include="Archivos de encabezado\OSKengine\Assets">
      <UniqueIdentifier>{91f667a1-515e-420c-ae56-c90997c0975e}</UniqueIdentifier>
    </Filter>
    <Filter Include="Archivos de encabezado\OSKengine\Assets\Builtin">
      <UniqueIdentifier>{4a59a094-3e51-4acb-a9f4-25bb7cb33882}</UniqueIdentifier>
    </Filter>
    <Filter Include="Archivos de encabezado\OSKengine\Assets\Loaders">
      <UniqueIdentifier>{ef4483fc-39a0-4217-8e6c-10d2b633c0e3}</UniqueIdentifier>
    </Filter>
    <Filter Include="Archivos de encabezado\OSKengine\ECS">
      <UniqueIdentifier>{9b7af04f-4ed2-4df0-8020-f37022c0d6d1}</UniqueIdentifier>
    </Filter>
    <Filter Include="Archivos de encabezado\OSKengine\ECS\Component">
      <UniqueIdentifier>{b0ab953b-4bc8-4e2d-ad70-ca63c8b94027}</UniqueIdentifier>
    </Filter>
    <Filter Include="Archivos de encabezado\OSKengine\ECS\GameObject">
      <UniqueIdentifier>{bcd54297-7b81-4024-9769-abf1d0c178b5}</UniqueIdentifier>
    </Filter>
    <Filter Include="Archivos de encabezado\OSKengine\ECS\System">
      <UniqueIdentifier>{c8465148-1e82-43a1-b955-071a35ee5450}</UniqueIdentifier>
    </Filter>
    <Filter Include="Archivos de encabezado\OSKengine\ECS\Builtin">
      <UniqueIdentifier>{0f52d713-7e97-4973-8205-eaebeb9ae430}</UniqueIdentifier>
    </Filter>
    <Filter Include="Archivos de encabezado\OSKengine\ECS\Builtin\Transform">
      <UniqueIdentifier>{f3e3c919-1363-4f06-8405-f2f77e8631cb}</UniqueIdentifier>
    </Filter>
    <Filter Include="Archivos de encabezado\OSKengine\ECS\Builtin\Model3D">
      <UniqueIdentifier>{087fa198-8ccb-4ff2-b4cd-23fb588e35be}</UniqueIdentifier>
    </Filter>
    <Filter Include="Archivos de encabezado\OSKengine\IO">
      <UniqueIdentifier>{8df65a52-e54c-42cf-9dff-3ecd243f5658}</UniqueIdentifier>
    </Filter>
    <Filter Include="Archivos de origen\OSKengine\Memory">
      <UniqueIdentifier>{d8abbfe1-2460-4777-9024-4181aa9a125d}</UniqueIdentifier>
    </Filter>
    <Filter Include="Archivos de encabezado\OSKengine\ECS\Builtin\Camera">
      <UniqueIdentifier>{67d04b18-85a1-44bd-aadf-c34c7209ccb5}</UniqueIdentifier>
    </Filter>
    <Filter Include="Archivos de origen\OSKengine\ECS\Builtin\Camera">
      <UniqueIdentifier>{ce9b86a3-39e4-464e-be5d-47fd9d53d4ed}</UniqueIdentifier>
    </Filter>
    <Filter Include="Archivos de encabezado\OSKengine\RenderAPI\LowLevel\Resources\Image\Sampler">
      <UniqueIdentifier>{72fd60d8-fc94-4ae3-b7f9-477e1e275d72}</UniqueIdentifier>
    </Filter>
    <Filter Include="Archivos de encabezado\OSKengine\RenderAPI\LowLevel\Vertex\Description">
      <UniqueIdentifier>{64f408c8-a7ca-42e0-8d02-d4b4a754e4fa}</UniqueIdentifier>
    </Filter>
    <Filter Include="Archivos de encabezado\OSKengine\ECS\Builtin\Transform2D">
      <UniqueIdentifier>{aa609a7a-4ccf-4580-b62d-141228006644}</UniqueIdentifier>
    </Filter>
    <Filter Include="Archivos de origen\OSKengine\ECS\Builtin\Transform2D">
      <UniqueIdentifier>{9eafd1bf-ab24-4816-9580-7596d74e4d0b}</UniqueIdentifier>
    </Filter>
    <Filter Include="Archivos de encabezado\OSKengine\ECS\Builtin\Camera2D">
      <UniqueIdentifier>{649be613-3dcc-4be0-af75-d9618a5ed117}</UniqueIdentifier>
    </Filter>
    <Filter Include="Archivos de origen\OSKengine\ECS\Builtin\Camera2D">
      <UniqueIdentifier>{aeb6b7a0-454e-496e-9f6c-293b0d469c32}</UniqueIdentifier>
    </Filter>
    <Filter Include="Archivos de encabezado\OSKengine\ECS\Builtin\Sprite">
      <UniqueIdentifier>{01a5d7fb-5548-4b63-b3dc-a906c1927104}</UniqueIdentifier>
    </Filter>
    <Filter Include="Archivos de origen\OSKengine\ECS\Builtin\Sprite">
      <UniqueIdentifier>{c0cb6ebb-c503-41f5-8542-05861406990f}</UniqueIdentifier>
    </Filter>
    <Filter Include="Archivos de encabezado\OSKengine\Assets\Builtin\Font">
      <UniqueIdentifier>{32b7fc4f-664e-46ae-a564-187d77d78750}</UniqueIdentifier>
    </Filter>
    <Filter Include="Archivos de origen\OSKengine\Assets\Builtin\Font">
      <UniqueIdentifier>{561a58b1-7796-491d-aba4-6c68d843dad0}</UniqueIdentifier>
    </Filter>
    <Filter Include="Archivos de encabezado\OSKengine\ECS\Builtin\Terrain">
      <UniqueIdentifier>{31347dad-b317-4c19-a8c2-c7b4a0e2a3b8}</UniqueIdentifier>
    </Filter>
    <Filter Include="Archivos de origen\OSKengine\ECS\Builtin\Terrain">
      <UniqueIdentifier>{c5f5e89e-dbd8-4bce-b65d-f191cb3ebe42}</UniqueIdentifier>
    </Filter>
    <Filter Include="Archivos de encabezado\OSKengine\UI">
      <UniqueIdentifier>{238c8b7b-58c8-412c-8b29-e02ba385ecdc}</UniqueIdentifier>
    </Filter>
    <Filter Include="Archivos de origen\OSKengine\UI">
      <UniqueIdentifier>{4deab358-644d-430c-bd8c-0c5a836c30d6}</UniqueIdentifier>
    </Filter>
    <Filter Include="Archivos de origen\OSKengine\RenderAPI\LowLevel\RT">
      <UniqueIdentifier>{21f41913-222c-48aa-8f37-ddefb2890c00}</UniqueIdentifier>
    </Filter>
    <Filter Include="Archivos de encabezado\OSKengine\RenderAPI\LowLevel\RT">
      <UniqueIdentifier>{529fc591-21be-4e64-830c-84aa2cd8d2c6}</UniqueIdentifier>
    </Filter>
    <Filter Include="Archivos de encabezado\OSKengine\RenderAPI\LowLevel\RT\AS">
      <UniqueIdentifier>{8e06b537-68da-496e-bf0e-04fa38b3ab40}</UniqueIdentifier>
    </Filter>
    <Filter Include="Archivos de origen\OSKengine\RenderAPI\LowLevel\RT\AS">
      <UniqueIdentifier>{835a3ec5-8808-431e-9386-e00b629789f9}</UniqueIdentifier>
    </Filter>
    <Filter Include="Archivos de encabezado\OSKengine\RenderAPI\LowLevel\RT\ShaderTable">
      <UniqueIdentifier>{62e62b93-cb83-4b47-aee2-1698ffcf605a}</UniqueIdentifier>
    </Filter>
    <Filter Include="Archivos de origen\OSKengine\RenderAPI\LowLevel\RT\ShaderTable">
      <UniqueIdentifier>{59a762d1-863e-45ef-88da-385b7857f138}</UniqueIdentifier>
    </Filter>
    <Filter Include="Archivos de encabezado\OSKengine\RenderAPI\LowLevel\Pipeline\Pipeline">
      <UniqueIdentifier>{e3e104d9-c560-43be-9848-82f9359201f1}</UniqueIdentifier>
    </Filter>
    <Filter Include="Archivos de origen\OSKengine\RenderAPI\LowLevel\Pipeline">
      <UniqueIdentifier>{98ca4f4a-2769-474a-ab3e-0806d3a4d213}</UniqueIdentifier>
    </Filter>
    <Filter Include="Archivos de origen\OSKengine\RenderAPI\LowLevel\Pipeline\Layout">
      <UniqueIdentifier>{4991646e-9271-4a29-918e-bc31cea91894}</UniqueIdentifier>
    </Filter>
    <Filter Include="Archivos de origen\OSKengine\RenderAPI\LowLevel\Pipeline\Layout\Pipeline">
      <UniqueIdentifier>{771f7ea8-8ae3-4ab6-a882-4c35d9d32460}</UniqueIdentifier>
    </Filter>
    <Filter Include="Archivos de origen\OSKengine\RenderAPI\LowLevel\Pipeline\Shader">
      <UniqueIdentifier>{f27b86fe-ff95-4a4a-bc98-b9c12dd4f73f}</UniqueIdentifier>
    </Filter>
    <Filter Include="Archivos de origen\OSKengine\RenderAPI\LowLevel\Pipeline\Pipeline">
      <UniqueIdentifier>{a6851734-b04f-4f11-a555-4059eeede51e}</UniqueIdentifier>
    </Filter>
    <Filter Include="Archivos de encabezado\OSKengine\RenderAPI\LowLevel\RT\AS\BLAS">
      <UniqueIdentifier>{d9892f85-27b8-48d6-afe6-d0c45455811e}</UniqueIdentifier>
    </Filter>
    <Filter Include="Archivos de origen\OSKengine\RenderAPI\LowLevel\RT\AS\BLAS">
      <UniqueIdentifier>{5743ce3e-6d5d-4515-baa0-2670d27ea20d}</UniqueIdentifier>
    </Filter>
    <Filter Include="Archivos de encabezado\OSKengine\RenderAPI\LowLevel\RT\AS\TLAS">
      <UniqueIdentifier>{fd8822ff-89cd-4214-83e3-846318201559}</UniqueIdentifier>
    </Filter>
    <Filter Include="Archivos de origen\OSKengine\RenderAPI\LowLevel\RT\AS\TLAS">
      <UniqueIdentifier>{8141c11d-df68-48e5-a6c1-e8de20c84236}</UniqueIdentifier>
    </Filter>
    <Filter Include="Archivos de encabezado\OSKengine\RenderAPI\HighLevel\PBR">
      <UniqueIdentifier>{5a7d13ac-a2fc-4067-92ef-0c98f9d9547c}</UniqueIdentifier>
    </Filter>
    <Filter Include="Doc">
      <UniqueIdentifier>{8b39a36a-e265-44d2-a648-37146090c66b}</UniqueIdentifier>
    </Filter>
    <Filter Include="Archivos de origen\OSKengine\RenderAPI\HighLevel\PBR">
      <UniqueIdentifier>{458b5b52-5fb4-46df-9f84-41d90643eafd}</UniqueIdentifier>
    </Filter>
    <Filter Include="Archivos de encabezado\OSKengine\RenderAPI\LowLevel\Pipeline\Compute">
      <UniqueIdentifier>{d4c0105c-58b4-4c69-8dc1-1b7239b11e37}</UniqueIdentifier>
    </Filter>
    <Filter Include="Archivos de origen\OSKengine\RenderAPI\LowLevel\Pipeline\Compute">
      <UniqueIdentifier>{ba4beee5-eb0c-4f1d-baf7-1675e6d91a3b}</UniqueIdentifier>
    </Filter>
    <Filter Include="Archivos de origen\OSKengine\RenderAPI\LowLevel\Pipeline\Raytracing">
      <UniqueIdentifier>{064c10e9-3042-45f2-a0e1-b3b9b3971718}</UniqueIdentifier>
    </Filter>
    <Filter Include="Archivos de origen\OSKengine\RenderAPI\LowLevel\Pipeline\Graphics">
      <UniqueIdentifier>{90756499-3b15-4adf-adda-3788e01aca33}</UniqueIdentifier>
    </Filter>
    <Filter Include="Archivos de encabezado\OSKengine\RenderAPI\LowLevel\Pipeline\Graphics">
      <UniqueIdentifier>{7834c91a-1d27-4f14-abb3-4085fda7717d}</UniqueIdentifier>
    </Filter>
    <Filter Include="Archivos de encabezado\OSKengine\RenderAPI\LowLevel\Pipeline\Raytracing">
      <UniqueIdentifier>{6cb258b9-07fb-4c69-897d-cbd0a0d39387}</UniqueIdentifier>
    </Filter>
  </ItemGroup>
  <ItemGroup>
    <ClCompile Include="main.cpp">
      <Filter>Archivos de origen</Filter>
    </ClCompile>
    <ClCompile Include="KeyboardState.cpp">
      <Filter>Archivos de origen\OSKengine\IO</Filter>
    </ClCompile>
    <ClCompile Include="MouseState.cpp">
      <Filter>Archivos de origen\OSKengine\IO</Filter>
    </ClCompile>
    <ClCompile Include="Window.cpp">
      <Filter>Archivos de origen\OSKengine\IO</Filter>
    </ClCompile>
    <ClCompile Include="OSKengine.cpp">
      <Filter>Archivos de origen\OSKengine</Filter>
    </ClCompile>
    <ClCompile Include="Assert.cpp">
      <Filter>Archivos de origen\OSKengine\Util</Filter>
    </ClCompile>
    <ClCompile Include="GpuDx12.cpp">
      <Filter>Archivos de origen\OSKengine\RenderAPI\LowLevel\Gpu</Filter>
    </ClCompile>
    <ClCompile Include="CommandQueueDx12.cpp">
      <Filter>Archivos de origen\OSKengine\RenderAPI\LowLevel\Commands\Queues</Filter>
    </ClCompile>
    <ClCompile Include="RendererDx12.cpp">
      <Filter>Archivos de origen\OSKengine\RenderAPI\LowLevel\Renderer</Filter>
    </ClCompile>
    <ClCompile Include="GpuVulkan.cpp">
      <Filter>Archivos de origen\OSKengine\RenderAPI\LowLevel\Gpu</Filter>
    </ClCompile>
    <ClCompile Include="CommandQueueVulkan.cpp">
      <Filter>Archivos de origen\OSKengine\RenderAPI\LowLevel\Commands\Queues</Filter>
    </ClCompile>
    <ClCompile Include="QueueFamilyIndices.cpp">
      <Filter>Archivos de origen\OSKengine\RenderAPI\LowLevel\Commands\Queues</Filter>
    </ClCompile>
    <ClCompile Include="RendererVulkan.cpp">
      <Filter>Archivos de origen\OSKengine\RenderAPI\LowLevel\Renderer</Filter>
    </ClCompile>
    <ClCompile Include="CommandPoolDx12.cpp">
      <Filter>Archivos de origen\OSKengine\RenderAPI\LowLevel\Commands\Pool</Filter>
    </ClCompile>
    <ClCompile Include="CommandListDx12.cpp">
      <Filter>Archivos de origen\OSKengine\RenderAPI\LowLevel\Commands\List</Filter>
    </ClCompile>
    <ClCompile Include="Renderer.cpp">
      <Filter>Archivos de origen\OSKengine\RenderAPI\LowLevel\Renderer</Filter>
    </ClCompile>
    <ClCompile Include="CommandPoolVulkan.cpp">
      <Filter>Archivos de origen\OSKengine\RenderAPI\LowLevel\Commands\Pool</Filter>
    </ClCompile>
    <ClCompile Include="CommandListVulkan.cpp">
      <Filter>Archivos de origen\OSKengine\RenderAPI\LowLevel\Commands\List</Filter>
    </ClCompile>
    <ClCompile Include="SwapchainDx12.cpp">
      <Filter>Archivos de origen\OSKengine\RenderAPI\LowLevel\Swapchain</Filter>
    </ClCompile>
    <ClCompile Include="ISwapchain.cpp">
      <Filter>Archivos de origen\OSKengine\RenderAPI\LowLevel\Swapchain</Filter>
    </ClCompile>
    <ClCompile Include="SwapchainVulkan.cpp">
      <Filter>Archivos de origen\OSKengine\RenderAPI\LowLevel\Swapchain</Filter>
    </ClCompile>
    <ClCompile Include="glad.c">
      <Filter>Archivos de origen\ThirdParty</Filter>
    </ClCompile>
    <ClCompile Include="SyncDeviceDx12.cpp">
      <Filter>Archivos de origen\OSKengine\RenderAPI\LowLevel\Sync</Filter>
    </ClCompile>
    <ClCompile Include="SyncDeviceVulkan.cpp">
      <Filter>Archivos de origen\OSKengine\RenderAPI\LowLevel\Sync</Filter>
    </ClCompile>
    <ClCompile Include="IGpuMemoryAllocator.cpp">
      <Filter>Archivos de origen\OSKengine\RenderAPI\LowLevel\Memory\Allocator</Filter>
    </ClCompile>
    <ClCompile Include="IGpuMemoryBlock.cpp">
      <Filter>Archivos de origen\OSKengine\RenderAPI\LowLevel\Memory\Block</Filter>
    </ClCompile>
    <ClCompile Include="IGpuMemorySubblock.cpp">
      <Filter>Archivos de origen\OSKengine\RenderAPI\LowLevel\Memory\Subblock</Filter>
    </ClCompile>
    <ClCompile Include="GpuMemoryTypeVulkan.cpp">
      <Filter>Archivos de origen\OSKengine\RenderAPI\LowLevel\Memory\Enums</Filter>
    </ClCompile>
    <ClCompile Include="GpuMemoryTypeDx12.cpp">
      <Filter>Archivos de origen\OSKengine\RenderAPI\LowLevel\Memory\Enums</Filter>
    </ClCompile>
    <ClCompile Include="GpuMemoryAllocatorDx12.cpp">
      <Filter>Archivos de origen\OSKengine\RenderAPI\LowLevel\Memory\Allocator</Filter>
    </ClCompile>
    <ClCompile Include="GpuMemoryBlockDx12.cpp">
      <Filter>Archivos de origen\OSKengine\RenderAPI\LowLevel\Memory\Block</Filter>
    </ClCompile>
    <ClCompile Include="GpuMemoryBlockVulkan.cpp">
      <Filter>Archivos de origen\OSKengine\RenderAPI\LowLevel\Memory\Block</Filter>
    </ClCompile>
    <ClCompile Include="IGpuDataBuffer.cpp">
      <Filter>Archivos de origen\OSKengine\RenderAPI\LowLevel\Resources\Buffer</Filter>
    </ClCompile>
    <ClCompile Include="GpuMemoryAllocatorVulkan.cpp">
      <Filter>Archivos de origen\OSKengine\RenderAPI\LowLevel\Memory\Allocator</Filter>
    </ClCompile>
    <ClCompile Include="GpuMemorySubblockVulkan.cpp">
      <Filter>Archivos de origen\OSKengine\RenderAPI\LowLevel\Memory\Subblock</Filter>
    </ClCompile>
    <ClCompile Include="GpuMemorySubblockDx12.cpp">
      <Filter>Archivos de origen\OSKengine\RenderAPI\LowLevel\Memory\Subblock</Filter>
    </ClCompile>
    <ClCompile Include="Format.cpp">
      <Filter>Archivos de origen\OSKengine\RenderAPI\LowLevel\Resources\Image</Filter>
    </ClCompile>
    <ClCompile Include="GpuImageLayoutVulkan.cpp">
      <Filter>Archivos de origen\OSKengine\RenderAPI\LowLevel\Resources\Image</Filter>
    </ClCompile>
    <ClCompile Include="GpuImageLayoutDx12.cpp">
      <Filter>Archivos de origen\OSKengine\RenderAPI\LowLevel\Resources\Image</Filter>
    </ClCompile>
    <ClCompile Include="GpuImageDx12.cpp">
      <Filter>Archivos de origen\OSKengine\RenderAPI\LowLevel\Resources\Image</Filter>
    </ClCompile>
    <ClCompile Include="GpuVertexBufferDx12.cpp">
      <Filter>Archivos de origen\OSKengine\RenderAPI\LowLevel\Resources\Buffer\Vertex</Filter>
    </ClCompile>
    <ClCompile Include="GpuIndexBufferDx12.cpp">
      <Filter>Archivos de origen\OSKengine\RenderAPI\LowLevel\Resources\Buffer\Index</Filter>
    </ClCompile>
    <ClCompile Include="GpuImageVulkan.cpp">
      <Filter>Archivos de origen\OSKengine\RenderAPI\LowLevel\Resources\Image</Filter>
    </ClCompile>
    <ClCompile Include="Color.cpp">
      <Filter>Archivos de origen\OSKengine\Types</Filter>
    </ClCompile>
    <ClCompile Include="IGpuImage.cpp">
      <Filter>Archivos de origen\OSKengine\RenderAPI\LowLevel\Resources\Image</Filter>
    </ClCompile>
    <ClCompile Include="IGpuVertexBuffer.cpp">
      <Filter>Archivos de origen\OSKengine\RenderAPI\LowLevel\Resources\Buffer\Vertex</Filter>
    </ClCompile>
    <ClCompile Include="ICommandList.cpp">
      <Filter>Archivos de origen\OSKengine\RenderAPI\LowLevel\Commands\List</Filter>
    </ClCompile>
    <ClCompile Include="GpuVertexBufferVulkan.cpp">
      <Filter>Archivos de origen\OSKengine\RenderAPI\LowLevel\Resources\Buffer\Vertex</Filter>
    </ClCompile>
    <ClCompile Include="IGpuIndexBuffer.cpp">
      <Filter>Archivos de origen\OSKengine\RenderAPI\LowLevel\Resources\Buffer\Index</Filter>
    </ClCompile>
    <ClCompile Include="GpuIndexBufferVulkan.cpp">
      <Filter>Archivos de origen\OSKengine\RenderAPI\LowLevel\Resources\Buffer\Index</Filter>
    </ClCompile>
    <ClCompile Include="IGpuUniformBuffer.cpp">
      <Filter>Archivos de origen\OSKengine\RenderAPI\LowLevel\Resources\Buffer\Uniform</Filter>
    </ClCompile>
    <ClCompile Include="GpuUniformBufferDx12.cpp">
      <Filter>Archivos de origen\OSKengine\RenderAPI\LowLevel\Resources\Buffer\Uniform</Filter>
    </ClCompile>
    <ClCompile Include="GraphicsPipelineDx12.cpp">
      <Filter>Archivos de origen\OSKengine\RenderAPI\LowLevel\Pipeline\Graphics</Filter>
    </ClCompile>
    <ClCompile Include="GraphicsPipelineVulkan.cpp">
      <Filter>Archivos de origen\OSKengine\RenderAPI\LowLevel\Pipeline\Graphics</Filter>
    </ClCompile>
    <ClCompile Include="IGraphicsPipeline.cpp">
      <Filter>Archivos de origen\OSKengine\RenderAPI\LowLevel\Pipeline\Graphics</Filter>
    </ClCompile>
    <ClCompile Include="GpuUniformBufferVulkan.cpp">
      <Filter>Archivos de origen\OSKengine\RenderAPI\LowLevel\Resources\Buffer\Uniform</Filter>
    </ClCompile>
    <ClCompile Include="IPipelineLayout.cpp">
      <Filter>Archivos de origen\OSKengine\RenderAPI\LowLevel\Pipeline\Layout\Pipeline</Filter>
    </ClCompile>
    <ClCompile Include="PipelineLayoutVulkan.cpp">
      <Filter>Archivos de origen\OSKengine\RenderAPI\LowLevel\Pipeline\Layout\Pipeline</Filter>
    </ClCompile>
    <ClCompile Include="MaterialSystem.cpp">
      <Filter>Archivos de origen\OSKengine\RenderAPI\HighLevel\Material</Filter>
    </ClCompile>
    <ClCompile Include="MaterialLayout.cpp">
      <Filter>Archivos de origen\OSKengine\RenderAPI\HighLevel\Material\Layout</Filter>
    </ClCompile>
    <ClCompile Include="PipelineLayoutDx12.cpp">
      <Filter>Archivos de origen\OSKengine\RenderAPI\LowLevel\Pipeline\Layout\Pipeline</Filter>
    </ClCompile>
    <ClCompile Include="Material.cpp">
      <Filter>Archivos de origen\OSKengine\RenderAPI\HighLevel\Material</Filter>
    </ClCompile>
    <ClCompile Include="IMaterialSlot.cpp">
      <Filter>Archivos de origen\OSKengine\RenderAPI\LowLevel\Material\Slot</Filter>
    </ClCompile>
    <ClCompile Include="MaterialSlotDx12.cpp">
      <Filter>Archivos de origen\OSKengine\RenderAPI\LowLevel\Material\Slot</Filter>
    </ClCompile>
    <ClCompile Include="MaterialInstance.cpp">
      <Filter>Archivos de origen\OSKengine\RenderAPI\HighLevel\Material</Filter>
    </ClCompile>
    <ClCompile Include="MaterialSlotVulkan.cpp">
      <Filter>Archivos de origen\OSKengine\RenderAPI\LowLevel\Material\Slot</Filter>
    </ClCompile>
    <ClCompile Include="ShaderBindingTypeVulkan.cpp">
      <Filter>Archivos de origen\OSKengine\RenderAPI\LowLevel\Pipeline\Shader</Filter>
    </ClCompile>
    <ClCompile Include="DescriptorLayoutVulkan.cpp">
      <Filter>Archivos de origen\OSKengine\RenderAPI\LowLevel\Material\Slot\Desc</Filter>
    </ClCompile>
    <ClCompile Include="DescriptorPoolVulkan.cpp">
      <Filter>Archivos de origen\OSKengine\RenderAPI\LowLevel\Material\Slot\Desc</Filter>
    </ClCompile>
    <ClCompile Include="IAsset.cpp">
      <Filter>Archivos de origen\OSKengine\Assets</Filter>
    </ClCompile>
    <ClCompile Include="IAssetLoader.cpp">
      <Filter>Archivos de origen\OSKengine\Assets</Filter>
    </ClCompile>
    <ClCompile Include="Texture.cpp">
      <Filter>Archivos de origen\OSKengine\Assets\Builtin</Filter>
    </ClCompile>
    <ClCompile Include="TextureLoader.cpp">
      <Filter>Archivos de origen\OSKengine\Assets\Loaders</Filter>
    </ClCompile>
    <ClCompile Include="AssetManager.cpp">
      <Filter>Archivos de origen\OSKengine\Assets</Filter>
    </ClCompile>
    <ClCompile Include="Model3D.cpp">
      <Filter>Archivos de origen\OSKengine\Assets\Builtin</Filter>
    </ClCompile>
    <ClCompile Include="ModelLoader3D.cpp">
      <Filter>Archivos de origen\OSKengine\Assets\Loaders</Filter>
    </ClCompile>
    <ClCompile Include="EntityComponentSystem.cpp">
      <Filter>Archivos de origen\OSKengine\ECS</Filter>
    </ClCompile>
    <ClCompile Include="ComponentManager.cpp">
      <Filter>Archivos de origen\OSKengine\ECS\Component</Filter>
    </ClCompile>
    <ClCompile Include="GameObjectManager.cpp">
      <Filter>Archivos de origen\OSKengine\ECS\GameObject</Filter>
    </ClCompile>
    <ClCompile Include="ISystem.cpp">
      <Filter>Archivos de origen\OSKengine\ECS\System</Filter>
    </ClCompile>
    <ClCompile Include="SystemManager.cpp">
      <Filter>Archivos de origen\OSKengine\ECS\System</Filter>
    </ClCompile>
    <ClCompile Include="Quaternion.cpp">
      <Filter>Archivos de origen\OSKengine\Types</Filter>
    </ClCompile>
    <ClCompile Include="FileIO.cpp">
      <Filter>Archivos de origen\OSKengine\IO</Filter>
    </ClCompile>
    <ClCompile Include="Logger.cpp">
      <Filter>Archivos de origen\OSKengine\IO</Filter>
    </ClCompile>
    <ClCompile Include="Transform3D.cpp">
      <Filter>Archivos de origen\OSKengine\ECS\Builtin\Transform3D</Filter>
    </ClCompile>
    <ClCompile Include="ModelComponent3D.cpp">
      <Filter>Archivos de origen\OSKengine\ECS\Builtin\Model3D</Filter>
    </ClCompile>
    <ClCompile Include="RenderSystem3D.cpp">
      <Filter>Archivos de origen\OSKengine\ECS\Builtin\Model3D</Filter>
    </ClCompile>
    <ClCompile Include="Game.cpp">
      <Filter>Archivos de origen\OSKengine</Filter>
    </ClCompile>
    <ClCompile Include="Memory.cpp">
      <Filter>Archivos de origen\OSKengine\Memory</Filter>
    </ClCompile>
    <ClCompile Include="CameraComponent3D.cpp">
      <Filter>Archivos de origen\OSKengine\ECS\Builtin\Camera</Filter>
    </ClCompile>
    <ClCompile Include="Mesh3D.cpp">
      <Filter>Archivos de origen\OSKengine\Assets\Builtin</Filter>
    </ClCompile>
    <ClCompile Include="CubemapTexture.cpp">
      <Filter>Archivos de origen\OSKengine\Assets\Builtin</Filter>
    </ClCompile>
    <ClCompile Include="CubemapTextureLoader.cpp">
      <Filter>Archivos de origen\OSKengine\Assets\Loaders</Filter>
    </ClCompile>
    <ClCompile Include="Vertex2D.cpp">
      <Filter>Archivos de origen\OSKengine\RenderAPI\LowLevel\Vertex</Filter>
    </ClCompile>
    <ClCompile Include="Vertex3D.cpp">
      <Filter>Archivos de origen\OSKengine\RenderAPI\LowLevel\Vertex</Filter>
    </ClCompile>
    <ClCompile Include="Transform2D.cpp">
      <Filter>Archivos de origen\OSKengine\ECS\Builtin\Transform2D</Filter>
    </ClCompile>
    <ClCompile Include="CameraComponent2D.cpp">
      <Filter>Archivos de origen\OSKengine\ECS\Builtin\Camera2D</Filter>
    </ClCompile>
    <ClCompile Include="Sprite.cpp">
      <Filter>Archivos de origen\OSKengine\ECS\Builtin\Sprite</Filter>
    </ClCompile>
    <ClCompile Include="RenderSystem2D.cpp">
      <Filter>Archivos de origen\OSKengine\ECS\Builtin\Sprite</Filter>
    </ClCompile>
    <ClCompile Include="FontInstance.cpp">
      <Filter>Archivos de origen\OSKengine\Assets\Builtin\Font</Filter>
    </ClCompile>
    <ClCompile Include="Font.cpp">
      <Filter>Archivos de origen\OSKengine\Assets\Builtin\Font</Filter>
    </ClCompile>
    <ClCompile Include="FontLoader.cpp">
      <Filter>Archivos de origen\OSKengine\Assets\Loaders</Filter>
    </ClCompile>
    <ClCompile Include="SpriteRenderer.cpp">
      <Filter>Archivos de origen\OSKengine\ECS\Builtin\Sprite</Filter>
    </ClCompile>
    <ClCompile Include="TextureCoordinates.cpp">
      <Filter>Archivos de origen\OSKengine\ECS\Builtin\Sprite</Filter>
    </ClCompile>
    <ClCompile Include="TerrainComponent.cpp">
      <Filter>Archivos de origen\OSKengine\ECS\Builtin\Terrain</Filter>
    </ClCompile>
    <ClCompile Include="TerrainRenderSystem.cpp">
      <Filter>Archivos de origen\OSKengine\ECS\Builtin\Terrain</Filter>
    </ClCompile>
    <ClCompile Include="UiElement.cpp">
      <Filter>Archivos de origen\OSKengine\UI</Filter>
    </ClCompile>
    <ClCompile Include="UiRenderer.cpp">
      <Filter>Archivos de origen\OSKengine\UI</Filter>
    </ClCompile>
    <ClCompile Include="InputManager.cpp">
      <Filter>Archivos de origen\OSKengine\IO</Filter>
    </ClCompile>
    <ClCompile Include="GamepadState.cpp">
      <Filter>Archivos de origen\OSKengine\IO</Filter>
    </ClCompile>
    <ClCompile Include="IInputListener.cpp">
      <Filter>Archivos de origen\OSKengine\IO</Filter>
    </ClCompile>
    <ClCompile Include="SpirvToHlsl.cpp">
      <Filter>Archivos de origen\OSKengine\RenderAPI\LowLevel\Pipeline\Graphics</Filter>
    </ClCompile>
    <ClCompile Include="HlslRuntimeCompiler.cpp">
      <Filter>Archivos de origen\OSKengine\RenderAPI\LowLevel\Pipeline\Graphics</Filter>
    </ClCompile>
    <ClCompile Include="WindowsUtils.cpp">
      <Filter>Archivos de origen\OSKengine\Util</Filter>
    </ClCompile>
    <ClCompile Include="GpuMemoryTypes.cpp">
      <Filter>Archivos de origen\OSKengine\RenderAPI\LowLevel\Memory\Enums</Filter>
    </ClCompile>
    <ClCompile Include="RtShaderTableVulkan.cpp">
      <Filter>Archivos de origen\OSKengine\RenderAPI\LowLevel\RT\ShaderTable</Filter>
    </ClCompile>
    <ClCompile Include="IPipelineVulkan.cpp">
      <Filter>Archivos de origen\OSKengine\RenderAPI\LowLevel\Pipeline\Pipeline</Filter>
    </ClCompile>
    <ClCompile Include="ShaderStages.cpp">
      <Filter>Archivos de origen\OSKengine\RenderAPI\LowLevel\Pipeline\Shader</Filter>
    </ClCompile>
    <ClCompile Include="RaytracingPipelineVulkan.cpp">
      <Filter>Archivos de origen\OSKengine\RenderAPI\LowLevel\Pipeline\Raytracing</Filter>
    </ClCompile>
    <ClCompile Include="IRaytracingPipeline.cpp">
      <Filter>Archivos de origen\OSKengine\RenderAPI\LowLevel\Pipeline\Raytracing</Filter>
    </ClCompile>
    <ClCompile Include="BottomLevelAccelerationStructureVulkan.cpp">
      <Filter>Archivos de origen\OSKengine\RenderAPI\LowLevel\RT\AS\BLAS</Filter>
    </ClCompile>
    <ClCompile Include="IBottomLevelAccelerationStructure.cpp">
      <Filter>Archivos de origen\OSKengine\RenderAPI\LowLevel\RT\AS\BLAS</Filter>
    </ClCompile>
    <ClCompile Include="ITopLevelAccelerationStructure.cpp">
      <Filter>Archivos de origen\OSKengine\RenderAPI\LowLevel\RT\AS\TLAS</Filter>
    </ClCompile>
    <ClCompile Include="PresentMode.cpp">
      <Filter>Archivos de origen\OSKengine\RenderAPI\HighLevel</Filter>
    </ClCompile>
    <ClCompile Include="TopLevelAccelerationStructureVulkan.cpp">
      <Filter>Archivos de origen\OSKengine\RenderAPI\LowLevel\RT\AS\TLAS</Filter>
    </ClCompile>
    <ClCompile Include="PbrDeferredRenderSystem.cpp">
      <Filter>Archivos de origen\OSKengine\ECS\Builtin\Model3D</Filter>
    </ClCompile>
    <ClCompile Include="IRenderSystem.cpp">
      <Filter>Archivos de origen\OSKengine\ECS\Builtin\Model3D</Filter>
    </ClCompile>
    <ClCompile Include="RenderTarget.cpp">
      <Filter>Archivos de origen\OSKengine\RenderAPI\HighLevel</Filter>
    </ClCompile>
    <ClCompile Include="IrradianceMap.cpp">
      <Filter>Archivos de origen\OSKengine\Assets\Builtin</Filter>
    </ClCompile>
    <ClCompile Include="IrradianceMapLoader.cpp">
      <Filter>Archivos de origen\OSKengine\Assets\Loaders</Filter>
    </ClCompile>
    <ClCompile Include="ShadowMap.cpp">
      <Filter>Archivos de origen\OSKengine\RenderAPI\HighLevel\PBR</Filter>
    </ClCompile>
    <ClCompile Include="IComputePipeline.cpp">
      <Filter>Archivos de origen\OSKengine\RenderAPI\LowLevel\Pipeline\Compute</Filter>
    </ClCompile>
    <ClCompile Include="ComputePipelineVulkan.cpp">
      <Filter>Archivos de origen\OSKengine\RenderAPI\LowLevel\Pipeline\Compute</Filter>
    </ClCompile>
  </ItemGroup>
  <ItemGroup>
    <ClInclude Include="KeyboardState.h">
      <Filter>Archivos de encabezado\OSKengine\IO</Filter>
    </ClInclude>
    <ClInclude Include="MouseState.h">
      <Filter>Archivos de encabezado\OSKengine\IO</Filter>
    </ClInclude>
    <ClInclude Include="Vector2.hpp">
      <Filter>Archivos de encabezado\OSKengine\Types</Filter>
    </ClInclude>
    <ClInclude Include="Vector3.hpp">
      <Filter>Archivos de encabezado\OSKengine\Types</Filter>
    </ClInclude>
    <ClInclude Include="Vector4.hpp">
      <Filter>Archivos de encabezado\OSKengine\Types</Filter>
    </ClInclude>
    <ClInclude Include="Window.h">
      <Filter>Archivos de encabezado\OSKengine\IO</Filter>
    </ClInclude>
    <ClInclude Include="OwnedPtr.h">
      <Filter>Archivos de encabezado\OSKengine\Memory</Filter>
    </ClInclude>
    <ClInclude Include="SharedPtr.hpp">
      <Filter>Archivos de encabezado\OSKengine\Memory</Filter>
    </ClInclude>
    <ClInclude Include="UniquePtr.hpp">
      <Filter>Archivos de encabezado\OSKengine\Memory</Filter>
    </ClInclude>
    <ClInclude Include="Assert.h">
      <Filter>Archivos de encabezado\OSKengine\Util</Filter>
    </ClInclude>
    <ClInclude Include="Version.h">
      <Filter>Archivos de encabezado\OSKengine\Util</Filter>
    </ClInclude>
    <ClInclude Include="IGpu.h">
      <Filter>Archivos de encabezado\OSKengine\RenderAPI\LowLevel\Gpu</Filter>
    </ClInclude>
    <ClInclude Include="IRenderer.h">
      <Filter>Archivos de encabezado\OSKengine\RenderAPI\LowLevel\Renderer</Filter>
    </ClInclude>
    <ClInclude Include="GpuDx12.h">
      <Filter>Archivos de encabezado\OSKengine\RenderAPI\LowLevel\Gpu</Filter>
    </ClInclude>
    <ClInclude Include="ICommandQueue.h">
      <Filter>Archivos de encabezado\OSKengine\RenderAPI\LowLevel\Commands\Queue</Filter>
    </ClInclude>
    <ClInclude Include="CommandQueueDx12.h">
      <Filter>Archivos de encabezado\OSKengine\RenderAPI\LowLevel\Commands\Queue</Filter>
    </ClInclude>
    <ClInclude Include="RendererDx12.h">
      <Filter>Archivos de encabezado\OSKengine\RenderAPI\LowLevel\Renderer</Filter>
    </ClInclude>
    <ClInclude Include="GpuVulkan.h">
      <Filter>Archivos de encabezado\OSKengine\RenderAPI\LowLevel\Gpu</Filter>
    </ClInclude>
    <ClInclude Include="CommandQueueVulkan.h">
      <Filter>Archivos de encabezado\OSKengine\RenderAPI\LowLevel\Commands\Queue</Filter>
    </ClInclude>
    <ClInclude Include="RendererVulkan.h">
      <Filter>Archivos de encabezado\OSKengine\RenderAPI\LowLevel\Renderer</Filter>
    </ClInclude>
    <ClInclude Include="QueueFamilyIndices.h">
      <Filter>Archivos de encabezado\OSKengine\RenderAPI\LowLevel\Commands\Queue</Filter>
    </ClInclude>
    <ClInclude Include="ICommandPool.h">
      <Filter>Archivos de encabezado\OSKengine\RenderAPI\LowLevel\Commands\Pool</Filter>
    </ClInclude>
    <ClInclude Include="CommandPoolDx12.h">
      <Filter>Archivos de encabezado\OSKengine\RenderAPI\LowLevel\Commands\Pool</Filter>
    </ClInclude>
    <ClInclude Include="ICommandList.h">
      <Filter>Archivos de encabezado\OSKengine\RenderAPI\LowLevel\Commands\List</Filter>
    </ClInclude>
    <ClInclude Include="CommandListDx12.h">
      <Filter>Archivos de encabezado\OSKengine\RenderAPI\LowLevel\Commands\List</Filter>
    </ClInclude>
    <ClInclude Include="CommandPoolVulkan.h">
      <Filter>Archivos de encabezado\OSKengine\RenderAPI\LowLevel\Commands\Pool</Filter>
    </ClInclude>
    <ClInclude Include="CommandListVulkan.h">
      <Filter>Archivos de encabezado\OSKengine\RenderAPI\LowLevel\Commands\List</Filter>
    </ClInclude>
    <ClInclude Include="ISwapchain.h">
      <Filter>Archivos de encabezado\OSKengine\RenderAPI\LowLevel\Swapchain</Filter>
    </ClInclude>
    <ClInclude Include="SwapchainDx12.h">
      <Filter>Archivos de encabezado\OSKengine\RenderAPI\LowLevel\Swapchain</Filter>
    </ClInclude>
    <ClInclude Include="SwapchainVulkan.h">
      <Filter>Archivos de encabezado\OSKengine\RenderAPI\LowLevel\Swapchain</Filter>
    </ClInclude>
    <ClInclude Include="ISyncDevice.h">
      <Filter>Archivos de encabezado\OSKengine\RenderAPI\LowLevel\Sync</Filter>
    </ClInclude>
    <ClInclude Include="SyncDeviceDx12.h">
      <Filter>Archivos de encabezado\OSKengine\RenderAPI\LowLevel\Sync</Filter>
    </ClInclude>
    <ClInclude Include="SyncDeviceVulkan.h">
      <Filter>Archivos de encabezado\OSKengine\RenderAPI\LowLevel\Sync</Filter>
    </ClInclude>
    <ClInclude Include="DynamicArray.hpp">
      <Filter>Archivos de encabezado\OSKengine\STD</Filter>
    </ClInclude>
    <ClInclude Include="LinkedList.hpp">
      <Filter>Archivos de encabezado\OSKengine\STD</Filter>
    </ClInclude>
    <ClInclude Include="IGpuMemoryAllocator.h">
      <Filter>Archivos de encabezado\OSKengine\RenderAPI\LowLevel\Memory\Allocator</Filter>
    </ClInclude>
    <ClInclude Include="IGpuMemoryBlock.h">
      <Filter>Archivos de encabezado\OSKengine\RenderAPI\LowLevel\Memory\Block</Filter>
    </ClInclude>
    <ClInclude Include="IGpuMemorySubblock.h">
      <Filter>Archivos de encabezado\OSKengine\RenderAPI\LowLevel\Memory\Subblock</Filter>
    </ClInclude>
    <ClInclude Include="GpuMemoryTypes.h">
      <Filter>Archivos de encabezado\OSKengine\RenderAPI\LowLevel\Memory\Enums</Filter>
    </ClInclude>
    <ClInclude Include="GpuMemoryTypeVulkan.h">
      <Filter>Archivos de encabezado\OSKengine\RenderAPI\LowLevel\Memory\Enums</Filter>
    </ClInclude>
    <ClInclude Include="GpuMemoryTypesDx12.h">
      <Filter>Archivos de encabezado\OSKengine\RenderAPI\LowLevel\Memory\Enums</Filter>
    </ClInclude>
    <ClInclude Include="GpuMemoryAllocatorDx12.h">
      <Filter>Archivos de encabezado\OSKengine\RenderAPI\LowLevel\Memory\Allocator</Filter>
    </ClInclude>
    <ClInclude Include="GpuMemoryBlockDx12.h">
      <Filter>Archivos de encabezado\OSKengine\RenderAPI\LowLevel\Memory\Block</Filter>
    </ClInclude>
    <ClInclude Include="GpuMemoryAllocatorVulkan.h">
      <Filter>Archivos de encabezado\OSKengine\RenderAPI\LowLevel\Memory\Allocator</Filter>
    </ClInclude>
    <ClInclude Include="GpuMemoryBlockVulkan.h">
      <Filter>Archivos de encabezado\OSKengine\RenderAPI\LowLevel\Memory\Block</Filter>
    </ClInclude>
    <ClInclude Include="HashMap.hpp">
      <Filter>Archivos de encabezado\OSKengine\STD</Filter>
    </ClInclude>
    <ClInclude Include="Pair.hpp">
      <Filter>Archivos de encabezado\OSKengine\STD</Filter>
    </ClInclude>
    <ClInclude Include="BitSet.hpp">
      <Filter>Archivos de encabezado\OSKengine\STD</Filter>
    </ClInclude>
    <ClInclude Include="GpuMemorySubblockVulkan.h">
      <Filter>Archivos de encabezado\OSKengine\RenderAPI\LowLevel\Memory\Subblock</Filter>
    </ClInclude>
    <ClInclude Include="IGpuDataBuffer.h">
      <Filter>Archivos de encabezado\OSKengine\RenderAPI\LowLevel\Resources</Filter>
    </ClInclude>
    <ClInclude Include="GpuMemorySubblockDx12.h">
      <Filter>Archivos de encabezado\OSKengine\RenderAPI\LowLevel\Memory\Subblock</Filter>
    </ClInclude>
    <ClInclude Include="Format.h">
      <Filter>Archivos de encabezado\OSKengine\RenderAPI\LowLevel\Resources\Image\Format</Filter>
    </ClInclude>
    <ClInclude Include="FormatDx12.h">
      <Filter>Archivos de encabezado\OSKengine\RenderAPI\LowLevel\Resources\Image\Format</Filter>
    </ClInclude>
    <ClInclude Include="FormatVulkan.h">
      <Filter>Archivos de encabezado\OSKengine\RenderAPI\LowLevel\Resources\Image\Format</Filter>
    </ClInclude>
    <ClInclude Include="GpuImageLayout.h">
      <Filter>Archivos de encabezado\OSKengine\RenderAPI\LowLevel\Resources\Image\Layout</Filter>
    </ClInclude>
    <ClInclude Include="GpuImageLayoutVulkan.h">
      <Filter>Archivos de encabezado\OSKengine\RenderAPI\LowLevel\Resources\Image\Layout</Filter>
    </ClInclude>
    <ClInclude Include="GpuImageLayoutDx12.h">
      <Filter>Archivos de encabezado\OSKengine\RenderAPI\LowLevel\Resources\Image\Layout</Filter>
    </ClInclude>
    <ClInclude Include="IGpuImage.h">
      <Filter>Archivos de encabezado\OSKengine\RenderAPI\LowLevel\Resources\Image\Image</Filter>
    </ClInclude>
    <ClInclude Include="GpuImageDx12.h">
      <Filter>Archivos de encabezado\OSKengine\RenderAPI\LowLevel\Resources\Image\Image</Filter>
    </ClInclude>
    <ClInclude Include="Color.hpp">
      <Filter>Archivos de encabezado\OSKengine\Types</Filter>
    </ClInclude>
    <ClInclude Include="IGpuVertexBuffer.h">
      <Filter>Archivos de encabezado\OSKengine\RenderAPI\LowLevel\Resources\Buffer\Vertex</Filter>
    </ClInclude>
    <ClInclude Include="GpuVertexBufferDx12.h">
      <Filter>Archivos de encabezado\OSKengine\RenderAPI\LowLevel\Resources\Buffer\Vertex</Filter>
    </ClInclude>
    <ClInclude Include="IGpuIndexBuffer.h">
      <Filter>Archivos de encabezado\OSKengine\RenderAPI\LowLevel\Resources\Buffer\Index</Filter>
    </ClInclude>
    <ClInclude Include="GpuIndexBufferDx12.h">
      <Filter>Archivos de encabezado\OSKengine\RenderAPI\LowLevel\Resources\Buffer\Index</Filter>
    </ClInclude>
    <ClInclude Include="GpuImageVulkan.h">
      <Filter>Archivos de encabezado\OSKengine\RenderAPI\LowLevel\Resources\Image\Image</Filter>
    </ClInclude>
    <ClInclude Include="GpuIndexBufferVulkan.h">
      <Filter>Archivos de encabezado\OSKengine\RenderAPI\LowLevel\Resources\Buffer\Index</Filter>
    </ClInclude>
    <ClInclude Include="RenderApiType.h">
      <Filter>Archivos de encabezado\OSKengine\RenderAPI\LowLevel</Filter>
    </ClInclude>
    <ClInclude Include="RenderpassType.h">
      <Filter>Archivos de encabezado\OSKengine\RenderAPI\LowLevel\Renderpass</Filter>
    </ClInclude>
    <ClInclude Include="GpuVertexBufferVulkan.h">
      <Filter>Archivos de encabezado\OSKengine\RenderAPI\LowLevel\Resources\Buffer\Vertex</Filter>
    </ClInclude>
    <ClInclude Include="GraphicsPipelineDx12.h">
      <Filter>Archivos de encabezado\OSKengine\RenderAPI\LowLevel\Pipeline\Graphics</Filter>
    </ClInclude>
    <ClInclude Include="GraphicsPipelineVulkan.h">
      <Filter>Archivos de encabezado\OSKengine\RenderAPI\LowLevel\Pipeline\Graphics</Filter>
    </ClInclude>
    <ClInclude Include="IGraphicsPipeline.h">
      <Filter>Archivos de encabezado\OSKengine\RenderAPI\LowLevel\Pipeline\Graphics</Filter>
    </ClInclude>
    <ClInclude Include="PipelineCreateInfo.h">
      <Filter>Archivos de encabezado\OSKengine\RenderAPI\LowLevel\Pipeline\Graphics</Filter>
    </ClInclude>
    <ClInclude Include="Viewport.h">
      <Filter>Archivos de encabezado\OSKengine\RenderAPI\LowLevel\Pipeline\Viewport</Filter>
    </ClInclude>
    <ClInclude Include="EnumFlags.hpp">
      <Filter>Archivos de encabezado\OSKengine\Util</Filter>
    </ClInclude>
    <ClInclude Include="IGpuUniformBuffer.h">
      <Filter>Archivos de encabezado\OSKengine\RenderAPI\LowLevel\Resources\Buffer\Uniform</Filter>
    </ClInclude>
    <ClInclude Include="GpuUniformBufferDx12.h">
      <Filter>Archivos de encabezado\OSKengine\RenderAPI\LowLevel\Resources\Buffer\Uniform</Filter>
    </ClInclude>
    <ClInclude Include="GpuUniformBufferVulkan.h">
      <Filter>Archivos de encabezado\OSKengine\RenderAPI\LowLevel\Resources\Buffer\Uniform</Filter>
    </ClInclude>
    <ClInclude Include="IPipelineLayout.h">
      <Filter>Archivos de encabezado\OSKengine\RenderAPI\LowLevel\Pipeline\Layout\Pipeline</Filter>
    </ClInclude>
    <ClInclude Include="PipelineLayoutDx12.h">
      <Filter>Archivos de encabezado\OSKengine\RenderAPI\LowLevel\Pipeline\Layout\Pipeline</Filter>
    </ClInclude>
    <ClInclude Include="PipelineLayoutVulkan.h">
      <Filter>Archivos de encabezado\OSKengine\RenderAPI\LowLevel\Pipeline\Layout\Pipeline</Filter>
    </ClInclude>
    <ClInclude Include="ShaderBindingType.h">
      <Filter>Archivos de encabezado\OSKengine\RenderAPI\LowLevel\Pipeline\Layout\Shader</Filter>
    </ClInclude>
    <ClInclude Include="MaterialSystem.h">
      <Filter>Archivos de encabezado\OSKengine\RenderAPI\HighLevel\Material</Filter>
    </ClInclude>
    <ClInclude Include="MaterialLayoutSlot.h">
      <Filter>Archivos de encabezado\OSKengine\RenderAPI\HighLevel\Material\Layout</Filter>
    </ClInclude>
    <ClInclude Include="MaterialLayoutBinding.h">
      <Filter>Archivos de encabezado\OSKengine\RenderAPI\HighLevel\Material\Layout</Filter>
    </ClInclude>
    <ClInclude Include="MaterialLayout.h">
      <Filter>Archivos de encabezado\OSKengine\RenderAPI\HighLevel\Material\Layout</Filter>
    </ClInclude>
    <ClInclude Include="IMaterialSlot.h">
      <Filter>Archivos de encabezado\OSKengine\RenderAPI\LowLevel\Material\Slot</Filter>
    </ClInclude>
    <ClInclude Include="MaterialSlotDx12.h">
      <Filter>Archivos de encabezado\OSKengine\RenderAPI\LowLevel\Material\Slot</Filter>
    </ClInclude>
    <ClInclude Include="Material.h">
      <Filter>Archivos de encabezado\OSKengine\RenderAPI\HighLevel\Material</Filter>
    </ClInclude>
    <ClInclude Include="MaterialSlotVulkan.h">
      <Filter>Archivos de encabezado\OSKengine\RenderAPI\LowLevel\Material\Slot</Filter>
    </ClInclude>
    <ClInclude Include="MaterialInstance.h">
      <Filter>Archivos de encabezado\OSKengine\RenderAPI\HighLevel\Material</Filter>
    </ClInclude>
    <ClInclude Include="DescriptorLayoutVulkan.h">
      <Filter>Archivos de encabezado\OSKengine\RenderAPI\LowLevel\Material\Slot\Desc</Filter>
    </ClInclude>
    <ClInclude Include="ShaderBindingTypeVulkan.h">
      <Filter>Archivos de encabezado\OSKengine\RenderAPI\LowLevel\Pipeline\Layout\Shader</Filter>
    </ClInclude>
    <ClInclude Include="DescriptorPoolVulkan.h">
      <Filter>Archivos de encabezado\OSKengine\RenderAPI\LowLevel\Material\Slot\Desc</Filter>
    </ClInclude>
    <ClInclude Include="IAsset.h">
      <Filter>Archivos de encabezado\OSKengine\Assets</Filter>
    </ClInclude>
    <ClInclude Include="IAssetLoader.h">
      <Filter>Archivos de encabezado\OSKengine\Assets</Filter>
    </ClInclude>
    <ClInclude Include="AssetManager.h">
      <Filter>Archivos de encabezado\OSKengine\Assets</Filter>
    </ClInclude>
    <ClInclude Include="Texture.h">
      <Filter>Archivos de encabezado\OSKengine\Assets\Builtin</Filter>
    </ClInclude>
    <ClInclude Include="TextureLoader.h">
      <Filter>Archivos de encabezado\OSKengine\Assets\Loaders</Filter>
    </ClInclude>
    <ClInclude Include="MaterialLayoutPushConstant.h">
      <Filter>Archivos de encabezado\OSKengine\RenderAPI\HighLevel\Material</Filter>
    </ClInclude>
    <ClInclude Include="Model3D.h">
      <Filter>Archivos de encabezado\OSKengine\Assets\Builtin</Filter>
    </ClInclude>
    <ClInclude Include="ModelLoader3D.h">
      <Filter>Archivos de encabezado\OSKengine\Assets\Loaders</Filter>
    </ClInclude>
    <ClInclude Include="ConstexprBitSet.hpp">
      <Filter>Archivos de encabezado\OSKengine\STD</Filter>
    </ClInclude>
    <ClInclude Include="Component.h">
      <Filter>Archivos de encabezado\OSKengine\ECS\Component</Filter>
    </ClInclude>
    <ClInclude Include="ComponentContainer.h">
      <Filter>Archivos de encabezado\OSKengine\ECS\Component</Filter>
    </ClInclude>
    <ClInclude Include="IComponentContainer.h">
      <Filter>Archivos de encabezado\OSKengine\ECS\Component</Filter>
    </ClInclude>
    <ClInclude Include="ComponentManager.h">
      <Filter>Archivos de encabezado\OSKengine\ECS\Component</Filter>
    </ClInclude>
    <ClInclude Include="GameObjectManager.h">
      <Filter>Archivos de encabezado\OSKengine\ECS\GameObject</Filter>
    </ClInclude>
    <ClInclude Include="GameObject.h">
      <Filter>Archivos de encabezado\OSKengine\ECS\GameObject</Filter>
    </ClInclude>
    <ClInclude Include="ISystem.h">
      <Filter>Archivos de encabezado\OSKengine\ECS\System</Filter>
    </ClInclude>
    <ClInclude Include="SystemManager.h">
      <Filter>Archivos de encabezado\OSKengine\ECS\System</Filter>
    </ClInclude>
    <ClInclude Include="EntityComponentSystem.h">
      <Filter>Archivos de encabezado\OSKengine\ECS</Filter>
    </ClInclude>
    <ClInclude Include="Quaternion.h">
      <Filter>Archivos de encabezado\OSKengine\Types</Filter>
    </ClInclude>
    <ClInclude Include="Logger.h">
      <Filter>Archivos de encabezado\OSKengine\IO</Filter>
    </ClInclude>
    <ClInclude Include="FileIO.h">
      <Filter>Archivos de encabezado\OSKengine\IO</Filter>
    </ClInclude>
    <ClInclude Include="Transform3D.h">
      <Filter>Archivos de encabezado\OSKengine\ECS\Builtin\Transform</Filter>
    </ClInclude>
    <ClInclude Include="ModelComponent3D.h">
      <Filter>Archivos de encabezado\OSKengine\ECS\Builtin\Model3D</Filter>
    </ClInclude>
    <ClInclude Include="RenderSystem3D.h">
      <Filter>Archivos de encabezado\OSKengine\ECS\Builtin\Model3D</Filter>
    </ClInclude>
    <ClInclude Include="Game.h">
      <Filter>Archivos de encabezado\OSKengine</Filter>
    </ClInclude>
    <ClInclude Include="OSKengine.h">
      <Filter>Archivos de encabezado\OSKengine</Filter>
    </ClInclude>
    <ClInclude Include="OSKmacros.h">
      <Filter>Archivos de encabezado\OSKengine</Filter>
    </ClInclude>
    <ClInclude Include="Game1.hpp">
      <Filter>Archivos de encabezado</Filter>
    </ClInclude>
    <ClInclude Include="Memory.h">
      <Filter>Archivos de encabezado\OSKengine\Memory</Filter>
    </ClInclude>
    <ClInclude Include="CameraComponent3D.h">
      <Filter>Archivos de encabezado\OSKengine\ECS\Builtin\Camera</Filter>
    </ClInclude>
    <ClInclude Include="MouseModes.h">
      <Filter>Archivos de encabezado\OSKengine\IO</Filter>
    </ClInclude>
    <ClInclude Include="Mesh3D.h">
      <Filter>Archivos de encabezado\OSKengine\Assets\Builtin</Filter>
    </ClInclude>
    <ClInclude Include="GpuImageSamplerDesc.h">
      <Filter>Archivos de encabezado\OSKengine\RenderAPI\LowLevel\Resources\Image\Sampler</Filter>
    </ClInclude>
    <ClInclude Include="CubemapTexture.h">
      <Filter>Archivos de encabezado\OSKengine\Assets\Builtin</Filter>
    </ClInclude>
    <ClInclude Include="CubemapTextureLoader.h">
      <Filter>Archivos de encabezado\OSKengine\Assets\Loaders</Filter>
    </ClInclude>
    <ClInclude Include="GpuImageDimensions.h">
      <Filter>Archivos de encabezado\OSKengine\RenderAPI\LowLevel\Resources\Image</Filter>
    </ClInclude>
    <ClInclude Include="GpuImageUsage.h">
      <Filter>Archivos de encabezado\OSKengine\RenderAPI\LowLevel\Resources\Image</Filter>
    </ClInclude>
    <ClInclude Include="IGpuVertexDescription.h">
      <Filter>Archivos de encabezado\OSKengine\RenderAPI\LowLevel\Vertex\Description</Filter>
    </ClInclude>
    <ClInclude Include="VertexInfo.h">
      <Filter>Archivos de encabezado\OSKengine\RenderAPI\LowLevel\Vertex\Description</Filter>
    </ClInclude>
    <ClInclude Include="GpuVertexDescriptionVulkan.h">
      <Filter>Archivos de encabezado\OSKengine\RenderAPI\LowLevel\Vertex\Description</Filter>
    </ClInclude>
    <ClInclude Include="Vertex.h">
      <Filter>Archivos de encabezado\OSKengine\RenderAPI\LowLevel\Vertex</Filter>
    </ClInclude>
    <ClInclude Include="Vertex2D.h">
      <Filter>Archivos de encabezado\OSKengine\RenderAPI\LowLevel\Vertex</Filter>
    </ClInclude>
    <ClInclude Include="Vertex3D.h">
      <Filter>Archivos de encabezado\OSKengine\RenderAPI\LowLevel\Vertex</Filter>
    </ClInclude>
    <ClInclude Include="PushConst2D.h">
      <Filter>Archivos de encabezado\OSKengine\RenderAPI\LowLevel\Vertex</Filter>
    </ClInclude>
    <ClInclude Include="Transform2D.h">
      <Filter>Archivos de encabezado\OSKengine\ECS\Builtin\Transform2D</Filter>
    </ClInclude>
    <ClInclude Include="CameraComponent2D.h">
      <Filter>Archivos de encabezado\OSKengine\ECS\Builtin\Camera2D</Filter>
    </ClInclude>
    <ClInclude Include="Sprite.h">
      <Filter>Archivos de encabezado\OSKengine\ECS\Builtin\Sprite</Filter>
    </ClInclude>
    <ClInclude Include="RenderSystem2D.h">
      <Filter>Archivos de encabezado\OSKengine\ECS\Builtin\Sprite</Filter>
    </ClInclude>
    <ClInclude Include="Font.h">
      <Filter>Archivos de encabezado\OSKengine\Assets\Builtin\Font</Filter>
    </ClInclude>
    <ClInclude Include="FontCharacter.h">
      <Filter>Archivos de encabezado\OSKengine\Assets\Builtin\Font</Filter>
    </ClInclude>
    <ClInclude Include="FontInstance.h">
      <Filter>Archivos de encabezado\OSKengine\Assets\Builtin\Font</Filter>
    </ClInclude>
    <ClInclude Include="FontLoader.h">
      <Filter>Archivos de encabezado\OSKengine\Assets\Loaders</Filter>
    </ClInclude>
    <ClInclude Include="Math.h">
      <Filter>Archivos de encabezado\OSKengine\Util</Filter>
    </ClInclude>
    <ClInclude Include="SpriteRenderer.h">
      <Filter>Archivos de encabezado\OSKengine\ECS\Builtin\Sprite</Filter>
    </ClInclude>
    <ClInclude Include="TextureCoordinates.h">
      <Filter>Archivos de encabezado\OSKengine\ECS\Builtin\Sprite</Filter>
    </ClInclude>
    <ClInclude Include="TerrainComponent.h">
      <Filter>Archivos de encabezado\OSKengine\ECS\Builtin\Terrain</Filter>
    </ClInclude>
    <ClInclude Include="TerrainRenderSystem.h">
      <Filter>Archivos de encabezado\OSKengine\ECS\Builtin\Terrain</Filter>
    </ClInclude>
    <ClInclude Include="UiElement.h">
      <Filter>Archivos de encabezado\OSKengine\UI</Filter>
    </ClInclude>
    <ClInclude Include="UiRenderer.h">
      <Filter>Archivos de encabezado\OSKengine\UI</Filter>
    </ClInclude>
    <ClInclude Include="IInputListener.h">
      <Filter>Archivos de encabezado\OSKengine\IO</Filter>
    </ClInclude>
    <ClInclude Include="InputManager.h">
      <Filter>Archivos de encabezado\OSKengine\IO</Filter>
    </ClInclude>
    <ClInclude Include="GamepadState.h">
      <Filter>Archivos de encabezado\OSKengine\IO</Filter>
    </ClInclude>
    <ClInclude Include="SpirvToHlsl.h">
      <Filter>Archivos de encabezado\OSKengine\RenderAPI\LowLevel\Pipeline\Graphics</Filter>
    </ClInclude>
    <ClInclude Include="HlslRuntimeCompiler.h">
      <Filter>Archivos de encabezado\OSKengine\RenderAPI\LowLevel\Pipeline\Graphics</Filter>
    </ClInclude>
    <ClInclude Include="WindowsUtils.h">
      <Filter>Archivos de encabezado\OSKengine\Util</Filter>
    </ClInclude>
    <ClInclude Include="ToString.h">
      <Filter>Archivos de encabezado\OSKengine\Util</Filter>
    </ClInclude>
    <ClInclude Include="IRtShaderTable.h">
      <Filter>Archivos de encabezado\OSKengine\RenderAPI\LowLevel\RT\ShaderTable</Filter>
    </ClInclude>
    <ClInclude Include="RtShaderTableVulkan.h">
      <Filter>Archivos de encabezado\OSKengine\RenderAPI\LowLevel\RT\ShaderTable</Filter>
    </ClInclude>
    <ClInclude Include="IPipelineVulkan.h">
      <Filter>Archivos de encabezado\OSKengine\RenderAPI\LowLevel\Pipeline\Pipeline</Filter>
    </ClInclude>
    <ClInclude Include="IRaytracingPipeline.h">
      <Filter>Archivos de encabezado\OSKengine\RenderAPI\LowLevel\Pipeline\Raytracing</Filter>
    </ClInclude>
    <ClInclude Include="RaytracingPipelineVulkan.h">
      <Filter>Archivos de encabezado\OSKengine\RenderAPI\LowLevel\Pipeline\Raytracing</Filter>
    </ClInclude>
    <ClInclude Include="IBottomLevelAccelerationStructure.h">
      <Filter>Archivos de encabezado\OSKengine\RenderAPI\LowLevel\RT\AS\BLAS</Filter>
    </ClInclude>
    <ClInclude Include="BottomLevelAccelerationStructureVulkan.h">
      <Filter>Archivos de encabezado\OSKengine\RenderAPI\LowLevel\RT\AS\BLAS</Filter>
    </ClInclude>
    <ClInclude Include="ITopLevelAccelerationStructure.h">
      <Filter>Archivos de encabezado\OSKengine\RenderAPI\LowLevel\RT\AS\TLAS</Filter>
    </ClInclude>
    <ClInclude Include="TopLevelAccelerationStructureVulkan.h">
      <Filter>Archivos de encabezado\OSKengine\RenderAPI\LowLevel\RT\AS\TLAS</Filter>
    </ClInclude>
    <ClInclude Include="PresentMode.h">
      <Filter>Archivos de encabezado\OSKengine\RenderAPI\HighLevel</Filter>
    </ClInclude>
    <ClInclude Include="PbrDeferredRenderSystem.h">
      <Filter>Archivos de encabezado\OSKengine\ECS\Builtin\Model3D</Filter>
    </ClInclude>
    <ClInclude Include="IRenderSystem.h">
      <Filter>Archivos de encabezado\OSKengine\ECS\Builtin\Model3D</Filter>
    </ClInclude>
    <ClInclude Include="RenderTarget.h">
      <Filter>Archivos de encabezado\OSKengine\RenderAPI\HighLevel</Filter>
    </ClInclude>
    <ClInclude Include="Lights.h">
      <Filter>Archivos de encabezado\OSKengine\RenderAPI\HighLevel\PBR</Filter>
    </ClInclude>
    <ClInclude Include="Doc__MaterialJson.h">
      <Filter>Doc</Filter>
    </ClInclude>
    <ClInclude Include="IrradianceMap.h">
      <Filter>Archivos de encabezado\OSKengine\Assets\Builtin</Filter>
    </ClInclude>
    <ClInclude Include="IrradianceMapLoader.h">
      <Filter>Archivos de encabezado\OSKengine\Assets\Loaders</Filter>
    </ClInclude>
    <ClInclude Include="ShadowMap.h">
      <Filter>Archivos de encabezado\OSKengine\RenderAPI\HighLevel\PBR</Filter>
    </ClInclude>
    <ClInclude Include="IComputePipeline.h">
      <Filter>Archivos de encabezado\OSKengine\RenderAPI\LowLevel\Pipeline\Compute</Filter>
    </ClInclude>
    <ClInclude Include="ComputePipelineVulkan.h">
      <Filter>Archivos de encabezado\OSKengine\RenderAPI\LowLevel\Pipeline\Compute</Filter>
    </ClInclude>
  </ItemGroup>
  <ItemGroup>
    <ResourceCompile Include="..\OSKengine\OSKengine.rc">
      <Filter>Archivos de recursos</Filter>
    </ResourceCompile>
  </ItemGroup>
  <ItemGroup>
    <Image Include="..\OSKengine\Resources\OSKengine_icon_lowres.ico">
      <Filter>Archivos de recursos</Filter>
    </Image>
    <Image Include="..\OSKengine\Resources\OSKengine_icon_lowres_16.ico">
      <Filter>Archivos de recursos</Filter>
    </Image>
    <Image Include="..\OSKengine\Resources\OSKengine_icon_lowres_32.ico">
      <Filter>Archivos de recursos</Filter>
    </Image>
    <Image Include="..\OSKengine\Resources\OSKengine_icon_lowres_48.ico">
      <Filter>Archivos de recursos</Filter>
    </Image>
    <Image Include="..\OSKengine\Resources\OSKengine_icon_lowres_64.ico">
      <Filter>Archivos de recursos</Filter>
    </Image>
  </ItemGroup>
</Project>